// !$*UTF8*$!
{
	archiveVersion = 1;
	classes = {
	};
	objectVersion = 45;
	objects = {

/* Begin PBXBuildFile section */
		084058627E5A44061C3A682A /* WindowsGDI.cpp in Sources */ = {isa = PBXBuildFile; fileRef = 6A2C6E7B5698015151684411 /* WindowsGDI.cpp */; };
		6D76321B69835C717CA323C7 /* libGWEN-Renderer-GDI.a in Frameworks */ = {isa = PBXBuildFile; fileRef = 38206D565B433D82549E4FF1 /* libGWEN-Renderer-GDI.a */; };
		3C1160EB5BCA1D9A34D63D4F /* libgwen_static.a in Frameworks */ = {isa = PBXBuildFile; fileRef = 5B0866522AD5005C54036404 /* libgwen_static.a */; };
		6D4921B427C46BCC1C7B55CF /* libunittest.a in Frameworks */ = {isa = PBXBuildFile; fileRef = 5210778B78D7636C4D347477 /* libunittest.a */; };
/* End PBXBuildFile section */

/* Begin PBXContainerItemProxy section */
		25DB1659710313C72DA14A56 /* PBXContainerItemProxy */ = {
			isa = PBXContainerItemProxy;
			containerPortal = 734445EF5D89141433DC17FC /* Renderer-GDI.xcodeproj */;
			proxyType = 2;
			remoteGlobalIDString = 6B7F61091BDB593E56FA7DC9;
			remoteInfo = "libGWEN-Renderer-GDI.a";
		};
		235E00FE0B642A0E5D687A85 /* PBXContainerItemProxy */ = {
			isa = PBXContainerItemProxy;
			containerPortal = 734445EF5D89141433DC17FC /* Renderer-GDI.xcodeproj */;
			proxyType = 1;
			remoteGlobalIDString = 24472F3F6571063D3FA64E30;
			remoteInfo = "libGWEN-Renderer-GDI.a";
		};
		2F255A2E53E3778816BD2564 /* PBXContainerItemProxy */ = {
			isa = PBXContainerItemProxy;
			containerPortal = 7F2002F95D3366E163B436D8 /* GWEN Static.xcodeproj */;
			proxyType = 2;
			remoteGlobalIDString = 249B3C9E0CA1339E1C062365;
			remoteInfo = "libgwen_static.a";
		};
		548A15F7047D0237481C2866 /* PBXContainerItemProxy */ = {
			isa = PBXContainerItemProxy;
			containerPortal = 7F2002F95D3366E163B436D8 /* GWEN Static.xcodeproj */;
			proxyType = 1;
			remoteGlobalIDString = 017A28D5536301897E987E15;
			remoteInfo = "libgwen_static.a";
		};
		3D103FD6122E165B36A733FD /* PBXContainerItemProxy */ = {
			isa = PBXContainerItemProxy;
			containerPortal = 4CC8295E218F42526A751F7A /* UnitTest.xcodeproj */;
			proxyType = 2;
			remoteGlobalIDString = 340D6B8B14D055F8170753F3;
			remoteInfo = "libunittest.a";
		};
		33385A0219A51A6406233222 /* PBXContainerItemProxy */ = {
			isa = PBXContainerItemProxy;
			containerPortal = 4CC8295E218F42526A751F7A /* UnitTest.xcodeproj */;
			proxyType = 1;
			remoteGlobalIDString = 33D34B752D3D628B749B22B1;
			remoteInfo = "libunittest.a";
		};
/* End PBXContainerItemProxy section */

/* Begin PBXFileReference section */
		6A2C6E7B5698015151684411 /* WindowsGDI.cpp */ = {isa = PBXFileReference; lastKnownFileType = sourcecode.cpp.cpp; name = "WindowsGDI.cpp"; path = "WindowsGDI.cpp"; sourceTree = "<group>"; };
		007413B52AF6435A2C243692 /* GDISample.app */ = {isa = PBXFileReference; explicitFileType = wrapper.application; includeInIndex = 0; name = "GDISample.app"; path = "GDISample.app"; sourceTree = BUILT_PRODUCTS_DIR; };
		734445EF5D89141433DC17FC /* Renderer-GDI.xcodeproj */ = {isa = PBXFileReference; lastKnownFileType = "wrapper.pb-project"; name = "Renderer-GDI.xcodeproj"; path = "Renderer-GDI.xcodeproj"; sourceTree = SOURCE_ROOT; };
		7F2002F95D3366E163B436D8 /* GWEN Static.xcodeproj */ = {isa = PBXFileReference; lastKnownFileType = "wrapper.pb-project"; name = "GWEN Static.xcodeproj"; path = "GWEN Static.xcodeproj"; sourceTree = SOURCE_ROOT; };
		4CC8295E218F42526A751F7A /* UnitTest.xcodeproj */ = {isa = PBXFileReference; lastKnownFileType = "wrapper.pb-project"; name = "UnitTest.xcodeproj"; path = "UnitTest.xcodeproj"; sourceTree = SOURCE_ROOT; };
/* End PBXFileReference section */

/* Begin PBXFrameworksBuildPhase section */
		2C4876CB47B72DC672947AEA /* Frameworks */ = {
			isa = PBXFrameworksBuildPhase;
			buildActionMask = 2147483647;
			files = (
				6D76321B69835C717CA323C7 /* libGWEN-Renderer-GDI.a in Frameworks */,
				3C1160EB5BCA1D9A34D63D4F /* libgwen_static.a in Frameworks */,
				6D4921B427C46BCC1C7B55CF /* libunittest.a in Frameworks */,
			);
			runOnlyForDeploymentPostprocessing = 0;
		};
/* End PBXFrameworksBuildPhase section */

/* Begin PBXGroup section */
		14BC5FAE28B830AA0D987EB2 /* Sample-WindowsGDI */ = {
			isa = PBXGroup;
			children = (
				2125703558B9734367D63C3C /* Samples */,
				56216893672C28C74E3577DF /* Products */,
				62F207B44CED7274334069E6 /* Projects */,
			);
			name = "Sample-WindowsGDI";
			sourceTree = "<group>";
		};
		2125703558B9734367D63C3C /* Samples */ = {
			isa = PBXGroup;
			children = (
				6C98470858A256C7426D1066 /* WindowsGDI */,
			);
			name = "Samples";
			path = ../../Samples;
			sourceTree = "<group>";
		};
		6C98470858A256C7426D1066 /* WindowsGDI */ = {
			isa = PBXGroup;
			children = (
				6A2C6E7B5698015151684411 /* WindowsGDI.cpp */,
			);
			name = "WindowsGDI";
			path = WindowsGDI;
			sourceTree = "<group>";
		};
		56216893672C28C74E3577DF /* Products */ = {
			isa = PBXGroup;
			children = (
				007413B52AF6435A2C243692 /* GDISample.app */,
			);
			name = "Products";
			sourceTree = "<group>";
		};
		62F207B44CED7274334069E6 /* Projects */ = {
			isa = PBXGroup;
			children = (
				734445EF5D89141433DC17FC /* Renderer-GDI.xcodeproj */,
				7F2002F95D3366E163B436D8 /* GWEN Static.xcodeproj */,
				4CC8295E218F42526A751F7A /* UnitTest.xcodeproj */,
			);
			name = "Projects";
			sourceTree = "<group>";
		};
		76397A6C4E5943B318312543 /* Products */ = {
			isa = PBXGroup;
			children = (
				38206D565B433D82549E4FF1 /* libGWEN-Renderer-GDI.a */,
			);
			name = Products;
			sourceTree = "<group>";
		};
		0D1B2E0C142D73A019B42C5D /* Products */ = {
			isa = PBXGroup;
			children = (
				5B0866522AD5005C54036404 /* libgwen_static.a */,
			);
			name = Products;
			sourceTree = "<group>";
		};
		533468DA55F80B1922397583 /* Products */ = {
			isa = PBXGroup;
			children = (
				5210778B78D7636C4D347477 /* libunittest.a */,
			);
			name = Products;
			sourceTree = "<group>";
		};
/* End PBXGroup section */

/* Begin PBXNativeTarget section */
		78D73D8C7C4F4B14688B3202 /* Sample-WindowsGDI */ = {
			isa = PBXNativeTarget;
			buildConfigurationList = 429B010909BA6C6934081C52 /* Build configuration list for PBXNativeTarget "Sample-WindowsGDI" */;
			buildPhases = (
				3B7155CF6074307B38F01CA3 /* Resources */,
				06452763156D54D341026883 /* Sources */,
				2C4876CB47B72DC672947AEA /* Frameworks */,
			);
			buildRules = (
			);
			dependencies = (
				0E23211C12A542DE57215141 /* PBXTargetDependency */,
				640904492FFF35AD3FA57061 /* PBXTargetDependency */,
				74E65B07554B78B74F3C62FD /* PBXTargetDependency */,
			);
			name = "Sample-WindowsGDI";
			productInstallPath = "$(HOME)/Applications";
			productName = "Sample-WindowsGDI";
			productReference = 007413B52AF6435A2C243692 /* GDISample.app */;
			productType = "com.apple.product-type.application";
		};
/* End PBXNativeTarget section */

/* Begin PBXProject section */
		08FB7793FE84155DC02AAC07 /* Project object */ = {
			isa = PBXProject;
			buildConfigurationList = 1DEB928908733DD80010E9CD /* Build configuration list for PBXProject "Sample-WindowsGDI" */;
			compatibilityVersion = "Xcode 3.1";
			hasScannedForEncodings = 1;
			mainGroup = 14BC5FAE28B830AA0D987EB2 /* Sample-WindowsGDI */;
			projectDirPath = "";
			projectReferences = (
				{
					ProductGroup = 76397A6C4E5943B318312543 /* Products */;
					ProjectRef = 734445EF5D89141433DC17FC /* Renderer-GDI.xcodeproj */;
				},
				{
					ProductGroup = 0D1B2E0C142D73A019B42C5D /* Products */;
					ProjectRef = 7F2002F95D3366E163B436D8 /* GWEN Static.xcodeproj */;
				},
				{
					ProductGroup = 533468DA55F80B1922397583 /* Products */;
					ProjectRef = 4CC8295E218F42526A751F7A /* UnitTest.xcodeproj */;
				},
			);
			projectRoot = "";
			targets = (
				78D73D8C7C4F4B14688B3202 /* GDISample.app */,
			);
		};
/* End PBXProject section */

/* Begin PBXReferenceProxy section */
		38206D565B433D82549E4FF1 /* libGWEN-Renderer-GDI.a */ = {
			isa = PBXReferenceProxy;
			fileType = archive.ar;
			path = "../../lib/xcode3/libGWEN-Renderer-GDI.a";
			remoteRef = 25DB1659710313C72DA14A56 /* PBXContainerItemProxy */;
			sourceTree = BUILT_PRODUCTS_DIR;
		};
		5B0866522AD5005C54036404 /* libgwen_static.a */ = {
			isa = PBXReferenceProxy;
			fileType = archive.ar;
			path = "../../lib/xcode3/libgwen_static.a";
			remoteRef = 2F255A2E53E3778816BD2564 /* PBXContainerItemProxy */;
			sourceTree = BUILT_PRODUCTS_DIR;
		};
		5210778B78D7636C4D347477 /* libunittest.a */ = {
			isa = PBXReferenceProxy;
			fileType = archive.ar;
			path = "../../lib/xcode3/libunittest.a";
			remoteRef = 3D103FD6122E165B36A733FD /* PBXContainerItemProxy */;
			sourceTree = BUILT_PRODUCTS_DIR;
		};
/* End PBXReferenceProxy section */

/* Begin PBXResourcesBuildPhase section */
		3B7155CF6074307B38F01CA3 /* Resources */ = {
			isa = PBXResourcesBuildPhase;
			buildActionMask = 2147483647;
			files = (
			);
			runOnlyForDeploymentPostprocessing = 0;
		};
/* End PBXResourcesBuildPhase section */

/* Begin PBXSourcesBuildPhase section */
		06452763156D54D341026883 /* Sources */ = {
			isa = PBXSourcesBuildPhase;
			buildActionMask = 2147483647;
			files = (
				084058627E5A44061C3A682A /* WindowsGDI.cpp in Sources */,
			);
			runOnlyForDeploymentPostprocessing = 0;
		};
/* End PBXSourcesBuildPhase section */

/* Begin PBXVariantGroup section */
/* End PBXVariantGroup section */

/* Begin PBXTargetDependency section */
		0E23211C12A542DE57215141 /* PBXTargetDependency */ = {
			isa = PBXTargetDependency;
			name = "libGWEN-Renderer-GDI.a";
			targetProxy = 235E00FE0B642A0E5D687A85 /* PBXContainerItemProxy */;
		};
		640904492FFF35AD3FA57061 /* PBXTargetDependency */ = {
			isa = PBXTargetDependency;
			name = "libgwen_static.a";
			targetProxy = 548A15F7047D0237481C2866 /* PBXContainerItemProxy */;
		};
		74E65B07554B78B74F3C62FD /* PBXTargetDependency */ = {
			isa = PBXTargetDependency;
			name = "libunittest.a";
			targetProxy = 33385A0219A51A6406233222 /* PBXContainerItemProxy */;
		};
/* End PBXTargetDependency section */

/* Begin XCBuildConfiguration section */
		132B76A866F73E6814EE38FC /* Release */ = {
			isa = XCBuildConfiguration;
			buildSettings = {
				ALWAYS_SEARCH_USER_PATHS = NO;
				CONFIGURATION_BUILD_DIR = ../../bin;
				GCC_DYNAMIC_NO_PIC = NO;
				GCC_MODEL_TUNING = G5;
				INSTALL_PATH = "$(HOME)/Applications";
				PRODUCT_NAME = "GDISample";
			};
			name = "Release";
		};
		2614567110CA2D202CEC4A52 /* Debug */ = {
			isa = XCBuildConfiguration;
			buildSettings = {
				ALWAYS_SEARCH_USER_PATHS = NO;
				CONFIGURATION_BUILD_DIR = ../../bin;
				GCC_DYNAMIC_NO_PIC = NO;
				GCC_MODEL_TUNING = G5;
				INSTALL_PATH = "$(HOME)/Applications";
				PRODUCT_NAME = "GDISample_D";
			};
			name = "Debug";
		};
		5B5B7856460E1C1914CE50DE /* Release */ = {
			isa = XCBuildConfiguration;
			buildSettings = {
				ARCHS = "$(NATIVE_ARCH_ACTUAL)";
				CONFIGURATION_BUILD_DIR = "$(SYMROOT)";
				CONFIGURATION_TEMP_DIR = "$(OBJROOT)";
				COPY_PHASE_STRIP = NO;
				GCC_C_LANGUAGE_STANDARD = gnu99;
				GCC_ENABLE_CPP_RTTI = NO;
				GCC_OPTIMIZATION_LEVEL = s;
				GCC_PREPROCESSOR_DEFINITIONS = (
					"NDEBUG",
				);
				GCC_SYMBOLS_PRIVATE_EXTERN = NO;
				GCC_WARN_ABOUT_RETURN_TYPE = YES;
				GCC_WARN_UNUSED_VARIABLE = YES;
				HEADER_SEARCH_PATHS = (
					"../../include",
				);
				LIBRARY_SEARCH_PATHS = (
					"../../lib",
					"../../lib/xcode3",
				);
				OBJROOT = "obj/Release/Sample-WindowsGDI";
				ONLY_ACTIVE_ARCH = NO;
				OTHER_CFLAGS = (
					"-ffast-math",
				);
				PREBINDING = NO;
				SYMROOT = "../../bin";
			};
			name = "Release";
		};
		0A3476FD0D454EBA6EE14C86 /* Debug */ = {
			isa = XCBuildConfiguration;
			buildSettings = {
				ARCHS = "$(NATIVE_ARCH_ACTUAL)";
				CONFIGURATION_BUILD_DIR = "$(SYMROOT)";
				CONFIGURATION_TEMP_DIR = "$(OBJROOT)";
				COPY_PHASE_STRIP = NO;
				GCC_C_LANGUAGE_STANDARD = gnu99;
				GCC_ENABLE_CPP_RTTI = NO;
				GCC_OPTIMIZATION_LEVEL = 0;
				GCC_PREPROCESSOR_DEFINITIONS = (
					"_DEBUG",
				);
				GCC_SYMBOLS_PRIVATE_EXTERN = NO;
				GCC_WARN_ABOUT_RETURN_TYPE = YES;
				GCC_WARN_UNUSED_VARIABLE = YES;
				HEADER_SEARCH_PATHS = (
					"../../include",
				);
				LIBRARY_SEARCH_PATHS = (
					"../../lib",
					"../../lib/xcode3",
				);
				OBJROOT = "obj/Debug/Sample-WindowsGDI";
				ONLY_ACTIVE_ARCH = YES;
				PREBINDING = NO;
				SYMROOT = "../../bin";
			};
			name = "Debug";
		};
/* End XCBuildConfiguration section */

/* Begin XCConfigurationList section */
		429B010909BA6C6934081C52 /* Build configuration list for PBXNativeTarget "GDISample.app" */ = {
			isa = XCConfigurationList;
			buildConfigurations = (
				132B76A866F73E6814EE38FC /* Release */,
				2614567110CA2D202CEC4A52 /* Debug */,
			);
			defaultConfigurationIsVisible = 0;
			defaultConfigurationName = "Release";
		};
		1DEB928908733DD80010E9CD /* Build configuration list for PBXProject "Sample-WindowsGDI" */ = {
			isa = XCConfigurationList;
			buildConfigurations = (
				5B5B7856460E1C1914CE50DE /* Release */,
				0A3476FD0D454EBA6EE14C86 /* Debug */,
			);
			defaultConfigurationIsVisible = 0;
			defaultConfigurationName = "Release";
		};
/* End XCConfigurationList section */

	};
	rootObject = 08FB7793FE84155DC02AAC07 /* Project object */;
}
