// !$*UTF8*$!
{
	archiveVersion = 1;
	classes = {
	};
	objectVersion = 45;
	objects = {

/* Begin PBXBuildFile section */
		1F1C7FBF0C4576D2747D3A7A /* SFML.cpp in Sources */ = {isa = PBXBuildFile; fileRef = 6A6148323EC61BE22F316DCB /* SFML.cpp */; };
/* End PBXBuildFile section */

/* Begin PBXFileReference section */
		6A6148323EC61BE22F316DCB /* SFML.cpp */ = {isa = PBXFileReference; lastKnownFileType = sourcecode.cpp.cpp; name = "SFML.cpp"; path = "SFML.cpp"; sourceTree = "<group>"; };
		50373EE268C35FE558D95CE0 /* libGWEN-Renderer-SFML.a */ = {isa = PBXFileReference; explicitFileType = archive.ar; includeInIndex = 0; name = "libGWEN-Renderer-SFML.a"; path = "libGWEN-Renderer-SFML.a"; sourceTree = BUILT_PRODUCTS_DIR; };
/* End PBXFileReference section */

/* Begin PBXFrameworksBuildPhase section */
		4ABB49C4796C381857595B35 /* Frameworks */ = {
			isa = PBXFrameworksBuildPhase;
			buildActionMask = 2147483647;
			files = (
			);
			runOnlyForDeploymentPostprocessing = 0;
		};
/* End PBXFrameworksBuildPhase section */

/* Begin PBXGroup section */
		2EE438595B210EC153A60A99 /* Renderer-SFML */ = {
			isa = PBXGroup;
			children = (
				26085F546B5B4F753ACC6147 /* renderers */,
				06BB75BC621912D379620CEE /* Products */,
			);
			name = "Renderer-SFML";
			sourceTree = "<group>";
		};
		26085F546B5B4F753ACC6147 /* renderers */ = {
			isa = PBXGroup;
			children = (
				66021A3975927DFC4E0B37E9 /* SFML */,
			);
			name = "renderers";
			path = ../../renderers;
			sourceTree = "<group>";
		};
		66021A3975927DFC4E0B37E9 /* SFML */ = {
			isa = PBXGroup;
			children = (
				6A6148323EC61BE22F316DCB /* SFML.cpp */,
			);
			name = "SFML";
			path = SFML;
			sourceTree = "<group>";
		};
		06BB75BC621912D379620CEE /* Products */ = {
			isa = PBXGroup;
			children = (
				50373EE268C35FE558D95CE0 /* libGWEN-Renderer-SFML.a */,
			);
			name = "Products";
			sourceTree = "<group>";
		};
/* End PBXGroup section */

/* Begin PBXNativeTarget section */
		265322D55672651F0DC06253 /* Renderer-SFML */ = {
			isa = PBXNativeTarget;
			buildConfigurationList = 285310F62FCB6D8038721358 /* Build configuration list for PBXNativeTarget "Renderer-SFML" */;
			buildPhases = (
				37A33341309A2AE25C3F41FB /* Resources */,
				53FC0251007907F8534954DD /* Sources */,
				4ABB49C4796C381857595B35 /* Frameworks */,
			);
			buildRules = (
			);
			dependencies = (
			);
			name = "Renderer-SFML";
			productName = "Renderer-SFML";
			productReference = 50373EE268C35FE558D95CE0 /* libGWEN-Renderer-SFML.a */;
			productType = "com.apple.product-type.library.static";
		};
/* End PBXNativeTarget section */

/* Begin PBXProject section */
		08FB7793FE84155DC02AAC07 /* Project object */ = {
			isa = PBXProject;
			buildConfigurationList = 1DEB928908733DD80010E9CD /* Build configuration list for PBXProject "Renderer-SFML" */;
			compatibilityVersion = "Xcode 3.1";
			hasScannedForEncodings = 1;
			mainGroup = 2EE438595B210EC153A60A99 /* Renderer-SFML */;
			projectDirPath = "";
			projectRoot = "";
			targets = (
				265322D55672651F0DC06253 /* libGWEN-Renderer-SFML.a */,
			);
		};
/* End PBXProject section */

/* Begin PBXResourcesBuildPhase section */
		37A33341309A2AE25C3F41FB /* Resources */ = {
			isa = PBXResourcesBuildPhase;
			buildActionMask = 2147483647;
			files = (
			);
			runOnlyForDeploymentPostprocessing = 0;
		};
/* End PBXResourcesBuildPhase section */

/* Begin PBXSourcesBuildPhase section */
		53FC0251007907F8534954DD /* Sources */ = {
			isa = PBXSourcesBuildPhase;
			buildActionMask = 2147483647;
			files = (
				1F1C7FBF0C4576D2747D3A7A /* SFML.cpp in Sources */,
			);
			runOnlyForDeploymentPostprocessing = 0;
		};
/* End PBXSourcesBuildPhase section */

/* Begin PBXVariantGroup section */
/* End PBXVariantGroup section */

/* Begin XCBuildConfiguration section */
		33A64BA87CF0549B44C121C7 /* Release */ = {
			isa = XCBuildConfiguration;
			buildSettings = {
				ALWAYS_SEARCH_USER_PATHS = NO;
				CONFIGURATION_BUILD_DIR = ../../lib/xcode3;
				GCC_DYNAMIC_NO_PIC = NO;
				GCC_MODEL_TUNING = G5;
				INSTALL_PATH = /usr/local/lib;
				PRODUCT_NAME = "GWEN-Renderer-SFML";
			};
			name = "Release";
		};
		4E3673526DAA620A396239E0 /* Debug */ = {
			isa = XCBuildConfiguration;
			buildSettings = {
				ALWAYS_SEARCH_USER_PATHS = NO;
				CONFIGURATION_BUILD_DIR = ../../lib/xcode3;
				GCC_DYNAMIC_NO_PIC = NO;
				GCC_MODEL_TUNING = G5;
				INSTALL_PATH = /usr/local/lib;
				PRODUCT_NAME = "GWEN-Renderer-SFML";
			};
			name = "Debug";
		};
		097D007451F7382A3B8E7CDB /* Release */ = {
			isa = XCBuildConfiguration;
			buildSettings = {
				ARCHS = "$(NATIVE_ARCH_ACTUAL)";
				CONFIGURATION_BUILD_DIR = "$(SYMROOT)";
				CONFIGURATION_TEMP_DIR = "$(OBJROOT)";
				COPY_PHASE_STRIP = NO;
				GCC_C_LANGUAGE_STANDARD = gnu99;
				GCC_OPTIMIZATION_LEVEL = s;
				GCC_PREPROCESSOR_DEFINITIONS = (
					"NDEBUG",
				);
				GCC_SYMBOLS_PRIVATE_EXTERN = NO;
				GCC_WARN_ABOUT_RETURN_TYPE = YES;
				GCC_WARN_UNUSED_VARIABLE = YES;
				HEADER_SEARCH_PATHS = (
					"../../include",
				);
				LIBRARY_SEARCH_PATHS = (
					"../../lib",
					"../../lib/xcode3",
				);
				OBJROOT = "obj/Release/Renderer-SFML";
				ONLY_ACTIVE_ARCH = NO;
				OTHER_CFLAGS = (
					"-ffast-math",
				);
				PREBINDING = NO;
				SYMROOT = "../../lib/xcode3";
			};
			name = "Release";
		};
		79013D40614D01B61DFF270A /* Debug */ = {
			isa = XCBuildConfiguration;
			buildSettings = {
				ARCHS = "$(NATIVE_ARCH_ACTUAL)";
				CONFIGURATION_BUILD_DIR = "$(SYMROOT)";
				CONFIGURATION_TEMP_DIR = "$(OBJROOT)";
				COPY_PHASE_STRIP = NO;
				GCC_C_LANGUAGE_STANDARD = gnu99;
				GCC_OPTIMIZATION_LEVEL = 0;
				GCC_PREPROCESSOR_DEFINITIONS = (
					"_DEBUG",
				);
				GCC_SYMBOLS_PRIVATE_EXTERN = NO;
				GCC_WARN_ABOUT_RETURN_TYPE = YES;
				GCC_WARN_UNUSED_VARIABLE = YES;
				HEADER_SEARCH_PATHS = (
					"../../include",
				);
				LIBRARY_SEARCH_PATHS = (
					"../../lib",
					"../../lib/xcode3",
				);
				OBJROOT = "obj/Debug/Renderer-SFML";
				ONLY_ACTIVE_ARCH = YES;
				PREBINDING = NO;
				SYMROOT = "../../lib/xcode3";
			};
			name = "Debug";
		};
/* End XCBuildConfiguration section */

/* Begin XCConfigurationList section */
		285310F62FCB6D8038721358 /* Build configuration list for PBXNativeTarget "libGWEN-Renderer-SFML.a" */ = {
			isa = XCConfigurationList;
			buildConfigurations = (
				33A64BA87CF0549B44C121C7 /* Release */,
				4E3673526DAA620A396239E0 /* Debug */,
			);
			defaultConfigurationIsVisible = 0;
			defaultConfigurationName = "Release";
		};
		1DEB928908733DD80010E9CD /* Build configuration list for PBXProject "Renderer-SFML" */ = {
			isa = XCConfigurationList;
			buildConfigurations = (
				097D007451F7382A3B8E7CDB /* Release */,
				79013D40614D01B61DFF270A /* Debug */,
			);
			defaultConfigurationIsVisible = 0;
			defaultConfigurationName = "Release";
		};
/* End XCConfigurationList section */

	};
	rootObject = 08FB7793FE84155DC02AAC07 /* Project object */;
}
