// !$*UTF8*$!
{
	archiveVersion = 1;
	classes = {
	};
	objectVersion = 45;
	objects = {

/* Begin PBXBuildFile section */
		545E59AE51E32A0613C722BA /* OpenGLSample.cpp in Sources */ = {isa = PBXBuildFile; fileRef = 15E4509E4FAA498A28D04E7F /* OpenGLSample.cpp */; };
		326B5A201A29284378462A75 /* libGWEN-Renderer-OpenGL_DebugFont.a in Frameworks */ = {isa = PBXBuildFile; fileRef = 7AD876DB261111E0788B42F4 /* libGWEN-Renderer-OpenGL_DebugFont.a */; };
		5F56312F6D2D51C412B61A6D /* libgwen_static.a in Frameworks */ = {isa = PBXBuildFile; fileRef = 440B02100AA621A320651721 /* libgwen_static.a */; };
		652F529376CC57A3548927C3 /* libunittest.a in Frameworks */ = {isa = PBXBuildFile; fileRef = 255E7DC8100A20F3089E6E16 /* libunittest.a */; };
/* End PBXBuildFile section */

/* Begin PBXContainerItemProxy section */
		54673C2674A10DB705D27297 /* PBXContainerItemProxy */ = {
			isa = PBXContainerItemProxy;
			containerPortal = 18B1420267A530A60BDB6BC5 /* Renderer-OpenGL_DebugFont.xcodeproj */;
			proxyType = 2;
			remoteGlobalIDString = 5FFE0B0006B861095E9B2181;
			remoteInfo = "libGWEN-Renderer-OpenGL_DebugFont.a";
		};
		0F7827F806FB4E9E6F2576EE /* PBXContainerItemProxy */ = {
			isa = PBXContainerItemProxy;
			containerPortal = 18B1420267A530A60BDB6BC5 /* Renderer-OpenGL_DebugFont.xcodeproj */;
			proxyType = 1;
			remoteGlobalIDString = 426A0D8E227540FB4D2D32F7;
			remoteInfo = "libGWEN-Renderer-OpenGL_DebugFont.a";
		};
		628A76311AAB1A9E6F8F5B93 /* PBXContainerItemProxy */ = {
			isa = PBXContainerItemProxy;
			containerPortal = 39AF355D3632484943B32E13 /* GWEN Static.xcodeproj */;
			proxyType = 2;
			remoteGlobalIDString = 30942C0E382128152C9C2F14;
			remoteInfo = "libgwen_static.a";
		};
		5B7342BD001336A22EAE7D16 /* PBXContainerItemProxy */ = {
			isa = PBXContainerItemProxy;
			containerPortal = 39AF355D3632484943B32E13 /* GWEN Static.xcodeproj */;
			proxyType = 1;
			remoteGlobalIDString = 0FF92B0E7C6E4CA74A6313A8;
			remoteInfo = "libgwen_static.a";
		};
		348571C624D710D32C432EF9 /* PBXContainerItemProxy */ = {
			isa = PBXContainerItemProxy;
			containerPortal = 1F8E078C44E25AA1671273E7 /* UnitTest.xcodeproj */;
			proxyType = 2;
			remoteGlobalIDString = 075E38DE4CEB6BCB40042AFE;
			remoteInfo = "libunittest.a";
		};
		0E344720327320673037776F /* PBXContainerItemProxy */ = {
			isa = PBXContainerItemProxy;
			containerPortal = 1F8E078C44E25AA1671273E7 /* UnitTest.xcodeproj */;
			proxyType = 1;
			remoteGlobalIDString = 048E74110DE230933C7D2F7A;
			remoteInfo = "libunittest.a";
		};
/* End PBXContainerItemProxy section */

/* Begin PBXFileReference section */
		15E4509E4FAA498A28D04E7F /* OpenGLSample.cpp */ = {isa = PBXFileReference; lastKnownFileType = sourcecode.cpp.cpp; name = "OpenGLSample.cpp"; path = "OpenGLSample.cpp"; sourceTree = "<group>"; };
		7815745037C6019E71595C90 /* OpenGLDebugFontSample.app */ = {isa = PBXFileReference; explicitFileType = wrapper.application; includeInIndex = 0; name = "OpenGLDebugFontSample.app"; path = "OpenGLDebugFontSample.app"; sourceTree = BUILT_PRODUCTS_DIR; };
		18B1420267A530A60BDB6BC5 /* Renderer-OpenGL_DebugFont.xcodeproj */ = {isa = PBXFileReference; lastKnownFileType = "wrapper.pb-project"; name = "Renderer-OpenGL_DebugFont.xcodeproj"; path = "Renderer-OpenGL_DebugFont.xcodeproj"; sourceTree = SOURCE_ROOT; };
		39AF355D3632484943B32E13 /* GWEN Static.xcodeproj */ = {isa = PBXFileReference; lastKnownFileType = "wrapper.pb-project"; name = "GWEN Static.xcodeproj"; path = "GWEN Static.xcodeproj"; sourceTree = SOURCE_ROOT; };
		1F8E078C44E25AA1671273E7 /* UnitTest.xcodeproj */ = {isa = PBXFileReference; lastKnownFileType = "wrapper.pb-project"; name = "UnitTest.xcodeproj"; path = "UnitTest.xcodeproj"; sourceTree = SOURCE_ROOT; };
/* End PBXFileReference section */

/* Begin PBXFrameworksBuildPhase section */
		772E3BDA26AB286D5676049F /* Frameworks */ = {
			isa = PBXFrameworksBuildPhase;
			buildActionMask = 2147483647;
			files = (
				326B5A201A29284378462A75 /* libGWEN-Renderer-OpenGL_DebugFont.a in Frameworks */,
				5F56312F6D2D51C412B61A6D /* libgwen_static.a in Frameworks */,
				652F529376CC57A3548927C3 /* libunittest.a in Frameworks */,
			);
			runOnlyForDeploymentPostprocessing = 0;
		};
/* End PBXFrameworksBuildPhase section */

/* Begin PBXGroup section */
		092F2455291F274219C20433 /* Sample-OpenGL_DebugFont */ = {
			isa = PBXGroup;
			children = (
				24FE707459FF794A0895505B /* Samples */,
				6931740B502F3F5C39FD38D1 /* Products */,
				5A9D1B10262125DC71576697 /* Projects */,
			);
			name = "Sample-OpenGL_DebugFont";
			sourceTree = "<group>";
		};
		24FE707459FF794A0895505B /* Samples */ = {
			isa = PBXGroup;
			children = (
				2084604D5C1A136618D74439 /* OpenGL */,
			);
			name = "Samples";
			path = ../../Samples;
			sourceTree = "<group>";
		};
		2084604D5C1A136618D74439 /* OpenGL */ = {
			isa = PBXGroup;
			children = (
				15E4509E4FAA498A28D04E7F /* OpenGLSample.cpp */,
			);
			name = "OpenGL";
			path = OpenGL;
			sourceTree = "<group>";
		};
		6931740B502F3F5C39FD38D1 /* Products */ = {
			isa = PBXGroup;
			children = (
				7815745037C6019E71595C90 /* OpenGLDebugFontSample.app */,
			);
			name = "Products";
			sourceTree = "<group>";
		};
		5A9D1B10262125DC71576697 /* Projects */ = {
			isa = PBXGroup;
			children = (
				18B1420267A530A60BDB6BC5 /* Renderer-OpenGL_DebugFont.xcodeproj */,
				39AF355D3632484943B32E13 /* GWEN Static.xcodeproj */,
				1F8E078C44E25AA1671273E7 /* UnitTest.xcodeproj */,
			);
			name = "Projects";
			sourceTree = "<group>";
		};
		74B30053710D153F71F73A92 /* Products */ = {
			isa = PBXGroup;
			children = (
				7AD876DB261111E0788B42F4 /* libGWEN-Renderer-OpenGL_DebugFont.a */,
			);
			name = Products;
			sourceTree = "<group>";
		};
		18D14EC172E66FC84BA05550 /* Products */ = {
			isa = PBXGroup;
			children = (
				440B02100AA621A320651721 /* libgwen_static.a */,
			);
			name = Products;
			sourceTree = "<group>";
		};
		0C46705F07947CA71DCB67FB /* Products */ = {
			isa = PBXGroup;
			children = (
				255E7DC8100A20F3089E6E16 /* libunittest.a */,
			);
			name = Products;
			sourceTree = "<group>";
		};
/* End PBXGroup section */

/* Begin PBXNativeTarget section */
		4524406C547757E05B7A01D9 /* Sample-OpenGL_DebugFont */ = {
			isa = PBXNativeTarget;
			buildConfigurationList = 17C574625B90662820655452 /* Build configuration list for PBXNativeTarget "Sample-OpenGL_DebugFont" */;
			buildPhases = (
				7E9223EB250475F84F5443C8 /* Resources */,
				7540430C46FC776264FD4573 /* Sources */,
				772E3BDA26AB286D5676049F /* Frameworks */,
			);
			buildRules = (
			);
			dependencies = (
				74650ABD73F26A490D527E3E /* PBXTargetDependency */,
				11292E3C058E04A306341B42 /* PBXTargetDependency */,
				72BE2F1D4B8B2C5227BF5C61 /* PBXTargetDependency */,
			);
			name = "Sample-OpenGL_DebugFont";
			productInstallPath = "$(HOME)/Applications";
			productName = "Sample-OpenGL_DebugFont";
			productReference = 7815745037C6019E71595C90 /* OpenGLDebugFontSample.app */;
			productType = "com.apple.product-type.application";
		};
/* End PBXNativeTarget section */

/* Begin PBXProject section */
		08FB7793FE84155DC02AAC07 /* Project object */ = {
			isa = PBXProject;
			buildConfigurationList = 1DEB928908733DD80010E9CD /* Build configuration list for PBXProject "Sample-OpenGL_DebugFont" */;
			compatibilityVersion = "Xcode 3.1";
			hasScannedForEncodings = 1;
			mainGroup = 092F2455291F274219C20433 /* Sample-OpenGL_DebugFont */;
			projectDirPath = "";
			projectReferences = (
				{
					ProductGroup = 74B30053710D153F71F73A92 /* Products */;
					ProjectRef = 18B1420267A530A60BDB6BC5 /* Renderer-OpenGL_DebugFont.xcodeproj */;
				},
				{
					ProductGroup = 18D14EC172E66FC84BA05550 /* Products */;
					ProjectRef = 39AF355D3632484943B32E13 /* GWEN Static.xcodeproj */;
				},
				{
					ProductGroup = 0C46705F07947CA71DCB67FB /* Products */;
					ProjectRef = 1F8E078C44E25AA1671273E7 /* UnitTest.xcodeproj */;
				},
			);
			projectRoot = "";
			targets = (
				4524406C547757E05B7A01D9 /* OpenGLDebugFontSample.app */,
			);
		};
/* End PBXProject section */

/* Begin PBXReferenceProxy section */
		7AD876DB261111E0788B42F4 /* libGWEN-Renderer-OpenGL_DebugFont.a */ = {
			isa = PBXReferenceProxy;
			fileType = archive.ar;
			path = "../../lib/xcode4/libGWEN-Renderer-OpenGL_DebugFont.a";
			remoteRef = 54673C2674A10DB705D27297 /* PBXContainerItemProxy */;
			sourceTree = BUILT_PRODUCTS_DIR;
		};
		440B02100AA621A320651721 /* libgwen_static.a */ = {
			isa = PBXReferenceProxy;
			fileType = archive.ar;
			path = "../../lib/xcode4/libgwen_static.a";
			remoteRef = 628A76311AAB1A9E6F8F5B93 /* PBXContainerItemProxy */;
			sourceTree = BUILT_PRODUCTS_DIR;
		};
		255E7DC8100A20F3089E6E16 /* libunittest.a */ = {
			isa = PBXReferenceProxy;
			fileType = archive.ar;
			path = "../../lib/xcode4/libunittest.a";
			remoteRef = 348571C624D710D32C432EF9 /* PBXContainerItemProxy */;
			sourceTree = BUILT_PRODUCTS_DIR;
		};
/* End PBXReferenceProxy section */

/* Begin PBXResourcesBuildPhase section */
		7E9223EB250475F84F5443C8 /* Resources */ = {
			isa = PBXResourcesBuildPhase;
			buildActionMask = 2147483647;
			files = (
			);
			runOnlyForDeploymentPostprocessing = 0;
		};
/* End PBXResourcesBuildPhase section */

/* Begin PBXSourcesBuildPhase section */
		7540430C46FC776264FD4573 /* Sources */ = {
			isa = PBXSourcesBuildPhase;
			buildActionMask = 2147483647;
			files = (
				545E59AE51E32A0613C722BA /* OpenGLSample.cpp in Sources */,
			);
			runOnlyForDeploymentPostprocessing = 0;
		};
/* End PBXSourcesBuildPhase section */

/* Begin PBXVariantGroup section */
/* End PBXVariantGroup section */

/* Begin PBXTargetDependency section */
		74650ABD73F26A490D527E3E /* PBXTargetDependency */ = {
			isa = PBXTargetDependency;
			name = "libGWEN-Renderer-OpenGL_DebugFont.a";
			targetProxy = 0F7827F806FB4E9E6F2576EE /* PBXContainerItemProxy */;
		};
		11292E3C058E04A306341B42 /* PBXTargetDependency */ = {
			isa = PBXTargetDependency;
			name = "libgwen_static.a";
			targetProxy = 5B7342BD001336A22EAE7D16 /* PBXContainerItemProxy */;
		};
		72BE2F1D4B8B2C5227BF5C61 /* PBXTargetDependency */ = {
			isa = PBXTargetDependency;
			name = "libunittest.a";
			targetProxy = 0E344720327320673037776F /* PBXContainerItemProxy */;
		};
/* End PBXTargetDependency section */

/* Begin XCBuildConfiguration section */
		03023E512ED45D2A5CF95DCA /* Release */ = {
			isa = XCBuildConfiguration;
			buildSettings = {
				ALWAYS_SEARCH_USER_PATHS = NO;
				CONFIGURATION_BUILD_DIR = ../../bin;
				GCC_DYNAMIC_NO_PIC = NO;
				GCC_MODEL_TUNING = G5;
				INSTALL_PATH = "$(HOME)/Applications";
				PRODUCT_NAME = "OpenGLDebugFontSample";
			};
			name = "Release";
		};
		6B726DCD32BA342662BC141B /* Debug */ = {
			isa = XCBuildConfiguration;
			buildSettings = {
				ALWAYS_SEARCH_USER_PATHS = NO;
				CONFIGURATION_BUILD_DIR = ../../bin;
				GCC_DYNAMIC_NO_PIC = NO;
				GCC_MODEL_TUNING = G5;
				INSTALL_PATH = "$(HOME)/Applications";
				PRODUCT_NAME = "OpenGLDebugFontSample_D";
			};
			name = "Debug";
		};
		388A36DF5D935C0F41BF0275 /* Release */ = {
			isa = XCBuildConfiguration;
			buildSettings = {
				ARCHS = "$(NATIVE_ARCH_ACTUAL)";
				CONFIGURATION_BUILD_DIR = "$(SYMROOT)";
				CONFIGURATION_TEMP_DIR = "$(OBJROOT)";
				COPY_PHASE_STRIP = NO;
				GCC_C_LANGUAGE_STANDARD = gnu99;
				GCC_ENABLE_CPP_RTTI = NO;
				GCC_OPTIMIZATION_LEVEL = s;
				GCC_PREPROCESSOR_DEFINITIONS = (
					"NDEBUG",
					"USE_DEBUG_FONT",
				);
				GCC_SYMBOLS_PRIVATE_EXTERN = NO;
				GCC_WARN_ABOUT_RETURN_TYPE = YES;
				GCC_WARN_UNUSED_VARIABLE = YES;
				HEADER_SEARCH_PATHS = (
					"../../include",
				);
				LIBRARY_SEARCH_PATHS = (
					"../../lib",
					"../../lib/xcode4",
				);
				OBJROOT = "obj/Release/Sample-OpenGL_DebugFont";
				ONLY_ACTIVE_ARCH = NO;
				OTHER_CFLAGS = (
					"-ffast-math",
				);
				OTHER_LDFLAGS = (
					"-lopengl32",
					"-lFreeImage",
				);
				PREBINDING = NO;
				SYMROOT = "../../bin";
			};
			name = "Release";
		};
		078519E4536671B0204E7A34 /* Debug */ = {
			isa = XCBuildConfiguration;
			buildSettings = {
				ARCHS = "$(NATIVE_ARCH_ACTUAL)";
				CONFIGURATION_BUILD_DIR = "$(SYMROOT)";
				CONFIGURATION_TEMP_DIR = "$(OBJROOT)";
				COPY_PHASE_STRIP = NO;
				GCC_C_LANGUAGE_STANDARD = gnu99;
				GCC_ENABLE_CPP_RTTI = NO;
				GCC_OPTIMIZATION_LEVEL = 0;
				GCC_PREPROCESSOR_DEFINITIONS = (
					"_DEBUG",
					"USE_DEBUG_FONT",
				);
				GCC_SYMBOLS_PRIVATE_EXTERN = NO;
				GCC_WARN_ABOUT_RETURN_TYPE = YES;
				GCC_WARN_UNUSED_VARIABLE = YES;
				HEADER_SEARCH_PATHS = (
					"../../include",
				);
				LIBRARY_SEARCH_PATHS = (
					"../../lib",
					"../../lib/xcode4",
				);
				OBJROOT = "obj/Debug/Sample-OpenGL_DebugFont";
				ONLY_ACTIVE_ARCH = YES;
				OTHER_LDFLAGS = (
					"-lopengl32",
					"-lFreeImage",
				);
				PREBINDING = NO;
				SYMROOT = "../../bin";
			};
			name = "Debug";
		};
/* End XCBuildConfiguration section */

/* Begin XCConfigurationList section */
		17C574625B90662820655452 /* Build configuration list for PBXNativeTarget "OpenGLDebugFontSample.app" */ = {
			isa = XCConfigurationList;
			buildConfigurations = (
				03023E512ED45D2A5CF95DCA /* Release */,
				6B726DCD32BA342662BC141B /* Debug */,
			);
			defaultConfigurationIsVisible = 0;
			defaultConfigurationName = "Release";
		};
		1DEB928908733DD80010E9CD /* Build configuration list for PBXProject "Sample-OpenGL_DebugFont" */ = {
			isa = XCConfigurationList;
			buildConfigurations = (
				388A36DF5D935C0F41BF0275 /* Release */,
				078519E4536671B0204E7A34 /* Debug */,
			);
			defaultConfigurationIsVisible = 0;
			defaultConfigurationName = "Release";
		};
/* End XCConfigurationList section */

	};
	rootObject = 08FB7793FE84155DC02AAC07 /* Project object */;
}
