// !$*UTF8*$!
{
	archiveVersion = 1;
	classes = {
	};
	objectVersion = 45;
	objects = {

/* Begin PBXBuildFile section */
		14CA07004E3E77D132647D32 /* DirectX9.cpp in Sources */ = {isa = PBXBuildFile; fileRef = 02E01504070062447D7F22A9 /* DirectX9.cpp */; };
/* End PBXBuildFile section */

/* Begin PBXFileReference section */
		02E01504070062447D7F22A9 /* DirectX9.cpp */ = {isa = PBXFileReference; lastKnownFileType = sourcecode.cpp.cpp; name = "DirectX9.cpp"; path = "DirectX9.cpp"; sourceTree = "<group>"; };
		4A6D10D32D956C6101F557BF /* libGWEN-Renderer-DirectX9.a */ = {isa = PBXFileReference; explicitFileType = archive.ar; includeInIndex = 0; name = "libGWEN-Renderer-DirectX9.a"; path = "libGWEN-Renderer-DirectX9.a"; sourceTree = BUILT_PRODUCTS_DIR; };
/* End PBXFileReference section */

/* Begin PBXFrameworksBuildPhase section */
		597A5EB37ABB68FA46E5241D /* Frameworks */ = {
			isa = PBXFrameworksBuildPhase;
			buildActionMask = 2147483647;
			files = (
			);
			runOnlyForDeploymentPostprocessing = 0;
		};
/* End PBXFrameworksBuildPhase section */

/* Begin PBXGroup section */
		6AC53FAF18D54CA45EA31ED0 /* Renderer-DirectX9 */ = {
			isa = PBXGroup;
			children = (
				407C26CC7C0E65232B0462F5 /* renderers */,
				0BE1367E06E0687A41171DF0 /* Products */,
			);
			name = "Renderer-DirectX9";
			sourceTree = "<group>";
		};
		407C26CC7C0E65232B0462F5 /* renderers */ = {
			isa = PBXGroup;
			children = (
				379638CB1A915D0056A07E64 /* DirectX9 */,
			);
			name = "renderers";
			path = ../../renderers;
			sourceTree = "<group>";
		};
		379638CB1A915D0056A07E64 /* DirectX9 */ = {
			isa = PBXGroup;
			children = (
				02E01504070062447D7F22A9 /* DirectX9.cpp */,
			);
			name = "DirectX9";
			path = DirectX9;
			sourceTree = "<group>";
		};
		0BE1367E06E0687A41171DF0 /* Products */ = {
			isa = PBXGroup;
			children = (
				4A6D10D32D956C6101F557BF /* libGWEN-Renderer-DirectX9.a */,
			);
			name = "Products";
			sourceTree = "<group>";
		};
/* End PBXGroup section */

/* Begin PBXNativeTarget section */
		2D7C16E40B000D1E5D2354EA /* Renderer-DirectX9 */ = {
			isa = PBXNativeTarget;
			buildConfigurationList = 768975C319B0530D59BC06C8 /* Build configuration list for PBXNativeTarget "Renderer-DirectX9" */;
			buildPhases = (
				700A080615FA36D64ECC4738 /* Resources */,
				4D3A1CD33AD7655017846E7F /* Sources */,
				597A5EB37ABB68FA46E5241D /* Frameworks */,
			);
			buildRules = (
			);
			dependencies = (
			);
			name = "Renderer-DirectX9";
			productName = "Renderer-DirectX9";
			productReference = 4A6D10D32D956C6101F557BF /* libGWEN-Renderer-DirectX9.a */;
			productType = "com.apple.product-type.library.static";
		};
/* End PBXNativeTarget section */

/* Begin PBXProject section */
		08FB7793FE84155DC02AAC07 /* Project object */ = {
			isa = PBXProject;
			buildConfigurationList = 1DEB928908733DD80010E9CD /* Build configuration list for PBXProject "Renderer-DirectX9" */;
			compatibilityVersion = "Xcode 3.1";
			hasScannedForEncodings = 1;
			mainGroup = 6AC53FAF18D54CA45EA31ED0 /* Renderer-DirectX9 */;
			projectDirPath = "";
			projectRoot = "";
			targets = (
				2D7C16E40B000D1E5D2354EA /* libGWEN-Renderer-DirectX9.a */,
			);
		};
/* End PBXProject section */

/* Begin PBXResourcesBuildPhase section */
		700A080615FA36D64ECC4738 /* Resources */ = {
			isa = PBXResourcesBuildPhase;
			buildActionMask = 2147483647;
			files = (
			);
			runOnlyForDeploymentPostprocessing = 0;
		};
/* End PBXResourcesBuildPhase section */

/* Begin PBXSourcesBuildPhase section */
		4D3A1CD33AD7655017846E7F /* Sources */ = {
			isa = PBXSourcesBuildPhase;
			buildActionMask = 2147483647;
			files = (
				14CA07004E3E77D132647D32 /* DirectX9.cpp in Sources */,
			);
			runOnlyForDeploymentPostprocessing = 0;
		};
/* End PBXSourcesBuildPhase section */

/* Begin PBXVariantGroup section */
/* End PBXVariantGroup section */

/* Begin XCBuildConfiguration section */
		292A5D6169953F612FF924AC /* Release */ = {
			isa = XCBuildConfiguration;
			buildSettings = {
				ALWAYS_SEARCH_USER_PATHS = NO;
				CONFIGURATION_BUILD_DIR = ../../lib/xcode3;
				GCC_DYNAMIC_NO_PIC = NO;
				GCC_MODEL_TUNING = G5;
				INSTALL_PATH = /usr/local/lib;
				PRODUCT_NAME = "GWEN-Renderer-DirectX9";
			};
			name = "Release";
		};
		076D3977347A75FF27F643EE /* Debug */ = {
			isa = XCBuildConfiguration;
			buildSettings = {
				ALWAYS_SEARCH_USER_PATHS = NO;
				CONFIGURATION_BUILD_DIR = ../../lib/xcode3;
				GCC_DYNAMIC_NO_PIC = NO;
				GCC_MODEL_TUNING = G5;
				INSTALL_PATH = /usr/local/lib;
				PRODUCT_NAME = "GWEN-Renderer-DirectX9d";
			};
			name = "Debug";
		};
		5DD06C9851D96CBA7DD92027 /* Release */ = {
			isa = XCBuildConfiguration;
			buildSettings = {
				ARCHS = "$(NATIVE_ARCH_ACTUAL)";
				CONFIGURATION_BUILD_DIR = "$(SYMROOT)";
				CONFIGURATION_TEMP_DIR = "$(OBJROOT)";
				COPY_PHASE_STRIP = NO;
				GCC_C_LANGUAGE_STANDARD = gnu99;
				GCC_OPTIMIZATION_LEVEL = s;
				GCC_PREPROCESSOR_DEFINITIONS = (
					"NDEBUG",
				);
				GCC_SYMBOLS_PRIVATE_EXTERN = NO;
				GCC_WARN_ABOUT_RETURN_TYPE = YES;
				GCC_WARN_UNUSED_VARIABLE = YES;
				HEADER_SEARCH_PATHS = (
					"../../include",
				);
				LIBRARY_SEARCH_PATHS = (
					"../../lib/xcode3",
				);
				OBJROOT = "obj/Release/Renderer-DirectX9";
				ONLY_ACTIVE_ARCH = NO;
				OTHER_CFLAGS = (
					"-ffast-math",
				);
				PREBINDING = NO;
				SYMROOT = "../../lib/xcode3";
			};
			name = "Release";
		};
		5A201A274F69180F6B8F74A7 /* Debug */ = {
			isa = XCBuildConfiguration;
			buildSettings = {
				ARCHS = "$(NATIVE_ARCH_ACTUAL)";
				CONFIGURATION_BUILD_DIR = "$(SYMROOT)";
				CONFIGURATION_TEMP_DIR = "$(OBJROOT)";
				COPY_PHASE_STRIP = NO;
				GCC_C_LANGUAGE_STANDARD = gnu99;
				GCC_OPTIMIZATION_LEVEL = 0;
				GCC_PREPROCESSOR_DEFINITIONS = (
					"_DEBUG",
				);
				GCC_SYMBOLS_PRIVATE_EXTERN = NO;
				GCC_WARN_ABOUT_RETURN_TYPE = YES;
				GCC_WARN_UNUSED_VARIABLE = YES;
				HEADER_SEARCH_PATHS = (
					"../../include",
				);
				LIBRARY_SEARCH_PATHS = (
					"../../lib/xcode3",
				);
				OBJROOT = "obj/Debug/Renderer-DirectX9";
				ONLY_ACTIVE_ARCH = YES;
				PREBINDING = NO;
				SYMROOT = "../../lib/xcode3";
			};
			name = "Debug";
		};
/* End XCBuildConfiguration section */

/* Begin XCConfigurationList section */
		768975C319B0530D59BC06C8 /* Build configuration list for PBXNativeTarget "libGWEN-Renderer-DirectX9.a" */ = {
			isa = XCConfigurationList;
			buildConfigurations = (
				292A5D6169953F612FF924AC /* Release */,
				076D3977347A75FF27F643EE /* Debug */,
			);
			defaultConfigurationIsVisible = 0;
			defaultConfigurationName = "Release";
		};
		1DEB928908733DD80010E9CD /* Build configuration list for PBXProject "Renderer-DirectX9" */ = {
			isa = XCConfigurationList;
			buildConfigurations = (
				5DD06C9851D96CBA7DD92027 /* Release */,
				5A201A274F69180F6B8F74A7 /* Debug */,
			);
			defaultConfigurationIsVisible = 0;
			defaultConfigurationName = "Release";
		};
/* End XCConfigurationList section */

	};
	rootObject = 08FB7793FE84155DC02AAC07 /* Project object */;
}
