// !$*UTF8*$!
{
	archiveVersion = 1;
	classes = {
	};
	objectVersion = 45;
	objects = {

/* Begin PBXBuildFile section */
		6B165A800F8703D155455CA1 /* DirectX9.cpp in Sources */ = {isa = PBXBuildFile; fileRef = 267D373179D93C4A5BAB7798 /* DirectX9.cpp */; };
/* End PBXBuildFile section */

/* Begin PBXFileReference section */
		267D373179D93C4A5BAB7798 /* DirectX9.cpp */ = {isa = PBXFileReference; lastKnownFileType = sourcecode.cpp.cpp; name = "DirectX9.cpp"; path = "DirectX9.cpp"; sourceTree = "<group>"; };
		3C8A6FFC19854E80633970C2 /* libGWEN-Renderer-DirectX9.a */ = {isa = PBXFileReference; explicitFileType = archive.ar; includeInIndex = 0; name = "libGWEN-Renderer-DirectX9.a"; path = "libGWEN-Renderer-DirectX9.a"; sourceTree = BUILT_PRODUCTS_DIR; };
/* End PBXFileReference section */

/* Begin PBXFrameworksBuildPhase section */
		538A09CB290C1CF2453215C7 /* Frameworks */ = {
			isa = PBXFrameworksBuildPhase;
			buildActionMask = 2147483647;
			files = (
			);
			runOnlyForDeploymentPostprocessing = 0;
		};
/* End PBXFrameworksBuildPhase section */

/* Begin PBXGroup section */
		5E1106E14CEA0C905ED12123 /* Renderer-DirectX9 */ = {
			isa = PBXGroup;
			children = (
				28DD77D121FB421E1AC366D7 /* Renderers */,
				7F4F2931013615D568E3482C /* Products */,
			);
			name = "Renderer-DirectX9";
			sourceTree = "<group>";
		};
		28DD77D121FB421E1AC366D7 /* Renderers */ = {
			isa = PBXGroup;
			children = (
				3CFF160D183D49CF2C2801A6 /* DirectX9 */,
			);
			name = "Renderers";
			path = ../../Renderers;
			sourceTree = "<group>";
		};
		3CFF160D183D49CF2C2801A6 /* DirectX9 */ = {
			isa = PBXGroup;
			children = (
				267D373179D93C4A5BAB7798 /* DirectX9.cpp */,
			);
			name = "DirectX9";
			path = DirectX9;
			sourceTree = "<group>";
		};
		7F4F2931013615D568E3482C /* Products */ = {
			isa = PBXGroup;
			children = (
				3C8A6FFC19854E80633970C2 /* libGWEN-Renderer-DirectX9.a */,
			);
			name = "Products";
			sourceTree = "<group>";
		};
/* End PBXGroup section */

/* Begin PBXNativeTarget section */
		710011E935B3347A40A56DD0 /* Renderer-DirectX9 */ = {
			isa = PBXNativeTarget;
			buildConfigurationList = 3F627F3D6127612411704B72 /* Build configuration list for PBXNativeTarget "Renderer-DirectX9" */;
			buildPhases = (
				69A9637F0CFE4E2F098472FC /* Resources */,
				5B9D0C4A6D8417477C1D07E9 /* Sources */,
				538A09CB290C1CF2453215C7 /* Frameworks */,
			);
			buildRules = (
			);
			dependencies = (
			);
			name = "Renderer-DirectX9";
			productName = "Renderer-DirectX9";
			productReference = 3C8A6FFC19854E80633970C2 /* libGWEN-Renderer-DirectX9.a */;
			productType = "com.apple.product-type.library.static";
		};
/* End PBXNativeTarget section */

/* Begin PBXProject section */
		08FB7793FE84155DC02AAC07 /* Project object */ = {
			isa = PBXProject;
			buildConfigurationList = 1DEB928908733DD80010E9CD /* Build configuration list for PBXProject "Renderer-DirectX9" */;
			compatibilityVersion = "Xcode 3.1";
			hasScannedForEncodings = 1;
			mainGroup = 5E1106E14CEA0C905ED12123 /* Renderer-DirectX9 */;
			projectDirPath = "";
			projectRoot = "";
			targets = (
				710011E935B3347A40A56DD0 /* libGWEN-Renderer-DirectX9.a */,
			);
		};
/* End PBXProject section */

/* Begin PBXResourcesBuildPhase section */
		69A9637F0CFE4E2F098472FC /* Resources */ = {
			isa = PBXResourcesBuildPhase;
			buildActionMask = 2147483647;
			files = (
			);
			runOnlyForDeploymentPostprocessing = 0;
		};
/* End PBXResourcesBuildPhase section */

/* Begin PBXSourcesBuildPhase section */
		5B9D0C4A6D8417477C1D07E9 /* Sources */ = {
			isa = PBXSourcesBuildPhase;
			buildActionMask = 2147483647;
			files = (
				6B165A800F8703D155455CA1 /* DirectX9.cpp in Sources */,
			);
			runOnlyForDeploymentPostprocessing = 0;
		};
/* End PBXSourcesBuildPhase section */

/* Begin PBXVariantGroup section */
/* End PBXVariantGroup section */

/* Begin XCBuildConfiguration section */
		6BC13E58277412AD41C574DF /* Release */ = {
			isa = XCBuildConfiguration;
			buildSettings = {
				ALWAYS_SEARCH_USER_PATHS = NO;
				CONFIGURATION_BUILD_DIR = ../../lib/xcode3;
				GCC_DYNAMIC_NO_PIC = NO;
				GCC_MODEL_TUNING = G5;
				INSTALL_PATH = /usr/local/lib;
				PRODUCT_NAME = "GWEN-Renderer-DirectX9";
			};
			name = "Release";
		};
		24DA06194BC534BB295F648F /* Debug */ = {
			isa = XCBuildConfiguration;
			buildSettings = {
				ALWAYS_SEARCH_USER_PATHS = NO;
				CONFIGURATION_BUILD_DIR = ../../lib/xcode3;
				GCC_DYNAMIC_NO_PIC = NO;
				GCC_MODEL_TUNING = G5;
				INSTALL_PATH = /usr/local/lib;
				PRODUCT_NAME = "GWEN-Renderer-DirectX9d";
			};
			name = "Debug";
		};
		225E6DAC57D01EEA3BFF44C4 /* Release */ = {
			isa = XCBuildConfiguration;
			buildSettings = {
				ARCHS = "$(NATIVE_ARCH_ACTUAL)";
				CONFIGURATION_BUILD_DIR = "$(SYMROOT)";
				CONFIGURATION_TEMP_DIR = "$(OBJROOT)";
				COPY_PHASE_STRIP = NO;
				GCC_C_LANGUAGE_STANDARD = gnu99;
				GCC_ENABLE_CPP_RTTI = NO;
				GCC_OPTIMIZATION_LEVEL = s;
				GCC_PREPROCESSOR_DEFINITIONS = (
					"NDEBUG",
				);
				GCC_SYMBOLS_PRIVATE_EXTERN = NO;
				GCC_WARN_ABOUT_RETURN_TYPE = YES;
				GCC_WARN_UNUSED_VARIABLE = YES;
				HEADER_SEARCH_PATHS = (
					"../../include",
				);
				LIBRARY_SEARCH_PATHS = (
					"../../lib",
					"../../lib/xcode3",
				);
				OBJROOT = "obj/Release/Renderer-DirectX9";
				ONLY_ACTIVE_ARCH = NO;
				OTHER_CFLAGS = (
					"-ffast-math",
				);
				PREBINDING = NO;
				SYMROOT = "../../lib/xcode3";
			};
			name = "Release";
		};
		309538ED6B1A01A64AB54D9F /* Debug */ = {
			isa = XCBuildConfiguration;
			buildSettings = {
				ARCHS = "$(NATIVE_ARCH_ACTUAL)";
				CONFIGURATION_BUILD_DIR = "$(SYMROOT)";
				CONFIGURATION_TEMP_DIR = "$(OBJROOT)";
				COPY_PHASE_STRIP = NO;
				GCC_C_LANGUAGE_STANDARD = gnu99;
				GCC_ENABLE_CPP_RTTI = NO;
				GCC_OPTIMIZATION_LEVEL = 0;
				GCC_PREPROCESSOR_DEFINITIONS = (
					"_DEBUG",
				);
				GCC_SYMBOLS_PRIVATE_EXTERN = NO;
				GCC_WARN_ABOUT_RETURN_TYPE = YES;
				GCC_WARN_UNUSED_VARIABLE = YES;
				HEADER_SEARCH_PATHS = (
					"../../include",
				);
				LIBRARY_SEARCH_PATHS = (
					"../../lib",
					"../../lib/xcode3",
				);
				OBJROOT = "obj/Debug/Renderer-DirectX9";
				ONLY_ACTIVE_ARCH = YES;
				PREBINDING = NO;
				SYMROOT = "../../lib/xcode3";
			};
			name = "Debug";
		};
/* End XCBuildConfiguration section */

/* Begin XCConfigurationList section */
		3F627F3D6127612411704B72 /* Build configuration list for PBXNativeTarget "libGWEN-Renderer-DirectX9.a" */ = {
			isa = XCConfigurationList;
			buildConfigurations = (
				6BC13E58277412AD41C574DF /* Release */,
				24DA06194BC534BB295F648F /* Debug */,
			);
			defaultConfigurationIsVisible = 0;
			defaultConfigurationName = "Release";
		};
		1DEB928908733DD80010E9CD /* Build configuration list for PBXProject "Renderer-DirectX9" */ = {
			isa = XCConfigurationList;
			buildConfigurations = (
				225E6DAC57D01EEA3BFF44C4 /* Release */,
				309538ED6B1A01A64AB54D9F /* Debug */,
			);
			defaultConfigurationIsVisible = 0;
			defaultConfigurationName = "Release";
		};
/* End XCConfigurationList section */

	};
	rootObject = 08FB7793FE84155DC02AAC07 /* Project object */;
}
