// !$*UTF8*$!
{
	archiveVersion = 1;
	classes = {
	};
	objectVersion = 45;
	objects = {

/* Begin PBXBuildFile section */
		63AB342B0A4C45FA59F40567 /* DirectX9.cpp in Sources */ = {isa = PBXBuildFile; fileRef = 15A90C520B172CFB596617D4 /* DirectX9.cpp */; };
/* End PBXBuildFile section */

/* Begin PBXFileReference section */
		15A90C520B172CFB596617D4 /* DirectX9.cpp */ = {isa = PBXFileReference; lastKnownFileType = sourcecode.cpp.cpp; name = "DirectX9.cpp"; path = "DirectX9.cpp"; sourceTree = "<group>"; };
		7240014F403B341E27B27BAF /* libGWEN-Renderer-DirectX9.a */ = {isa = PBXFileReference; explicitFileType = archive.ar; includeInIndex = 0; name = "libGWEN-Renderer-DirectX9.a"; path = "libGWEN-Renderer-DirectX9.a"; sourceTree = BUILT_PRODUCTS_DIR; };
/* End PBXFileReference section */

/* Begin PBXFrameworksBuildPhase section */
		0718415659565E9942B86797 /* Frameworks */ = {
			isa = PBXFrameworksBuildPhase;
			buildActionMask = 2147483647;
			files = (
			);
			runOnlyForDeploymentPostprocessing = 0;
		};
/* End PBXFrameworksBuildPhase section */

/* Begin PBXGroup section */
		3DA535A61C26000B455F3CC8 /* Renderer-DirectX9 */ = {
			isa = PBXGroup;
			children = (
				711072A008E9529477B14AF0 /* Renderers */,
				57960363791F4BF618FA7C42 /* Products */,
			);
			name = "Renderer-DirectX9";
			sourceTree = "<group>";
		};
		711072A008E9529477B14AF0 /* Renderers */ = {
			isa = PBXGroup;
			children = (
				6E9E3BC63A63203E4DC35B63 /* DirectX9 */,
			);
			name = "Renderers";
			path = ../../Renderers;
			sourceTree = "<group>";
		};
		6E9E3BC63A63203E4DC35B63 /* DirectX9 */ = {
			isa = PBXGroup;
			children = (
				15A90C520B172CFB596617D4 /* DirectX9.cpp */,
			);
			name = "DirectX9";
			path = DirectX9;
			sourceTree = "<group>";
		};
		57960363791F4BF618FA7C42 /* Products */ = {
			isa = PBXGroup;
			children = (
				7240014F403B341E27B27BAF /* libGWEN-Renderer-DirectX9.a */,
			);
			name = "Products";
			sourceTree = "<group>";
		};
/* End PBXGroup section */

/* Begin PBXNativeTarget section */
		5E381B0F7763294E008F2EB6 /* Renderer-DirectX9 */ = {
			isa = PBXNativeTarget;
			buildConfigurationList = 62A4713E68D91DBE5A1E4942 /* Build configuration list for PBXNativeTarget "Renderer-DirectX9" */;
			buildPhases = (
				2EBA4699435A68692DF66B10 /* Resources */,
				46AE06816CB430030F8C1303 /* Sources */,
				0718415659565E9942B86797 /* Frameworks */,
			);
			buildRules = (
			);
			dependencies = (
			);
			name = "Renderer-DirectX9";
			productName = "Renderer-DirectX9";
			productReference = 7240014F403B341E27B27BAF /* libGWEN-Renderer-DirectX9.a */;
			productType = "com.apple.product-type.library.static";
		};
/* End PBXNativeTarget section */

/* Begin PBXProject section */
		08FB7793FE84155DC02AAC07 /* Project object */ = {
			isa = PBXProject;
			buildConfigurationList = 1DEB928908733DD80010E9CD /* Build configuration list for PBXProject "Renderer-DirectX9" */;
			compatibilityVersion = "Xcode 3.1";
			hasScannedForEncodings = 1;
			mainGroup = 3DA535A61C26000B455F3CC8 /* Renderer-DirectX9 */;
			projectDirPath = "";
			projectRoot = "";
			targets = (
				5E381B0F7763294E008F2EB6 /* libGWEN-Renderer-DirectX9.a */,
			);
		};
/* End PBXProject section */

/* Begin PBXResourcesBuildPhase section */
		2EBA4699435A68692DF66B10 /* Resources */ = {
			isa = PBXResourcesBuildPhase;
			buildActionMask = 2147483647;
			files = (
			);
			runOnlyForDeploymentPostprocessing = 0;
		};
/* End PBXResourcesBuildPhase section */

/* Begin PBXSourcesBuildPhase section */
		46AE06816CB430030F8C1303 /* Sources */ = {
			isa = PBXSourcesBuildPhase;
			buildActionMask = 2147483647;
			files = (
				63AB342B0A4C45FA59F40567 /* DirectX9.cpp in Sources */,
			);
			runOnlyForDeploymentPostprocessing = 0;
		};
/* End PBXSourcesBuildPhase section */

/* Begin PBXVariantGroup section */
/* End PBXVariantGroup section */

/* Begin XCBuildConfiguration section */
		5B613B1C444360B810CD28A3 /* Release */ = {
			isa = XCBuildConfiguration;
			buildSettings = {
				ALWAYS_SEARCH_USER_PATHS = NO;
				CONFIGURATION_BUILD_DIR = ../../lib/xcode3;
				GCC_DYNAMIC_NO_PIC = NO;
				GCC_MODEL_TUNING = G5;
				INSTALL_PATH = /usr/local/lib;
				PRODUCT_NAME = "GWEN-Renderer-DirectX9";
			};
			name = "Release";
		};
		52370A756E6C7E6735024EF9 /* Debug */ = {
			isa = XCBuildConfiguration;
			buildSettings = {
				ALWAYS_SEARCH_USER_PATHS = NO;
				CONFIGURATION_BUILD_DIR = ../../lib/xcode3;
				GCC_DYNAMIC_NO_PIC = NO;
				GCC_MODEL_TUNING = G5;
				INSTALL_PATH = /usr/local/lib;
				PRODUCT_NAME = "GWEN-Renderer-DirectX9d";
			};
			name = "Debug";
		};
		7F8F1B6F32100ADF58122084 /* Release */ = {
			isa = XCBuildConfiguration;
			buildSettings = {
				ARCHS = "$(NATIVE_ARCH_ACTUAL)";
				CONFIGURATION_BUILD_DIR = "$(SYMROOT)";
				CONFIGURATION_TEMP_DIR = "$(OBJROOT)";
				COPY_PHASE_STRIP = NO;
				GCC_C_LANGUAGE_STANDARD = gnu99;
				GCC_ENABLE_CPP_RTTI = NO;
				GCC_OPTIMIZATION_LEVEL = s;
				GCC_PREPROCESSOR_DEFINITIONS = (
					"NDEBUG",
				);
				GCC_SYMBOLS_PRIVATE_EXTERN = NO;
				GCC_WARN_ABOUT_RETURN_TYPE = YES;
				GCC_WARN_UNUSED_VARIABLE = YES;
				HEADER_SEARCH_PATHS = (
					"../../include",
				);
				LIBRARY_SEARCH_PATHS = (
					"../../lib",
					"../../lib/xcode3",
				);
				OBJROOT = "obj/Release/Renderer-DirectX9";
				ONLY_ACTIVE_ARCH = NO;
				OTHER_CFLAGS = (
					"-ffast-math",
				);
				PREBINDING = NO;
				SYMROOT = "../../lib/xcode3";
			};
			name = "Release";
		};
		336D6BF259F32DB56BD00D4B /* Debug */ = {
			isa = XCBuildConfiguration;
			buildSettings = {
				ARCHS = "$(NATIVE_ARCH_ACTUAL)";
				CONFIGURATION_BUILD_DIR = "$(SYMROOT)";
				CONFIGURATION_TEMP_DIR = "$(OBJROOT)";
				COPY_PHASE_STRIP = NO;
				GCC_C_LANGUAGE_STANDARD = gnu99;
				GCC_ENABLE_CPP_RTTI = NO;
				GCC_OPTIMIZATION_LEVEL = 0;
				GCC_PREPROCESSOR_DEFINITIONS = (
					"_DEBUG",
				);
				GCC_SYMBOLS_PRIVATE_EXTERN = NO;
				GCC_WARN_ABOUT_RETURN_TYPE = YES;
				GCC_WARN_UNUSED_VARIABLE = YES;
				HEADER_SEARCH_PATHS = (
					"../../include",
				);
				LIBRARY_SEARCH_PATHS = (
					"../../lib",
					"../../lib/xcode3",
				);
				OBJROOT = "obj/Debug/Renderer-DirectX9";
				ONLY_ACTIVE_ARCH = YES;
				PREBINDING = NO;
				SYMROOT = "../../lib/xcode3";
			};
			name = "Debug";
		};
/* End XCBuildConfiguration section */

/* Begin XCConfigurationList section */
		62A4713E68D91DBE5A1E4942 /* Build configuration list for PBXNativeTarget "libGWEN-Renderer-DirectX9.a" */ = {
			isa = XCConfigurationList;
			buildConfigurations = (
				5B613B1C444360B810CD28A3 /* Release */,
				52370A756E6C7E6735024EF9 /* Debug */,
			);
			defaultConfigurationIsVisible = 0;
			defaultConfigurationName = "Release";
		};
		1DEB928908733DD80010E9CD /* Build configuration list for PBXProject "Renderer-DirectX9" */ = {
			isa = XCConfigurationList;
			buildConfigurations = (
				7F8F1B6F32100ADF58122084 /* Release */,
				336D6BF259F32DB56BD00D4B /* Debug */,
			);
			defaultConfigurationIsVisible = 0;
			defaultConfigurationName = "Release";
		};
/* End XCConfigurationList section */

	};
	rootObject = 08FB7793FE84155DC02AAC07 /* Project object */;
}
