Microsoft Visual Studio Solution File, Format Version 7.00
Project("{8BC9CEB8-8B4A-11D0-8D11-00A0C91BC942}") = "GWEN", "GWEN.vcproj", "{3D9E82EC-273C-9441-8A67-400946C77500}"
EndProject
Global
	GlobalSection(SolutionConfiguration) = preSolution
		ConfigName.0 = Release-DLL
		ConfigName.1 = Debug-DLL
		ConfigName.2 = Release-Static
		ConfigName.3 = Debug-Static
	EndGlobalSection
	GlobalSection(ProjectDependencies) = postSolution
	EndGlobalSection
	GlobalSection(ProjectConfiguration) = postSolution
		{3D9E82EC-273C-9441-8A67-400946C77500}.Release-DLL.ActiveCfg = Release-DLL|Win32
		{3D9E82EC-273C-9441-8A67-400946C77500}.Release-DLL.Build.0 = Release-DLL|Win32
		{3D9E82EC-273C-9441-8A67-400946C77500}.Debug-DLL.ActiveCfg = Debug-DLL|Win32
		{3D9E82EC-273C-9441-8A67-400946C77500}.Debug-DLL.Build.0 = Debug-DLL|Win32
		{3D9E82EC-273C-9441-8A67-400946C77500}.Release-Static.ActiveCfg = Release-Static|Win32
		{3D9E82EC-273C-9441-8A67-400946C77500}.Release-Static.Build.0 = Release-Static|Win32
		{3D9E82EC-273C-9441-8A67-400946C77500}.Debug-Static.ActiveCfg = Debug-Static|Win32
		{3D9E82EC-273C-9441-8A67-400946C77500}.Debug-Static.Build.0 = Debug-Static|Win32
	EndGlobalSection
	GlobalSection(ExtensibilityGlobals) = postSolution
	EndGlobalSection
	GlobalSection(ExtensibilityAddIns) = postSolution
	EndGlobalSection
EndGlobal
