<?xml version="1.0" encoding="utf-8"?>
<Project ToolsVersion="4.0" xmlns="http://schemas.microsoft.com/developer/msbuild/2003">
	<ItemGroup>
		<Filter Include="Samples">
			<UniqueIdentifier>{D16796EA-B5DF-7941-8D29-2FDED71A12DF}</UniqueIdentifier>
		</Filter>
		<Filter Include="Samples\WindowsGDI">
			<UniqueIdentifier>{9E11DB28-C6D4-3746-A2FF-B5996531D399}</UniqueIdentifier>
		</Filter>
	</ItemGroup>
	<ItemGroup>
		<ClCompile Include="..\..\Samples\WindowsGDI\WindowsGDI.cpp">
			<Filter>Samples\WindowsGDI</Filter>
		</ClCompile>
	</ItemGroup>
</Project>
