<?xml version="1.0" encoding="utf-8"?>
<Project ToolsVersion="4.0" xmlns="http://schemas.microsoft.com/developer/msbuild/2003">
	<ItemGroup>
		<Filter Include="Samples">
			<UniqueIdentifier>{01F83737-6EFC-AB47-8C3D-7D093E97E0FB}</UniqueIdentifier>
		</Filter>
		<Filter Include="Samples\WindowsGDI">
			<UniqueIdentifier>{E1BEB2FD-022B-2749-98FD-7A240E68081C}</UniqueIdentifier>
		</Filter>
	</ItemGroup>
	<ItemGroup>
		<ClCompile Include="..\..\Samples\WindowsGDI\WindowsGDI.cpp">
			<Filter>Samples\WindowsGDI</Filter>
		</ClCompile>
	</ItemGroup>
</Project>
