<?xml version="1.0" encoding="utf-8"?>
<Project ToolsVersion="4.0" xmlns="http://schemas.microsoft.com/developer/msbuild/2003">
	<ItemGroup>
		<Filter Include="Samples">
			<UniqueIdentifier>{387BAFCB-5423-8A46-8D6B-44EDB1877092}</UniqueIdentifier>
		</Filter>
		<Filter Include="Samples\SFML">
			<UniqueIdentifier>{530DF883-08E1-D94A-82C9-89317311CDD5}</UniqueIdentifier>
		</Filter>
	</ItemGroup>
	<ItemGroup>
		<ClCompile Include="..\..\Samples\SFML\SFML.cpp">
			<Filter>Samples\SFML</Filter>
		</ClCompile>
	</ItemGroup>
</Project>
