<?xml version="1.0" encoding="utf-8"?>
<Project ToolsVersion="4.0" xmlns="http://schemas.microsoft.com/developer/msbuild/2003">
	<ItemGroup>
		<Filter Include="Samples">
			<UniqueIdentifier>{627F8039-CF9C-764F-9E19-72329F3434D7}</UniqueIdentifier>
		</Filter>
		<Filter Include="Samples\Direct3D">
			<UniqueIdentifier>{04DC956C-83D8-6443-8554-DA28753D6F3D}</UniqueIdentifier>
		</Filter>
	</ItemGroup>
	<ItemGroup>
		<ClCompile Include="..\..\Samples\Direct3D\Direct3DSample.cpp">
			<Filter>Samples\Direct3D</Filter>
		</ClCompile>
	</ItemGroup>
</Project>
