<?xml version="1.0" encoding="utf-8"?>
<Project ToolsVersion="4.0" xmlns="http://schemas.microsoft.com/developer/msbuild/2003">
	<ItemGroup>
		<Filter Include="Samples">
			<UniqueIdentifier>{07A5BEA6-C8C5-8343-A658-6C077B10F792}</UniqueIdentifier>
		</Filter>
		<Filter Include="Samples\Direct3D">
			<UniqueIdentifier>{2F8FE2E7-BF13-E24D-9517-C868912628EB}</UniqueIdentifier>
		</Filter>
	</ItemGroup>
	<ItemGroup>
		<ClCompile Include="..\..\Samples\Direct3D\Direct3DSample.cpp">
			<Filter>Samples\Direct3D</Filter>
		</ClCompile>
	</ItemGroup>
</Project>
