<?xml version="1.0" encoding="utf-8"?>
<Project ToolsVersion="4.0" xmlns="http://schemas.microsoft.com/developer/msbuild/2003">
	<ItemGroup>
		<Filter Include="Samples">
			<UniqueIdentifier>{8ED7A54A-1C57-2749-8BAA-C07C95EDA268}</UniqueIdentifier>
		</Filter>
		<Filter Include="Samples\SFML">
			<UniqueIdentifier>{9350C0A0-BDE7-B84C-939B-3DCAD710BAAB}</UniqueIdentifier>
		</Filter>
	</ItemGroup>
	<ItemGroup>
		<ClCompile Include="..\..\Samples\SFML\SFML.cpp">
			<Filter>Samples\SFML</Filter>
		</ClCompile>
	</ItemGroup>
</Project>
