
Microsoft Visual Studio Solution File, Format Version 10.00
# Visual Studio 2008
Project("{8BC9CEB8-8B4A-11D0-8D11-00A0C91BC942}") = "GWEN DLL", "GWEN DLL.vcproj", "{5F07128B-EBFA-BB44-86D1-AF09AC73D09C}"
EndProject
Project("{8BC9CEB8-8B4A-11D0-8D11-00A0C91BC942}") = "GWEN Static", "GWEN Static.vcproj", "{B5B1D2AB-DBD9-D34C-868C-4DE5D8DC7524}"
EndProject
Project("{8BC9CEB8-8B4A-11D0-8D11-00A0C91BC942}") = "UnitTest", "UnitTest.vcproj", "{5119C07A-3578-C347-BAB8-11A67F7F2C70}"
EndProject
Project("{8BC9CEB8-8B4A-11D0-8D11-00A0C91BC942}") = "Renderer-DirectX9", "Renderer-DirectX9.vcproj", "{D0F8CCCE-83BB-3941-A3E5-CBC62B8E08A1}"
EndProject
Project("{8BC9CEB8-8B4A-11D0-8D11-00A0C91BC942}") = "Renderer-OpenGL", "Renderer-OpenGL.vcproj", "{79A89266-7919-1B41-8E33-9EB88DA10281}"
EndProject
Project("{8BC9CEB8-8B4A-11D0-8D11-00A0C91BC942}") = "Renderer-GDI", "Renderer-GDI.vcproj", "{5819BA23-C282-9046-AAC4-42688F847D20}"
EndProject
Project("{8BC9CEB8-8B4A-11D0-8D11-00A0C91BC942}") = "Renderer-SFML", "Renderer-SFML.vcproj", "{87004DF6-956D-B04C-8728-9D8EDBD917DC}"
EndProject
Project("{8BC9CEB8-8B4A-11D0-8D11-00A0C91BC942}") = "Sample-DirectX9", "Sample-DirectX9.vcproj", "{317F6FAE-BD70-6148-A4CA-5AF9CC1CF19D}"
	ProjectSection(ProjectDependencies) = postProject
		{D0F8CCCE-83BB-3941-A3E5-CBC62B8E08A1} = {D0F8CCCE-83BB-3941-A3E5-CBC62B8E08A1}
		{B5B1D2AB-DBD9-D34C-868C-4DE5D8DC7524} = {B5B1D2AB-DBD9-D34C-868C-4DE5D8DC7524}
		{5119C07A-3578-C347-BAB8-11A67F7F2C70} = {5119C07A-3578-C347-BAB8-11A67F7F2C70}
	EndProjectSection
EndProject
Project("{8BC9CEB8-8B4A-11D0-8D11-00A0C91BC942}") = "Sample-OpenGL", "Sample-OpenGL.vcproj", "{B12D38BB-069F-2E41-BB66-7ACF0700EC1A}"
	ProjectSection(ProjectDependencies) = postProject
		{79A89266-7919-1B41-8E33-9EB88DA10281} = {79A89266-7919-1B41-8E33-9EB88DA10281}
		{B5B1D2AB-DBD9-D34C-868C-4DE5D8DC7524} = {B5B1D2AB-DBD9-D34C-868C-4DE5D8DC7524}
		{5119C07A-3578-C347-BAB8-11A67F7F2C70} = {5119C07A-3578-C347-BAB8-11A67F7F2C70}
	EndProjectSection
EndProject
Project("{8BC9CEB8-8B4A-11D0-8D11-00A0C91BC942}") = "Sample-WindowsGDI", "Sample-WindowsGDI.vcproj", "{98700A52-F3CC-F34F-A5D5-F17762F2BDF7}"
	ProjectSection(ProjectDependencies) = postProject
		{5819BA23-C282-9046-AAC4-42688F847D20} = {5819BA23-C282-9046-AAC4-42688F847D20}
		{B5B1D2AB-DBD9-D34C-868C-4DE5D8DC7524} = {B5B1D2AB-DBD9-D34C-868C-4DE5D8DC7524}
		{5119C07A-3578-C347-BAB8-11A67F7F2C70} = {5119C07A-3578-C347-BAB8-11A67F7F2C70}
	EndProjectSection
EndProject
Project("{8BC9CEB8-8B4A-11D0-8D11-00A0C91BC942}") = "Sample-SFML", "Sample-SFML.vcproj", "{975F7924-230C-A841-8478-6F0B29449D96}"
	ProjectSection(ProjectDependencies) = postProject
		{87004DF6-956D-B04C-8728-9D8EDBD917DC} = {87004DF6-956D-B04C-8728-9D8EDBD917DC}
		{B5B1D2AB-DBD9-D34C-868C-4DE5D8DC7524} = {B5B1D2AB-DBD9-D34C-868C-4DE5D8DC7524}
		{5119C07A-3578-C347-BAB8-11A67F7F2C70} = {5119C07A-3578-C347-BAB8-11A67F7F2C70}
	EndProjectSection
EndProject
Global
	GlobalSection(SolutionConfigurationPlatforms) = preSolution
		Release|Win32 = Release|Win32
		Debug|Win32 = Debug|Win32
	EndGlobalSection
	GlobalSection(ProjectConfigurationPlatforms) = postSolution
		{5F07128B-EBFA-BB44-86D1-AF09AC73D09C}.Release|Win32.ActiveCfg = Release|Win32
		{5F07128B-EBFA-BB44-86D1-AF09AC73D09C}.Release|Win32.Build.0 = Release|Win32
		{5F07128B-EBFA-BB44-86D1-AF09AC73D09C}.Debug|Win32.ActiveCfg = Debug|Win32
		{5F07128B-EBFA-BB44-86D1-AF09AC73D09C}.Debug|Win32.Build.0 = Debug|Win32
		{B5B1D2AB-DBD9-D34C-868C-4DE5D8DC7524}.Release|Win32.ActiveCfg = Release|Win32
		{B5B1D2AB-DBD9-D34C-868C-4DE5D8DC7524}.Release|Win32.Build.0 = Release|Win32
		{B5B1D2AB-DBD9-D34C-868C-4DE5D8DC7524}.Debug|Win32.ActiveCfg = Debug|Win32
		{B5B1D2AB-DBD9-D34C-868C-4DE5D8DC7524}.Debug|Win32.Build.0 = Debug|Win32
		{5119C07A-3578-C347-BAB8-11A67F7F2C70}.Release|Win32.ActiveCfg = Release|Win32
		{5119C07A-3578-C347-BAB8-11A67F7F2C70}.Release|Win32.Build.0 = Release|Win32
		{5119C07A-3578-C347-BAB8-11A67F7F2C70}.Debug|Win32.ActiveCfg = Debug|Win32
		{5119C07A-3578-C347-BAB8-11A67F7F2C70}.Debug|Win32.Build.0 = Debug|Win32
		{D0F8CCCE-83BB-3941-A3E5-CBC62B8E08A1}.Release|Win32.ActiveCfg = Release|Win32
		{D0F8CCCE-83BB-3941-A3E5-CBC62B8E08A1}.Release|Win32.Build.0 = Release|Win32
		{D0F8CCCE-83BB-3941-A3E5-CBC62B8E08A1}.Debug|Win32.ActiveCfg = Debug|Win32
		{D0F8CCCE-83BB-3941-A3E5-CBC62B8E08A1}.Debug|Win32.Build.0 = Debug|Win32
		{79A89266-7919-1B41-8E33-9EB88DA10281}.Release|Win32.ActiveCfg = Release|Win32
		{79A89266-7919-1B41-8E33-9EB88DA10281}.Release|Win32.Build.0 = Release|Win32
		{79A89266-7919-1B41-8E33-9EB88DA10281}.Debug|Win32.ActiveCfg = Debug|Win32
		{79A89266-7919-1B41-8E33-9EB88DA10281}.Debug|Win32.Build.0 = Debug|Win32
		{5819BA23-C282-9046-AAC4-42688F847D20}.Release|Win32.ActiveCfg = Release|Win32
		{5819BA23-C282-9046-AAC4-42688F847D20}.Release|Win32.Build.0 = Release|Win32
		{5819BA23-C282-9046-AAC4-42688F847D20}.Debug|Win32.ActiveCfg = Debug|Win32
		{5819BA23-C282-9046-AAC4-42688F847D20}.Debug|Win32.Build.0 = Debug|Win32
		{87004DF6-956D-B04C-8728-9D8EDBD917DC}.Release|Win32.ActiveCfg = Release|Win32
		{87004DF6-956D-B04C-8728-9D8EDBD917DC}.Release|Win32.Build.0 = Release|Win32
		{87004DF6-956D-B04C-8728-9D8EDBD917DC}.Debug|Win32.ActiveCfg = Debug|Win32
		{87004DF6-956D-B04C-8728-9D8EDBD917DC}.Debug|Win32.Build.0 = Debug|Win32
		{317F6FAE-BD70-6148-A4CA-5AF9CC1CF19D}.Release|Win32.ActiveCfg = Release|Win32
		{317F6FAE-BD70-6148-A4CA-5AF9CC1CF19D}.Release|Win32.Build.0 = Release|Win32
		{317F6FAE-BD70-6148-A4CA-5AF9CC1CF19D}.Debug|Win32.ActiveCfg = Debug|Win32
		{317F6FAE-BD70-6148-A4CA-5AF9CC1CF19D}.Debug|Win32.Build.0 = Debug|Win32
		{B12D38BB-069F-2E41-BB66-7ACF0700EC1A}.Release|Win32.ActiveCfg = Release|Win32
		{B12D38BB-069F-2E41-BB66-7ACF0700EC1A}.Release|Win32.Build.0 = Release|Win32
		{B12D38BB-069F-2E41-BB66-7ACF0700EC1A}.Debug|Win32.ActiveCfg = Debug|Win32
		{B12D38BB-069F-2E41-BB66-7ACF0700EC1A}.Debug|Win32.Build.0 = Debug|Win32
		{98700A52-F3CC-F34F-A5D5-F17762F2BDF7}.Release|Win32.ActiveCfg = Release|Win32
		{98700A52-F3CC-F34F-A5D5-F17762F2BDF7}.Release|Win32.Build.0 = Release|Win32
		{98700A52-F3CC-F34F-A5D5-F17762F2BDF7}.Debug|Win32.ActiveCfg = Debug|Win32
		{98700A52-F3CC-F34F-A5D5-F17762F2BDF7}.Debug|Win32.Build.0 = Debug|Win32
		{975F7924-230C-A841-8478-6F0B29449D96}.Release|Win32.ActiveCfg = Release|Win32
		{975F7924-230C-A841-8478-6F0B29449D96}.Release|Win32.Build.0 = Release|Win32
		{975F7924-230C-A841-8478-6F0B29449D96}.Debug|Win32.ActiveCfg = Debug|Win32
		{975F7924-230C-A841-8478-6F0B29449D96}.Debug|Win32.Build.0 = Debug|Win32
	EndGlobalSection
	GlobalSection(SolutionProperties) = preSolution
		HideSolutionNode = FALSE
	EndGlobalSection
EndGlobal
