// !$*UTF8*$!
{
	archiveVersion = 1;
	classes = {
	};
	objectVersion = 45;
	objects = {

/* Begin PBXBuildFile section */
		2309212504F708BD52A90C5F /* Button.cpp in Sources */ = {isa = PBXBuildFile; fileRef = 1A2D441B0B0A114431F4287C /* Button.cpp */; };
		099D43B0714343D52E2C2D36 /* Checkbox.cpp in Sources */ = {isa = PBXBuildFile; fileRef = 1339336602A05BE238BC7003 /* Checkbox.cpp */; };
		4B987FDB213046892F644B4E /* ComboBox.cpp in Sources */ = {isa = PBXBuildFile; fileRef = 095C6EC87FD93BDC609E34A5 /* ComboBox.cpp */; };
		7CDA58B60F7C54CA2DED358C /* CrossSplitter.cpp in Sources */ = {isa = PBXBuildFile; fileRef = 108B609611275D8D5D806FE8 /* CrossSplitter.cpp */; };
		0254331E12831CBA4BD54072 /* GroupBox.cpp in Sources */ = {isa = PBXBuildFile; fileRef = 7B0B152A47E929855F9B134B /* GroupBox.cpp */; };
		4FF44BF869853EC24D4B6F1F /* ImagePanel.cpp in Sources */ = {isa = PBXBuildFile; fileRef = 5B4365832898240B650D43A4 /* ImagePanel.cpp */; };
		57D21AAC053923F4058E5C8C /* Label.cpp in Sources */ = {isa = PBXBuildFile; fileRef = 78C6481B283224D502A52EBC /* Label.cpp */; };
		169C5BE457923EA205156105 /* ListBox.cpp in Sources */ = {isa = PBXBuildFile; fileRef = 049B640862E763062FEA5728 /* ListBox.cpp */; };
		693F408636D1113F74FA2FE5 /* MenuStrip.cpp in Sources */ = {isa = PBXBuildFile; fileRef = 18CE425678011168626C726A /* MenuStrip.cpp */; };
		17D67CEF1FCB17744BAC6995 /* Numeric.cpp in Sources */ = {isa = PBXBuildFile; fileRef = 4F3C39A3371906EA044F3548 /* Numeric.cpp */; };
		41D73470637B6D8646D55DC6 /* PanelListPanel.cpp in Sources */ = {isa = PBXBuildFile; fileRef = 7B9B6FFB0A772F5B12142A6B /* PanelListPanel.cpp */; };
		177B7D0D0BCA51E7568879ED /* ProgressBar.cpp in Sources */ = {isa = PBXBuildFile; fileRef = 54C70EF54AC940686BA96F3A /* ProgressBar.cpp */; };
		0C6D7774039D5D1965AE1FFF /* Properties.cpp in Sources */ = {isa = PBXBuildFile; fileRef = 1954060D68076ED324B372F8 /* Properties.cpp */; };
		6FB6373B4E1F0BCB2BB2616E /* RadioButton.cpp in Sources */ = {isa = PBXBuildFile; fileRef = 7B4F774413A51FF5601A141C /* RadioButton.cpp */; };
		3ADC1FFA48F0414A49F8386C /* ScrollControl.cpp in Sources */ = {isa = PBXBuildFile; fileRef = 14E8775E5950772D736A5A62 /* ScrollControl.cpp */; };
		1DB528FF39ED67EF0FFB4454 /* Slider.cpp in Sources */ = {isa = PBXBuildFile; fileRef = 7A8956F737CD57960348293C /* Slider.cpp */; };
		32E81025250006E44D4B0D8F /* StatusBar.cpp in Sources */ = {isa = PBXBuildFile; fileRef = 19C11A3F4DE22D5912C23E47 /* StatusBar.cpp */; };
		44B43FDB2F4F416C201661CA /* TabControl.cpp in Sources */ = {isa = PBXBuildFile; fileRef = 4B472BC43DCD2BE478FE7FC0 /* TabControl.cpp */; };
		0FE377F776C065846752094D /* TextBox.cpp in Sources */ = {isa = PBXBuildFile; fileRef = 6D8959EC1F53431900C27E09 /* TextBox.cpp */; };
		724E721B14E613213D0E081C /* TreeControl.cpp in Sources */ = {isa = PBXBuildFile; fileRef = 381A0CA94E8862F00D9A3428 /* TreeControl.cpp */; };
		40B01046032E3FAD5BFD1D51 /* UnitTest.cpp in Sources */ = {isa = PBXBuildFile; fileRef = 685F6F7E5DDA554D7E4A1085 /* UnitTest.cpp */; };
/* End PBXBuildFile section */

/* Begin PBXFileReference section */
		1A2D441B0B0A114431F4287C /* Button.cpp */ = {isa = PBXFileReference; lastKnownFileType = sourcecode.cpp.cpp; name = "Button.cpp"; path = "Button.cpp"; sourceTree = "<group>"; };
		1339336602A05BE238BC7003 /* Checkbox.cpp */ = {isa = PBXFileReference; lastKnownFileType = sourcecode.cpp.cpp; name = "Checkbox.cpp"; path = "Checkbox.cpp"; sourceTree = "<group>"; };
		095C6EC87FD93BDC609E34A5 /* ComboBox.cpp */ = {isa = PBXFileReference; lastKnownFileType = sourcecode.cpp.cpp; name = "ComboBox.cpp"; path = "ComboBox.cpp"; sourceTree = "<group>"; };
		108B609611275D8D5D806FE8 /* CrossSplitter.cpp */ = {isa = PBXFileReference; lastKnownFileType = sourcecode.cpp.cpp; name = "CrossSplitter.cpp"; path = "CrossSplitter.cpp"; sourceTree = "<group>"; };
		7B0B152A47E929855F9B134B /* GroupBox.cpp */ = {isa = PBXFileReference; lastKnownFileType = sourcecode.cpp.cpp; name = "GroupBox.cpp"; path = "GroupBox.cpp"; sourceTree = "<group>"; };
		5B4365832898240B650D43A4 /* ImagePanel.cpp */ = {isa = PBXFileReference; lastKnownFileType = sourcecode.cpp.cpp; name = "ImagePanel.cpp"; path = "ImagePanel.cpp"; sourceTree = "<group>"; };
		78C6481B283224D502A52EBC /* Label.cpp */ = {isa = PBXFileReference; lastKnownFileType = sourcecode.cpp.cpp; name = "Label.cpp"; path = "Label.cpp"; sourceTree = "<group>"; };
		049B640862E763062FEA5728 /* ListBox.cpp */ = {isa = PBXFileReference; lastKnownFileType = sourcecode.cpp.cpp; name = "ListBox.cpp"; path = "ListBox.cpp"; sourceTree = "<group>"; };
		18CE425678011168626C726A /* MenuStrip.cpp */ = {isa = PBXFileReference; lastKnownFileType = sourcecode.cpp.cpp; name = "MenuStrip.cpp"; path = "MenuStrip.cpp"; sourceTree = "<group>"; };
		4F3C39A3371906EA044F3548 /* Numeric.cpp */ = {isa = PBXFileReference; lastKnownFileType = sourcecode.cpp.cpp; name = "Numeric.cpp"; path = "Numeric.cpp"; sourceTree = "<group>"; };
		7B9B6FFB0A772F5B12142A6B /* PanelListPanel.cpp */ = {isa = PBXFileReference; lastKnownFileType = sourcecode.cpp.cpp; name = "PanelListPanel.cpp"; path = "PanelListPanel.cpp"; sourceTree = "<group>"; };
		54C70EF54AC940686BA96F3A /* ProgressBar.cpp */ = {isa = PBXFileReference; lastKnownFileType = sourcecode.cpp.cpp; name = "ProgressBar.cpp"; path = "ProgressBar.cpp"; sourceTree = "<group>"; };
		1954060D68076ED324B372F8 /* Properties.cpp */ = {isa = PBXFileReference; lastKnownFileType = sourcecode.cpp.cpp; name = "Properties.cpp"; path = "Properties.cpp"; sourceTree = "<group>"; };
		7B4F774413A51FF5601A141C /* RadioButton.cpp */ = {isa = PBXFileReference; lastKnownFileType = sourcecode.cpp.cpp; name = "RadioButton.cpp"; path = "RadioButton.cpp"; sourceTree = "<group>"; };
		5F5729F657FA537602D637EF /* ReadMe.txt */ = {isa = PBXFileReference; lastKnownFileType = text; name = "ReadMe.txt"; path = "ReadMe.txt"; sourceTree = "<group>"; };
		14E8775E5950772D736A5A62 /* ScrollControl.cpp */ = {isa = PBXFileReference; lastKnownFileType = sourcecode.cpp.cpp; name = "ScrollControl.cpp"; path = "ScrollControl.cpp"; sourceTree = "<group>"; };
		7A8956F737CD57960348293C /* Slider.cpp */ = {isa = PBXFileReference; lastKnownFileType = sourcecode.cpp.cpp; name = "Slider.cpp"; path = "Slider.cpp"; sourceTree = "<group>"; };
		19C11A3F4DE22D5912C23E47 /* StatusBar.cpp */ = {isa = PBXFileReference; lastKnownFileType = sourcecode.cpp.cpp; name = "StatusBar.cpp"; path = "StatusBar.cpp"; sourceTree = "<group>"; };
		4B472BC43DCD2BE478FE7FC0 /* TabControl.cpp */ = {isa = PBXFileReference; lastKnownFileType = sourcecode.cpp.cpp; name = "TabControl.cpp"; path = "TabControl.cpp"; sourceTree = "<group>"; };
		6D8959EC1F53431900C27E09 /* TextBox.cpp */ = {isa = PBXFileReference; lastKnownFileType = sourcecode.cpp.cpp; name = "TextBox.cpp"; path = "TextBox.cpp"; sourceTree = "<group>"; };
		381A0CA94E8862F00D9A3428 /* TreeControl.cpp */ = {isa = PBXFileReference; lastKnownFileType = sourcecode.cpp.cpp; name = "TreeControl.cpp"; path = "TreeControl.cpp"; sourceTree = "<group>"; };
		685F6F7E5DDA554D7E4A1085 /* UnitTest.cpp */ = {isa = PBXFileReference; lastKnownFileType = sourcecode.cpp.cpp; name = "UnitTest.cpp"; path = "UnitTest.cpp"; sourceTree = "<group>"; };
		340D6B8B14D055F8170753F3 /* libunittest.a */ = {isa = PBXFileReference; explicitFileType = archive.ar; includeInIndex = 0; name = "libunittest.a"; path = "libunittest.a"; sourceTree = BUILT_PRODUCTS_DIR; };
/* End PBXFileReference section */

/* Begin PBXFrameworksBuildPhase section */
		75C0396B5A25417448FF6C29 /* Frameworks */ = {
			isa = PBXFrameworksBuildPhase;
			buildActionMask = 2147483647;
			files = (
			);
			runOnlyForDeploymentPostprocessing = 0;
		};
/* End PBXFrameworksBuildPhase section */

/* Begin PBXGroup section */
		2E0C783E3EA628A56E701F69 /* UnitTest */ = {
			isa = PBXGroup;
			children = (
				1C6170FB5F1C25A0614D7ACC /* unittest */,
				337C4BB1775F4A1F787541E4 /* Products */,
			);
			name = "UnitTest";
			sourceTree = "<group>";
		};
		1C6170FB5F1C25A0614D7ACC /* unittest */ = {
			isa = PBXGroup;
			children = (
				1A2D441B0B0A114431F4287C /* Button.cpp */,
				1339336602A05BE238BC7003 /* Checkbox.cpp */,
				095C6EC87FD93BDC609E34A5 /* ComboBox.cpp */,
				108B609611275D8D5D806FE8 /* CrossSplitter.cpp */,
				7B0B152A47E929855F9B134B /* GroupBox.cpp */,
				5B4365832898240B650D43A4 /* ImagePanel.cpp */,
				78C6481B283224D502A52EBC /* Label.cpp */,
				049B640862E763062FEA5728 /* ListBox.cpp */,
				18CE425678011168626C726A /* MenuStrip.cpp */,
				4F3C39A3371906EA044F3548 /* Numeric.cpp */,
				7B9B6FFB0A772F5B12142A6B /* PanelListPanel.cpp */,
				54C70EF54AC940686BA96F3A /* ProgressBar.cpp */,
				1954060D68076ED324B372F8 /* Properties.cpp */,
				7B4F774413A51FF5601A141C /* RadioButton.cpp */,
				5F5729F657FA537602D637EF /* ReadMe.txt */,
				14E8775E5950772D736A5A62 /* ScrollControl.cpp */,
				7A8956F737CD57960348293C /* Slider.cpp */,
				19C11A3F4DE22D5912C23E47 /* StatusBar.cpp */,
				4B472BC43DCD2BE478FE7FC0 /* TabControl.cpp */,
				6D8959EC1F53431900C27E09 /* TextBox.cpp */,
				381A0CA94E8862F00D9A3428 /* TreeControl.cpp */,
				685F6F7E5DDA554D7E4A1085 /* UnitTest.cpp */,
			);
			name = "unittest";
			path = ../../unittest;
			sourceTree = "<group>";
		};
		337C4BB1775F4A1F787541E4 /* Products */ = {
			isa = PBXGroup;
			children = (
				340D6B8B14D055F8170753F3 /* libunittest.a */,
			);
			name = "Products";
			sourceTree = "<group>";
		};
/* End PBXGroup section */

/* Begin PBXNativeTarget section */
		33D34B752D3D628B749B22B1 /* UnitTest */ = {
			isa = PBXNativeTarget;
			buildConfigurationList = 4FAF71B94C4951C43C3F1CB8 /* Build configuration list for PBXNativeTarget "UnitTest" */;
			buildPhases = (
				297C0ED1396071B9098E04A0 /* Resources */,
				7C280A0C36DB512B73727EAC /* Sources */,
				75C0396B5A25417448FF6C29 /* Frameworks */,
			);
			buildRules = (
			);
			dependencies = (
			);
			name = "UnitTest";
			productName = "UnitTest";
			productReference = 340D6B8B14D055F8170753F3 /* libunittest.a */;
			productType = "com.apple.product-type.library.static";
		};
/* End PBXNativeTarget section */

/* Begin PBXProject section */
		08FB7793FE84155DC02AAC07 /* Project object */ = {
			isa = PBXProject;
			buildConfigurationList = 1DEB928908733DD80010E9CD /* Build configuration list for PBXProject "UnitTest" */;
			compatibilityVersion = "Xcode 3.1";
			hasScannedForEncodings = 1;
			mainGroup = 2E0C783E3EA628A56E701F69 /* UnitTest */;
			projectDirPath = "";
			projectRoot = "";
			targets = (
				33D34B752D3D628B749B22B1 /* libunittest.a */,
			);
		};
/* End PBXProject section */

/* Begin PBXResourcesBuildPhase section */
		297C0ED1396071B9098E04A0 /* Resources */ = {
			isa = PBXResourcesBuildPhase;
			buildActionMask = 2147483647;
			files = (
			);
			runOnlyForDeploymentPostprocessing = 0;
		};
/* End PBXResourcesBuildPhase section */

/* Begin PBXSourcesBuildPhase section */
		7C280A0C36DB512B73727EAC /* Sources */ = {
			isa = PBXSourcesBuildPhase;
			buildActionMask = 2147483647;
			files = (
				2309212504F708BD52A90C5F /* Button.cpp in Sources */,
				099D43B0714343D52E2C2D36 /* Checkbox.cpp in Sources */,
				4B987FDB213046892F644B4E /* ComboBox.cpp in Sources */,
				7CDA58B60F7C54CA2DED358C /* CrossSplitter.cpp in Sources */,
				0254331E12831CBA4BD54072 /* GroupBox.cpp in Sources */,
				4FF44BF869853EC24D4B6F1F /* ImagePanel.cpp in Sources */,
				57D21AAC053923F4058E5C8C /* Label.cpp in Sources */,
				169C5BE457923EA205156105 /* ListBox.cpp in Sources */,
				693F408636D1113F74FA2FE5 /* MenuStrip.cpp in Sources */,
				17D67CEF1FCB17744BAC6995 /* Numeric.cpp in Sources */,
				41D73470637B6D8646D55DC6 /* PanelListPanel.cpp in Sources */,
				177B7D0D0BCA51E7568879ED /* ProgressBar.cpp in Sources */,
				0C6D7774039D5D1965AE1FFF /* Properties.cpp in Sources */,
				6FB6373B4E1F0BCB2BB2616E /* RadioButton.cpp in Sources */,
				3ADC1FFA48F0414A49F8386C /* ScrollControl.cpp in Sources */,
				1DB528FF39ED67EF0FFB4454 /* Slider.cpp in Sources */,
				32E81025250006E44D4B0D8F /* StatusBar.cpp in Sources */,
				44B43FDB2F4F416C201661CA /* TabControl.cpp in Sources */,
				0FE377F776C065846752094D /* TextBox.cpp in Sources */,
				724E721B14E613213D0E081C /* TreeControl.cpp in Sources */,
				40B01046032E3FAD5BFD1D51 /* UnitTest.cpp in Sources */,
			);
			runOnlyForDeploymentPostprocessing = 0;
		};
/* End PBXSourcesBuildPhase section */

/* Begin PBXVariantGroup section */
/* End PBXVariantGroup section */

/* Begin XCBuildConfiguration section */
		0234160C30EE1F3710FE5974 /* Release */ = {
			isa = XCBuildConfiguration;
			buildSettings = {
				ALWAYS_SEARCH_USER_PATHS = NO;
				CONFIGURATION_BUILD_DIR = ../../lib/xcode3;
				GCC_DYNAMIC_NO_PIC = NO;
				GCC_MODEL_TUNING = G5;
				INSTALL_PATH = /usr/local/lib;
				PRODUCT_NAME = "unittest";
			};
			name = "Release";
		};
		032436B11D5844A95F553626 /* Debug */ = {
			isa = XCBuildConfiguration;
			buildSettings = {
				ALWAYS_SEARCH_USER_PATHS = NO;
				CONFIGURATION_BUILD_DIR = ../../lib/xcode3;
				GCC_DYNAMIC_NO_PIC = NO;
				GCC_MODEL_TUNING = G5;
				INSTALL_PATH = /usr/local/lib;
				PRODUCT_NAME = "unittestd";
			};
			name = "Debug";
		};
		6B9E63B05C3A4B0D452A5341 /* Release */ = {
			isa = XCBuildConfiguration;
			buildSettings = {
				ARCHS = "$(NATIVE_ARCH_ACTUAL)";
				CONFIGURATION_BUILD_DIR = "$(SYMROOT)";
				CONFIGURATION_TEMP_DIR = "$(OBJROOT)";
				COPY_PHASE_STRIP = NO;
				GCC_C_LANGUAGE_STANDARD = gnu99;
				GCC_ENABLE_CPP_RTTI = NO;
				GCC_OPTIMIZATION_LEVEL = s;
				GCC_PREPROCESSOR_DEFINITIONS = (
					"NDEBUG",
				);
				GCC_SYMBOLS_PRIVATE_EXTERN = NO;
				GCC_WARN_ABOUT_RETURN_TYPE = YES;
				GCC_WARN_UNUSED_VARIABLE = YES;
				HEADER_SEARCH_PATHS = (
					"../../include",
				);
				LIBRARY_SEARCH_PATHS = (
					"../../lib",
					"../../lib/xcode3",
				);
				OBJROOT = "obj/Release/UnitTest";
				ONLY_ACTIVE_ARCH = NO;
				OTHER_CFLAGS = (
					"-ffast-math",
				);
				PREBINDING = NO;
				SYMROOT = "../../lib/xcode3";
			};
			name = "Release";
		};
		7324160505443F9509634EE5 /* Debug */ = {
			isa = XCBuildConfiguration;
			buildSettings = {
				ARCHS = "$(NATIVE_ARCH_ACTUAL)";
				CONFIGURATION_BUILD_DIR = "$(SYMROOT)";
				CONFIGURATION_TEMP_DIR = "$(OBJROOT)";
				COPY_PHASE_STRIP = NO;
				GCC_C_LANGUAGE_STANDARD = gnu99;
				GCC_ENABLE_CPP_RTTI = NO;
				GCC_OPTIMIZATION_LEVEL = 0;
				GCC_PREPROCESSOR_DEFINITIONS = (
					"_DEBUG",
				);
				GCC_SYMBOLS_PRIVATE_EXTERN = NO;
				GCC_WARN_ABOUT_RETURN_TYPE = YES;
				GCC_WARN_UNUSED_VARIABLE = YES;
				HEADER_SEARCH_PATHS = (
					"../../include",
				);
				LIBRARY_SEARCH_PATHS = (
					"../../lib",
					"../../lib/xcode3",
				);
				OBJROOT = "obj/Debug/UnitTest";
				ONLY_ACTIVE_ARCH = YES;
				PREBINDING = NO;
				SYMROOT = "../../lib/xcode3";
			};
			name = "Debug";
		};
/* End XCBuildConfiguration section */

/* Begin XCConfigurationList section */
		4FAF71B94C4951C43C3F1CB8 /* Build configuration list for PBXNativeTarget "libunittest.a" */ = {
			isa = XCConfigurationList;
			buildConfigurations = (
				0234160C30EE1F3710FE5974 /* Release */,
				032436B11D5844A95F553626 /* Debug */,
			);
			defaultConfigurationIsVisible = 0;
			defaultConfigurationName = "Release";
		};
		1DEB928908733DD80010E9CD /* Build configuration list for PBXProject "UnitTest" */ = {
			isa = XCConfigurationList;
			buildConfigurations = (
				6B9E63B05C3A4B0D452A5341 /* Release */,
				7324160505443F9509634EE5 /* Debug */,
			);
			defaultConfigurationIsVisible = 0;
			defaultConfigurationName = "Release";
		};
/* End XCConfigurationList section */

	};
	rootObject = 08FB7793FE84155DC02AAC07 /* Project object */;
}
