// !$*UTF8*$!
{
	archiveVersion = 1;
	classes = {
	};
	objectVersion = 45;
	objects = {

/* Begin PBXBuildFile section */
		614107E37A1D448447BD05B6 /* WindowsGDI.cpp in Sources */ = {isa = PBXBuildFile; fileRef = 08B91E91696D4C995D072E59 /* WindowsGDI.cpp */; };
		60BA1918398147AE2B1A026A /* libGWEN-Renderer-GDI.a in Frameworks */ = {isa = PBXBuildFile; fileRef = 79E44D1D1C89287055E75AF0 /* libGWEN-Renderer-GDI.a */; };
		2E055A80268E655439DA5CB0 /* libgwen_static.a in Frameworks */ = {isa = PBXBuildFile; fileRef = 59030382203142894B8414FE /* libgwen_static.a */; };
		05D855512D6070B02774177E /* libunittest.a in Frameworks */ = {isa = PBXBuildFile; fileRef = 51C27762055F3F3F04C83EA5 /* libunittest.a */; };
/* End PBXBuildFile section */

/* Begin PBXContainerItemProxy section */
		4D022E150B89431876D52DD2 /* PBXContainerItemProxy */ = {
			isa = PBXContainerItemProxy;
			containerPortal = 360630EF4F06033D4A5A5C2D /* Renderer-GDI.xcodeproj */;
			proxyType = 2;
			remoteGlobalIDString = 0C8324D13E72405F2AD94496;
			remoteInfo = "libGWEN-Renderer-GDI.a";
		};
		2DF12B3F33806EAF03FF6768 /* PBXContainerItemProxy */ = {
			isa = PBXContainerItemProxy;
			containerPortal = 360630EF4F06033D4A5A5C2D /* Renderer-GDI.xcodeproj */;
			proxyType = 1;
			remoteGlobalIDString = 2E0E47084FA6001701163396;
			remoteInfo = "libGWEN-Renderer-GDI.a";
		};
		0BDA10F4783762AC76C0639D /* PBXContainerItemProxy */ = {
			isa = PBXContainerItemProxy;
			containerPortal = 3571786D467455D83FF16AC9 /* GWEN Static.xcodeproj */;
			proxyType = 2;
			remoteGlobalIDString = 0B22023615467EA1789B4F77;
			remoteInfo = "libgwen_static.a";
		};
		77696BCB02801942610E4F65 /* PBXContainerItemProxy */ = {
			isa = PBXContainerItemProxy;
			containerPortal = 3571786D467455D83FF16AC9 /* GWEN Static.xcodeproj */;
			proxyType = 1;
			remoteGlobalIDString = 07B846E7363473AB23617D63;
			remoteInfo = "libgwen_static.a";
		};
		02321C570E4D6D2D10770C4A /* PBXContainerItemProxy */ = {
			isa = PBXContainerItemProxy;
			containerPortal = 5A261A4D30EF25B6238F42EE /* UnitTest.xcodeproj */;
			proxyType = 2;
			remoteGlobalIDString = 0FA324FE39C7114F4BC4112D;
			remoteInfo = "libunittest.a";
		};
		376E2B143E1F137A1EA1777A /* PBXContainerItemProxy */ = {
			isa = PBXContainerItemProxy;
			containerPortal = 5A261A4D30EF25B6238F42EE /* UnitTest.xcodeproj */;
			proxyType = 1;
			remoteGlobalIDString = 7AC907DF5C8D1DA244335D82;
			remoteInfo = "libunittest.a";
		};
/* End PBXContainerItemProxy section */

/* Begin PBXFileReference section */
		08B91E91696D4C995D072E59 /* WindowsGDI.cpp */ = {isa = PBXFileReference; lastKnownFileType = sourcecode.cpp.cpp; name = "WindowsGDI.cpp"; path = "WindowsGDI.cpp"; sourceTree = "<group>"; };
		39875FA7118D6079118801D5 /* GDISample.app */ = {isa = PBXFileReference; explicitFileType = wrapper.application; includeInIndex = 0; name = "GDISample.app"; path = "GDISample.app"; sourceTree = BUILT_PRODUCTS_DIR; };
		360630EF4F06033D4A5A5C2D /* Renderer-GDI.xcodeproj */ = {isa = PBXFileReference; lastKnownFileType = "wrapper.pb-project"; name = "Renderer-GDI.xcodeproj"; path = "Renderer-GDI.xcodeproj"; sourceTree = SOURCE_ROOT; };
		3571786D467455D83FF16AC9 /* GWEN Static.xcodeproj */ = {isa = PBXFileReference; lastKnownFileType = "wrapper.pb-project"; name = "GWEN Static.xcodeproj"; path = "GWEN Static.xcodeproj"; sourceTree = SOURCE_ROOT; };
		5A261A4D30EF25B6238F42EE /* UnitTest.xcodeproj */ = {isa = PBXFileReference; lastKnownFileType = "wrapper.pb-project"; name = "UnitTest.xcodeproj"; path = "UnitTest.xcodeproj"; sourceTree = SOURCE_ROOT; };
/* End PBXFileReference section */

/* Begin PBXFrameworksBuildPhase section */
		79727B1355E757354B1F4056 /* Frameworks */ = {
			isa = PBXFrameworksBuildPhase;
			buildActionMask = 2147483647;
			files = (
				60BA1918398147AE2B1A026A /* libGWEN-Renderer-GDI.a in Frameworks */,
				2E055A80268E655439DA5CB0 /* libgwen_static.a in Frameworks */,
				05D855512D6070B02774177E /* libunittest.a in Frameworks */,
			);
			runOnlyForDeploymentPostprocessing = 0;
		};
/* End PBXFrameworksBuildPhase section */

/* Begin PBXGroup section */
		215B3397237971833A056589 /* Sample-WindowsGDI */ = {
			isa = PBXGroup;
			children = (
				3D152C9E2E2C60F66A695007 /* Samples */,
				6811529B6ADA347612CD2FB5 /* Products */,
				34E4468E4F1D593C7A2F1958 /* Projects */,
			);
			name = "Sample-WindowsGDI";
			sourceTree = "<group>";
		};
		3D152C9E2E2C60F66A695007 /* Samples */ = {
			isa = PBXGroup;
			children = (
				22F941B0761561B3152625DC /* WindowsGDI */,
			);
			name = "Samples";
			path = ../../Samples;
			sourceTree = "<group>";
		};
		22F941B0761561B3152625DC /* WindowsGDI */ = {
			isa = PBXGroup;
			children = (
				08B91E91696D4C995D072E59 /* WindowsGDI.cpp */,
			);
			name = "WindowsGDI";
			path = WindowsGDI;
			sourceTree = "<group>";
		};
		6811529B6ADA347612CD2FB5 /* Products */ = {
			isa = PBXGroup;
			children = (
				39875FA7118D6079118801D5 /* GDISample.app */,
			);
			name = "Products";
			sourceTree = "<group>";
		};
		34E4468E4F1D593C7A2F1958 /* Projects */ = {
			isa = PBXGroup;
			children = (
				360630EF4F06033D4A5A5C2D /* Renderer-GDI.xcodeproj */,
				3571786D467455D83FF16AC9 /* GWEN Static.xcodeproj */,
				5A261A4D30EF25B6238F42EE /* UnitTest.xcodeproj */,
			);
			name = "Projects";
			sourceTree = "<group>";
		};
		589D69B11F11108B64FA1408 /* Products */ = {
			isa = PBXGroup;
			children = (
				79E44D1D1C89287055E75AF0 /* libGWEN-Renderer-GDI.a */,
			);
			name = Products;
			sourceTree = "<group>";
		};
		54F13447601A4C920F026918 /* Products */ = {
			isa = PBXGroup;
			children = (
				59030382203142894B8414FE /* libgwen_static.a */,
			);
			name = Products;
			sourceTree = "<group>";
		};
		1E9413947D10769579CC2BC4 /* Products */ = {
			isa = PBXGroup;
			children = (
				51C27762055F3F3F04C83EA5 /* libunittest.a */,
			);
			name = Products;
			sourceTree = "<group>";
		};
/* End PBXGroup section */

/* Begin PBXNativeTarget section */
		4FB44E320D120958720946DC /* Sample-WindowsGDI */ = {
			isa = PBXNativeTarget;
			buildConfigurationList = 070A435A4FC27FF362D444C2 /* Build configuration list for PBXNativeTarget "Sample-WindowsGDI" */;
			buildPhases = (
				1071656C5916163606AA2D3F /* Resources */,
				435F4E5444A45E9C12AF466F /* Sources */,
				79727B1355E757354B1F4056 /* Frameworks */,
			);
			buildRules = (
			);
			dependencies = (
				2B524C8F3B97693057873191 /* PBXTargetDependency */,
				355E29E56CAC48317B433D9C /* PBXTargetDependency */,
				6A371598565D22434F222542 /* PBXTargetDependency */,
			);
			name = "Sample-WindowsGDI";
			productInstallPath = "$(HOME)/Applications";
			productName = "Sample-WindowsGDI";
			productReference = 39875FA7118D6079118801D5 /* GDISample.app */;
			productType = "com.apple.product-type.application";
		};
/* End PBXNativeTarget section */

/* Begin PBXProject section */
		08FB7793FE84155DC02AAC07 /* Project object */ = {
			isa = PBXProject;
			buildConfigurationList = 1DEB928908733DD80010E9CD /* Build configuration list for PBXProject "Sample-WindowsGDI" */;
			compatibilityVersion = "Xcode 3.1";
			hasScannedForEncodings = 1;
			mainGroup = 215B3397237971833A056589 /* Sample-WindowsGDI */;
			projectDirPath = "";
			projectReferences = (
				{
					ProductGroup = 589D69B11F11108B64FA1408 /* Products */;
					ProjectRef = 360630EF4F06033D4A5A5C2D /* Renderer-GDI.xcodeproj */;
				},
				{
					ProductGroup = 54F13447601A4C920F026918 /* Products */;
					ProjectRef = 3571786D467455D83FF16AC9 /* GWEN Static.xcodeproj */;
				},
				{
					ProductGroup = 1E9413947D10769579CC2BC4 /* Products */;
					ProjectRef = 5A261A4D30EF25B6238F42EE /* UnitTest.xcodeproj */;
				},
			);
			projectRoot = "";
			targets = (
				4FB44E320D120958720946DC /* GDISample.app */,
			);
		};
/* End PBXProject section */

/* Begin PBXReferenceProxy section */
		79E44D1D1C89287055E75AF0 /* libGWEN-Renderer-GDI.a */ = {
			isa = PBXReferenceProxy;
			fileType = archive.ar;
			path = "../../lib/xcode4/libGWEN-Renderer-GDI.a";
			remoteRef = 4D022E150B89431876D52DD2 /* PBXContainerItemProxy */;
			sourceTree = BUILT_PRODUCTS_DIR;
		};
		59030382203142894B8414FE /* libgwen_static.a */ = {
			isa = PBXReferenceProxy;
			fileType = archive.ar;
			path = "../../lib/xcode4/libgwen_static.a";
			remoteRef = 0BDA10F4783762AC76C0639D /* PBXContainerItemProxy */;
			sourceTree = BUILT_PRODUCTS_DIR;
		};
		51C27762055F3F3F04C83EA5 /* libunittest.a */ = {
			isa = PBXReferenceProxy;
			fileType = archive.ar;
			path = "../../lib/xcode4/libunittest.a";
			remoteRef = 02321C570E4D6D2D10770C4A /* PBXContainerItemProxy */;
			sourceTree = BUILT_PRODUCTS_DIR;
		};
/* End PBXReferenceProxy section */

/* Begin PBXResourcesBuildPhase section */
		1071656C5916163606AA2D3F /* Resources */ = {
			isa = PBXResourcesBuildPhase;
			buildActionMask = 2147483647;
			files = (
			);
			runOnlyForDeploymentPostprocessing = 0;
		};
/* End PBXResourcesBuildPhase section */

/* Begin PBXSourcesBuildPhase section */
		435F4E5444A45E9C12AF466F /* Sources */ = {
			isa = PBXSourcesBuildPhase;
			buildActionMask = 2147483647;
			files = (
				614107E37A1D448447BD05B6 /* WindowsGDI.cpp in Sources */,
			);
			runOnlyForDeploymentPostprocessing = 0;
		};
/* End PBXSourcesBuildPhase section */

/* Begin PBXVariantGroup section */
/* End PBXVariantGroup section */

/* Begin PBXTargetDependency section */
		2B524C8F3B97693057873191 /* PBXTargetDependency */ = {
			isa = PBXTargetDependency;
			name = "libGWEN-Renderer-GDI.a";
			targetProxy = 2DF12B3F33806EAF03FF6768 /* PBXContainerItemProxy */;
		};
		355E29E56CAC48317B433D9C /* PBXTargetDependency */ = {
			isa = PBXTargetDependency;
			name = "libgwen_static.a";
			targetProxy = 77696BCB02801942610E4F65 /* PBXContainerItemProxy */;
		};
		6A371598565D22434F222542 /* PBXTargetDependency */ = {
			isa = PBXTargetDependency;
			name = "libunittest.a";
			targetProxy = 376E2B143E1F137A1EA1777A /* PBXContainerItemProxy */;
		};
/* End PBXTargetDependency section */

/* Begin XCBuildConfiguration section */
		66661DE81A35464202EC5F6B /* Release */ = {
			isa = XCBuildConfiguration;
			buildSettings = {
				ALWAYS_SEARCH_USER_PATHS = NO;
				CONFIGURATION_BUILD_DIR = ../../bin;
				GCC_DYNAMIC_NO_PIC = NO;
				GCC_MODEL_TUNING = G5;
				INSTALL_PATH = "$(HOME)/Applications";
				PRODUCT_NAME = "GDISample";
			};
			name = "Release";
		};
		747335AB22EC7ADA3CAA6061 /* Debug */ = {
			isa = XCBuildConfiguration;
			buildSettings = {
				ALWAYS_SEARCH_USER_PATHS = NO;
				CONFIGURATION_BUILD_DIR = ../../bin;
				GCC_DYNAMIC_NO_PIC = NO;
				GCC_MODEL_TUNING = G5;
				INSTALL_PATH = "$(HOME)/Applications";
				PRODUCT_NAME = "GDISample_D";
			};
			name = "Debug";
		};
		53A3564E7B0566AC36886DEF /* Release */ = {
			isa = XCBuildConfiguration;
			buildSettings = {
				ARCHS = "$(NATIVE_ARCH_ACTUAL)";
				CONFIGURATION_BUILD_DIR = "$(SYMROOT)";
				CONFIGURATION_TEMP_DIR = "$(OBJROOT)";
				COPY_PHASE_STRIP = NO;
				GCC_C_LANGUAGE_STANDARD = gnu99;
				GCC_OPTIMIZATION_LEVEL = s;
				GCC_PREPROCESSOR_DEFINITIONS = (
					"NDEBUG",
				);
				GCC_SYMBOLS_PRIVATE_EXTERN = NO;
				GCC_WARN_ABOUT_RETURN_TYPE = YES;
				GCC_WARN_UNUSED_VARIABLE = YES;
				HEADER_SEARCH_PATHS = (
					"../../include",
				);
				LIBRARY_SEARCH_PATHS = (
					"../../lib/xcode4",
				);
				OBJROOT = "obj/Release/Sample-WindowsGDI";
				ONLY_ACTIVE_ARCH = NO;
				OTHER_CFLAGS = (
					"-ffast-math",
				);
				PREBINDING = NO;
				SYMROOT = "../../bin";
			};
			name = "Release";
		};
		27FA2E62633F0D5E120F233E /* Debug */ = {
			isa = XCBuildConfiguration;
			buildSettings = {
				ARCHS = "$(NATIVE_ARCH_ACTUAL)";
				CONFIGURATION_BUILD_DIR = "$(SYMROOT)";
				CONFIGURATION_TEMP_DIR = "$(OBJROOT)";
				COPY_PHASE_STRIP = NO;
				GCC_C_LANGUAGE_STANDARD = gnu99;
				GCC_OPTIMIZATION_LEVEL = 0;
				GCC_PREPROCESSOR_DEFINITIONS = (
					"_DEBUG",
				);
				GCC_SYMBOLS_PRIVATE_EXTERN = NO;
				GCC_WARN_ABOUT_RETURN_TYPE = YES;
				GCC_WARN_UNUSED_VARIABLE = YES;
				HEADER_SEARCH_PATHS = (
					"../../include",
				);
				LIBRARY_SEARCH_PATHS = (
					"../../lib/xcode4",
				);
				OBJROOT = "obj/Debug/Sample-WindowsGDI";
				ONLY_ACTIVE_ARCH = YES;
				PREBINDING = NO;
				SYMROOT = "../../bin";
			};
			name = "Debug";
		};
/* End XCBuildConfiguration section */

/* Begin XCConfigurationList section */
		070A435A4FC27FF362D444C2 /* Build configuration list for PBXNativeTarget "GDISample.app" */ = {
			isa = XCConfigurationList;
			buildConfigurations = (
				66661DE81A35464202EC5F6B /* Release */,
				747335AB22EC7ADA3CAA6061 /* Debug */,
			);
			defaultConfigurationIsVisible = 0;
			defaultConfigurationName = "Release";
		};
		1DEB928908733DD80010E9CD /* Build configuration list for PBXProject "Sample-WindowsGDI" */ = {
			isa = XCConfigurationList;
			buildConfigurations = (
				53A3564E7B0566AC36886DEF /* Release */,
				27FA2E62633F0D5E120F233E /* Debug */,
			);
			defaultConfigurationIsVisible = 0;
			defaultConfigurationName = "Release";
		};
/* End XCConfigurationList section */

	};
	rootObject = 08FB7793FE84155DC02AAC07 /* Project object */;
}
