// !$*UTF8*$!
{
	archiveVersion = 1;
	classes = {
	};
	objectVersion = 45;
	objects = {

/* Begin PBXBuildFile section */
		1C12082051243AC12B601ECD /* SFML.cpp in Sources */ = {isa = PBXBuildFile; fileRef = 4AD4380B73F505375363303A /* SFML.cpp */; };
/* End PBXBuildFile section */

/* Begin PBXFileReference section */
		4AD4380B73F505375363303A /* SFML.cpp */ = {isa = PBXFileReference; lastKnownFileType = sourcecode.cpp.cpp; name = "SFML.cpp"; path = "SFML.cpp"; sourceTree = "<group>"; };
		243922C6238429CF444F57DB /* libGWEN-Renderer-SFML.a */ = {isa = PBXFileReference; explicitFileType = archive.ar; includeInIndex = 0; name = "libGWEN-Renderer-SFML.a"; path = "libGWEN-Renderer-SFML.a"; sourceTree = BUILT_PRODUCTS_DIR; };
/* End PBXFileReference section */

/* Begin PBXFrameworksBuildPhase section */
		77B53ABB18263B2254692610 /* Frameworks */ = {
			isa = PBXFrameworksBuildPhase;
			buildActionMask = 2147483647;
			files = (
			);
			runOnlyForDeploymentPostprocessing = 0;
		};
/* End PBXFrameworksBuildPhase section */

/* Begin PBXGroup section */
		2E46264812DD517E41ED7F5C /* Renderer-SFML */ = {
			isa = PBXGroup;
			children = (
				1FCA65814BCA2D525B7F68D6 /* Renderers */,
				4B996B27291B2E17648C2B22 /* Products */,
			);
			name = "Renderer-SFML";
			sourceTree = "<group>";
		};
		1FCA65814BCA2D525B7F68D6 /* Renderers */ = {
			isa = PBXGroup;
			children = (
				08AA63542FD4540A2CB66B78 /* SFML */,
			);
			name = "Renderers";
			path = ../../Renderers;
			sourceTree = "<group>";
		};
		08AA63542FD4540A2CB66B78 /* SFML */ = {
			isa = PBXGroup;
			children = (
				4AD4380B73F505375363303A /* SFML.cpp */,
			);
			name = "SFML";
			path = SFML;
			sourceTree = "<group>";
		};
		4B996B27291B2E17648C2B22 /* Products */ = {
			isa = PBXGroup;
			children = (
				243922C6238429CF444F57DB /* libGWEN-Renderer-SFML.a */,
			);
			name = "Products";
			sourceTree = "<group>";
		};
/* End PBXGroup section */

/* Begin PBXNativeTarget section */
		728067642C2D5DA34B3C3830 /* Renderer-SFML */ = {
			isa = PBXNativeTarget;
			buildConfigurationList = 2AF13C8671AE7DAC5BC06E0B /* Build configuration list for PBXNativeTarget "Renderer-SFML" */;
			buildPhases = (
				597F78585FA267F2376D66E7 /* Resources */,
				392731120B404D1613E16247 /* Sources */,
				77B53ABB18263B2254692610 /* Frameworks */,
			);
			buildRules = (
			);
			dependencies = (
			);
			name = "Renderer-SFML";
			productName = "Renderer-SFML";
			productReference = 243922C6238429CF444F57DB /* libGWEN-Renderer-SFML.a */;
			productType = "com.apple.product-type.library.static";
		};
/* End PBXNativeTarget section */

/* Begin PBXProject section */
		08FB7793FE84155DC02AAC07 /* Project object */ = {
			isa = PBXProject;
			buildConfigurationList = 1DEB928908733DD80010E9CD /* Build configuration list for PBXProject "Renderer-SFML" */;
			compatibilityVersion = "Xcode 3.1";
			hasScannedForEncodings = 1;
			mainGroup = 2E46264812DD517E41ED7F5C /* Renderer-SFML */;
			projectDirPath = "";
			projectRoot = "";
			targets = (
				728067642C2D5DA34B3C3830 /* libGWEN-Renderer-SFML.a */,
			);
		};
/* End PBXProject section */

/* Begin PBXResourcesBuildPhase section */
		597F78585FA267F2376D66E7 /* Resources */ = {
			isa = PBXResourcesBuildPhase;
			buildActionMask = 2147483647;
			files = (
			);
			runOnlyForDeploymentPostprocessing = 0;
		};
/* End PBXResourcesBuildPhase section */

/* Begin PBXSourcesBuildPhase section */
		392731120B404D1613E16247 /* Sources */ = {
			isa = PBXSourcesBuildPhase;
			buildActionMask = 2147483647;
			files = (
				1C12082051243AC12B601ECD /* SFML.cpp in Sources */,
			);
			runOnlyForDeploymentPostprocessing = 0;
		};
/* End PBXSourcesBuildPhase section */

/* Begin PBXVariantGroup section */
/* End PBXVariantGroup section */

/* Begin XCBuildConfiguration section */
		6C68301C1337376F19A0202E /* Release */ = {
			isa = XCBuildConfiguration;
			buildSettings = {
				ALWAYS_SEARCH_USER_PATHS = NO;
				CONFIGURATION_BUILD_DIR = ../../lib/xcode4;
				GCC_DYNAMIC_NO_PIC = NO;
				GCC_MODEL_TUNING = G5;
				INSTALL_PATH = /usr/local/lib;
				PRODUCT_NAME = "GWEN-Renderer-SFML";
			};
			name = "Release";
		};
		2F1818395B1A2CDC68D75FD6 /* Debug */ = {
			isa = XCBuildConfiguration;
			buildSettings = {
				ALWAYS_SEARCH_USER_PATHS = NO;
				CONFIGURATION_BUILD_DIR = ../../lib/xcode4;
				GCC_DYNAMIC_NO_PIC = NO;
				GCC_MODEL_TUNING = G5;
				INSTALL_PATH = /usr/local/lib;
				PRODUCT_NAME = "GWEN-Renderer-SFML";
			};
			name = "Debug";
		};
		781214E65B5B51DB6EB03D65 /* Release */ = {
			isa = XCBuildConfiguration;
			buildSettings = {
				ARCHS = "$(NATIVE_ARCH_ACTUAL)";
				CONFIGURATION_BUILD_DIR = "$(SYMROOT)";
				CONFIGURATION_TEMP_DIR = "$(OBJROOT)";
				COPY_PHASE_STRIP = NO;
				GCC_C_LANGUAGE_STANDARD = gnu99;
				GCC_ENABLE_CPP_RTTI = NO;
				GCC_OPTIMIZATION_LEVEL = s;
				GCC_PREPROCESSOR_DEFINITIONS = (
					"NDEBUG",
				);
				GCC_SYMBOLS_PRIVATE_EXTERN = NO;
				GCC_WARN_ABOUT_RETURN_TYPE = YES;
				GCC_WARN_UNUSED_VARIABLE = YES;
				HEADER_SEARCH_PATHS = (
					"../../include",
				);
				LIBRARY_SEARCH_PATHS = (
					"../../lib",
					"../../lib/xcode4",
				);
				OBJROOT = "obj/Release/Renderer-SFML";
				ONLY_ACTIVE_ARCH = NO;
				OTHER_CFLAGS = (
					"-ffast-math",
				);
				PREBINDING = NO;
				SYMROOT = "../../lib/xcode4";
			};
			name = "Release";
		};
		7DF94E62002057A949B50CCC /* Debug */ = {
			isa = XCBuildConfiguration;
			buildSettings = {
				ARCHS = "$(NATIVE_ARCH_ACTUAL)";
				CONFIGURATION_BUILD_DIR = "$(SYMROOT)";
				CONFIGURATION_TEMP_DIR = "$(OBJROOT)";
				COPY_PHASE_STRIP = NO;
				GCC_C_LANGUAGE_STANDARD = gnu99;
				GCC_ENABLE_CPP_RTTI = NO;
				GCC_OPTIMIZATION_LEVEL = 0;
				GCC_PREPROCESSOR_DEFINITIONS = (
					"_DEBUG",
				);
				GCC_SYMBOLS_PRIVATE_EXTERN = NO;
				GCC_WARN_ABOUT_RETURN_TYPE = YES;
				GCC_WARN_UNUSED_VARIABLE = YES;
				HEADER_SEARCH_PATHS = (
					"../../include",
				);
				LIBRARY_SEARCH_PATHS = (
					"../../lib",
					"../../lib/xcode4",
				);
				OBJROOT = "obj/Debug/Renderer-SFML";
				ONLY_ACTIVE_ARCH = YES;
				PREBINDING = NO;
				SYMROOT = "../../lib/xcode4";
			};
			name = "Debug";
		};
/* End XCBuildConfiguration section */

/* Begin XCConfigurationList section */
		2AF13C8671AE7DAC5BC06E0B /* Build configuration list for PBXNativeTarget "libGWEN-Renderer-SFML.a" */ = {
			isa = XCConfigurationList;
			buildConfigurations = (
				6C68301C1337376F19A0202E /* Release */,
				2F1818395B1A2CDC68D75FD6 /* Debug */,
			);
			defaultConfigurationIsVisible = 0;
			defaultConfigurationName = "Release";
		};
		1DEB928908733DD80010E9CD /* Build configuration list for PBXProject "Renderer-SFML" */ = {
			isa = XCConfigurationList;
			buildConfigurations = (
				781214E65B5B51DB6EB03D65 /* Release */,
				7DF94E62002057A949B50CCC /* Debug */,
			);
			defaultConfigurationIsVisible = 0;
			defaultConfigurationName = "Release";
		};
/* End XCConfigurationList section */

	};
	rootObject = 08FB7793FE84155DC02AAC07 /* Project object */;
}
