// !$*UTF8*$!
{
	archiveVersion = 1;
	classes = {
	};
	objectVersion = 45;
	objects = {

/* Begin PBXBuildFile section */
		165060AF558057EF57ED0442 /* SFML.cpp in Sources */ = {isa = PBXBuildFile; fileRef = 524C52496A234F557CE97261 /* SFML.cpp */; };
/* End PBXBuildFile section */

/* Begin PBXFileReference section */
		524C52496A234F557CE97261 /* SFML.cpp */ = {isa = PBXFileReference; lastKnownFileType = sourcecode.cpp.cpp; name = "SFML.cpp"; path = "SFML.cpp"; sourceTree = "<group>"; };
		602271222C2A46A713681BAF /* libGWEN-Renderer-SFML.a */ = {isa = PBXFileReference; explicitFileType = archive.ar; includeInIndex = 0; name = "libGWEN-Renderer-SFML.a"; path = "libGWEN-Renderer-SFML.a"; sourceTree = BUILT_PRODUCTS_DIR; };
/* End PBXFileReference section */

/* Begin PBXFrameworksBuildPhase section */
		32197DB425A908AD1D6D7A74 /* Frameworks */ = {
			isa = PBXFrameworksBuildPhase;
			buildActionMask = 2147483647;
			files = (
			);
			runOnlyForDeploymentPostprocessing = 0;
		};
/* End PBXFrameworksBuildPhase section */

/* Begin PBXGroup section */
		54606158597116D425933CCE /* Renderer-SFML */ = {
			isa = PBXGroup;
			children = (
				242940A8266B6A900841517E /* Renderers */,
				73C41B6A06E40E67067C6D11 /* Products */,
			);
			name = "Renderer-SFML";
			sourceTree = "<group>";
		};
		242940A8266B6A900841517E /* Renderers */ = {
			isa = PBXGroup;
			children = (
				2CCA5C0C18471D405A4A1480 /* SFML */,
			);
			name = "Renderers";
			path = ../../Renderers;
			sourceTree = "<group>";
		};
		2CCA5C0C18471D405A4A1480 /* SFML */ = {
			isa = PBXGroup;
			children = (
				524C52496A234F557CE97261 /* SFML.cpp */,
			);
			name = "SFML";
			path = SFML;
			sourceTree = "<group>";
		};
		73C41B6A06E40E67067C6D11 /* Products */ = {
			isa = PBXGroup;
			children = (
				602271222C2A46A713681BAF /* libGWEN-Renderer-SFML.a */,
			);
			name = "Products";
			sourceTree = "<group>";
		};
/* End PBXGroup section */

/* Begin PBXNativeTarget section */
		2DA854007621126F2EE55912 /* Renderer-SFML */ = {
			isa = PBXNativeTarget;
			buildConfigurationList = 1CC8336F4D8436DC1F015937 /* Build configuration list for PBXNativeTarget "Renderer-SFML" */;
			buildPhases = (
				75141AB2742A26FC364420DC /* Resources */,
				28B7477160D02ABA66DB110F /* Sources */,
				32197DB425A908AD1D6D7A74 /* Frameworks */,
			);
			buildRules = (
			);
			dependencies = (
			);
			name = "Renderer-SFML";
			productName = "Renderer-SFML";
			productReference = 602271222C2A46A713681BAF /* libGWEN-Renderer-SFML.a */;
			productType = "com.apple.product-type.library.static";
		};
/* End PBXNativeTarget section */

/* Begin PBXProject section */
		08FB7793FE84155DC02AAC07 /* Project object */ = {
			isa = PBXProject;
			buildConfigurationList = 1DEB928908733DD80010E9CD /* Build configuration list for PBXProject "Renderer-SFML" */;
			compatibilityVersion = "Xcode 3.1";
			hasScannedForEncodings = 1;
			mainGroup = 54606158597116D425933CCE /* Renderer-SFML */;
			projectDirPath = "";
			projectRoot = "";
			targets = (
				2DA854007621126F2EE55912 /* libGWEN-Renderer-SFML.a */,
			);
		};
/* End PBXProject section */

/* Begin PBXResourcesBuildPhase section */
		75141AB2742A26FC364420DC /* Resources */ = {
			isa = PBXResourcesBuildPhase;
			buildActionMask = 2147483647;
			files = (
			);
			runOnlyForDeploymentPostprocessing = 0;
		};
/* End PBXResourcesBuildPhase section */

/* Begin PBXSourcesBuildPhase section */
		28B7477160D02ABA66DB110F /* Sources */ = {
			isa = PBXSourcesBuildPhase;
			buildActionMask = 2147483647;
			files = (
				165060AF558057EF57ED0442 /* SFML.cpp in Sources */,
			);
			runOnlyForDeploymentPostprocessing = 0;
		};
/* End PBXSourcesBuildPhase section */

/* Begin PBXVariantGroup section */
/* End PBXVariantGroup section */

/* Begin XCBuildConfiguration section */
		7AA538BA7B3C2620542A6C19 /* Release */ = {
			isa = XCBuildConfiguration;
			buildSettings = {
				ALWAYS_SEARCH_USER_PATHS = NO;
				CONFIGURATION_BUILD_DIR = ../../lib/xcode4;
				GCC_DYNAMIC_NO_PIC = NO;
				GCC_MODEL_TUNING = G5;
				INSTALL_PATH = /usr/local/lib;
				PRODUCT_NAME = "GWEN-Renderer-SFML";
			};
			name = "Release";
		};
		6AFF042316626452536B0696 /* Debug */ = {
			isa = XCBuildConfiguration;
			buildSettings = {
				ALWAYS_SEARCH_USER_PATHS = NO;
				CONFIGURATION_BUILD_DIR = ../../lib/xcode4;
				GCC_DYNAMIC_NO_PIC = NO;
				GCC_MODEL_TUNING = G5;
				INSTALL_PATH = /usr/local/lib;
				PRODUCT_NAME = "GWEN-Renderer-SFML";
			};
			name = "Debug";
		};
		73910F0D07DE58CA1C593567 /* Release */ = {
			isa = XCBuildConfiguration;
			buildSettings = {
				ARCHS = "$(NATIVE_ARCH_ACTUAL)";
				CONFIGURATION_BUILD_DIR = "$(SYMROOT)";
				CONFIGURATION_TEMP_DIR = "$(OBJROOT)";
				COPY_PHASE_STRIP = NO;
				GCC_C_LANGUAGE_STANDARD = gnu99;
				GCC_OPTIMIZATION_LEVEL = s;
				GCC_PREPROCESSOR_DEFINITIONS = (
					"NDEBUG",
				);
				GCC_SYMBOLS_PRIVATE_EXTERN = NO;
				GCC_WARN_ABOUT_RETURN_TYPE = YES;
				GCC_WARN_UNUSED_VARIABLE = YES;
				HEADER_SEARCH_PATHS = (
					"../../include",
				);
				LIBRARY_SEARCH_PATHS = (
					"../../lib",
					"../../lib/xcode4",
				);
				OBJROOT = "obj/Release/Renderer-SFML";
				ONLY_ACTIVE_ARCH = NO;
				OTHER_CFLAGS = (
					"-ffast-math",
				);
				PREBINDING = NO;
				SYMROOT = "../../lib/xcode4";
			};
			name = "Release";
		};
		0A250CF36E071886514C59E0 /* Debug */ = {
			isa = XCBuildConfiguration;
			buildSettings = {
				ARCHS = "$(NATIVE_ARCH_ACTUAL)";
				CONFIGURATION_BUILD_DIR = "$(SYMROOT)";
				CONFIGURATION_TEMP_DIR = "$(OBJROOT)";
				COPY_PHASE_STRIP = NO;
				GCC_C_LANGUAGE_STANDARD = gnu99;
				GCC_OPTIMIZATION_LEVEL = 0;
				GCC_PREPROCESSOR_DEFINITIONS = (
					"_DEBUG",
				);
				GCC_SYMBOLS_PRIVATE_EXTERN = NO;
				GCC_WARN_ABOUT_RETURN_TYPE = YES;
				GCC_WARN_UNUSED_VARIABLE = YES;
				HEADER_SEARCH_PATHS = (
					"../../include",
				);
				LIBRARY_SEARCH_PATHS = (
					"../../lib",
					"../../lib/xcode4",
				);
				OBJROOT = "obj/Debug/Renderer-SFML";
				ONLY_ACTIVE_ARCH = YES;
				PREBINDING = NO;
				SYMROOT = "../../lib/xcode4";
			};
			name = "Debug";
		};
/* End XCBuildConfiguration section */

/* Begin XCConfigurationList section */
		1CC8336F4D8436DC1F015937 /* Build configuration list for PBXNativeTarget "libGWEN-Renderer-SFML.a" */ = {
			isa = XCConfigurationList;
			buildConfigurations = (
				7AA538BA7B3C2620542A6C19 /* Release */,
				6AFF042316626452536B0696 /* Debug */,
			);
			defaultConfigurationIsVisible = 0;
			defaultConfigurationName = "Release";
		};
		1DEB928908733DD80010E9CD /* Build configuration list for PBXProject "Renderer-SFML" */ = {
			isa = XCConfigurationList;
			buildConfigurations = (
				73910F0D07DE58CA1C593567 /* Release */,
				0A250CF36E071886514C59E0 /* Debug */,
			);
			defaultConfigurationIsVisible = 0;
			defaultConfigurationName = "Release";
		};
/* End XCConfigurationList section */

	};
	rootObject = 08FB7793FE84155DC02AAC07 /* Project object */;
}
