// !$*UTF8*$!
{
	archiveVersion = 1;
	classes = {
	};
	objectVersion = 45;
	objects = {

/* Begin PBXBuildFile section */
		73234B815DD83E6F580A1289 /* Anim.cpp in Sources */ = {isa = PBXBuildFile; fileRef = 2EDB3B2818141F4A056B1EAD /* Anim.cpp */; };
		3E7C53F81CAB321042950155 /* BaseRender.cpp in Sources */ = {isa = PBXBuildFile; fileRef = 60C901C42CD22E175DAC44B3 /* BaseRender.cpp */; };
		14B868191AE60A1E3A4E3225 /* Base.cpp in Sources */ = {isa = PBXBuildFile; fileRef = 343F18437ACE435B055B67D2 /* Base.cpp */; };
		440D71BA60E612370B701B32 /* Button.cpp in Sources */ = {isa = PBXBuildFile; fileRef = 6B966DD4671B1831176566D5 /* Button.cpp */; };
		2AEF13FC0328671F55776FA9 /* Canvas.cpp in Sources */ = {isa = PBXBuildFile; fileRef = 50DA3B8D691D255D37FF2769 /* Canvas.cpp */; };
		22763B0916DB7C33657312CB /* CheckBox.cpp in Sources */ = {isa = PBXBuildFile; fileRef = 159219CB70F12F021D763E95 /* CheckBox.cpp */; };
		579620736DFF1F6545C548E2 /* ColorControls.cpp in Sources */ = {isa = PBXBuildFile; fileRef = 70AE01B0795952400814646C /* ColorControls.cpp */; };
		784033D90D61073D43FE15AE /* ColorPicker.cpp in Sources */ = {isa = PBXBuildFile; fileRef = 2B0017B458210428755C4A5B /* ColorPicker.cpp */; };
		5EB908DB12D6102F68F8440D /* ComboBox.cpp in Sources */ = {isa = PBXBuildFile; fileRef = 33FA5D6E58B731E26F821CAD /* ComboBox.cpp */; };
		5739764007B6351F3F3502EE /* CrossSplitter.cpp in Sources */ = {isa = PBXBuildFile; fileRef = 3AAE569F7D046E1C352D7B62 /* CrossSplitter.cpp */; };
		0F32224B79D525A91C0457DB /* FileOpen.cpp in Sources */ = {isa = PBXBuildFile; fileRef = 5BC752665B9B0F3203784377 /* FileOpen.cpp */; };
		058B520E35E2043F69CA4CB1 /* FileSave.cpp in Sources */ = {isa = PBXBuildFile; fileRef = 625378E9035B68D61BA24474 /* FileSave.cpp */; };
		5A6520AE2A332F7155813068 /* Query.cpp in Sources */ = {isa = PBXBuildFile; fileRef = 19140596784230136FCE7703 /* Query.cpp */; };
		6E61523A18D0769C70C30F1B /* DockBase.cpp in Sources */ = {isa = PBXBuildFile; fileRef = 2D2370911394541401AF287D /* DockBase.cpp */; };
		70E41F7342A415684D4525A0 /* DockedTabControl.cpp in Sources */ = {isa = PBXBuildFile; fileRef = 775877C5024259F05E281DA7 /* DockedTabControl.cpp */; };
		26D35198441F0DF81E4F6D10 /* Dragger.cpp in Sources */ = {isa = PBXBuildFile; fileRef = 2B64018C4CEA34BD452C0B19 /* Dragger.cpp */; };
		158F3175780E705512797D90 /* GroupBox.cpp in Sources */ = {isa = PBXBuildFile; fileRef = 652F649F30152CD623D816ED /* GroupBox.cpp */; };
		4E3315AE7CB93B1861A75465 /* HSVColorPicker.cpp in Sources */ = {isa = PBXBuildFile; fileRef = 3074413F40AB626B3CCE4FAB /* HSVColorPicker.cpp */; };
		550C1C47373E41564B474937 /* HorizontalScrollBar.cpp in Sources */ = {isa = PBXBuildFile; fileRef = 669A57A418BA374A1AD44474 /* HorizontalScrollBar.cpp */; };
		61595B77712C41D000C83EA3 /* HorizontalSlider.cpp in Sources */ = {isa = PBXBuildFile; fileRef = 7ED407A508672BED29AC2A6E /* HorizontalSlider.cpp */; };
		714415AE6C631B5B385D5A07 /* ImagePanel.cpp in Sources */ = {isa = PBXBuildFile; fileRef = 2C7B65A907347BC311353B6F /* ImagePanel.cpp */; };
		6E1F3CE3092A4A8C63F24E89 /* Label.cpp in Sources */ = {isa = PBXBuildFile; fileRef = 67AA10CD617304C22EC239EC /* Label.cpp */; };
		5CE251235A911CA8486E0769 /* LabelClickable.cpp in Sources */ = {isa = PBXBuildFile; fileRef = 3C1A36565E0A462C48BA4622 /* LabelClickable.cpp */; };
		438448FD04A22AF133FA4DF1 /* ListBox.cpp in Sources */ = {isa = PBXBuildFile; fileRef = 46D95D53034038553BB34437 /* ListBox.cpp */; };
		50A9056D09793CC031590235 /* Menu.cpp in Sources */ = {isa = PBXBuildFile; fileRef = 260C1C272D42139C77BB1944 /* Menu.cpp */; };
		1D88720753C31053770768B5 /* MenuItem.cpp in Sources */ = {isa = PBXBuildFile; fileRef = 35DD51A11DCD4FD057640442 /* MenuItem.cpp */; };
		499C66CC7834518503A33F03 /* MenuStrip.cpp in Sources */ = {isa = PBXBuildFile; fileRef = 717C102151F419292BB05117 /* MenuStrip.cpp */; };
		0F0244D465304016372447AE /* NumericUpDown.cpp in Sources */ = {isa = PBXBuildFile; fileRef = 33E74BA11EF61C57294271CC /* NumericUpDown.cpp */; };
		335513BC3A8E18714870596D /* PanelListPanel.cpp in Sources */ = {isa = PBXBuildFile; fileRef = 4E2007035A607E2B31591390 /* PanelListPanel.cpp */; };
		3ACB585575917FBF31400B8E /* ProgressBar.cpp in Sources */ = {isa = PBXBuildFile; fileRef = 09B33C9D506168805B0F730C /* ProgressBar.cpp */; };
		3990108B2D233F312C332B9D /* Properties.cpp in Sources */ = {isa = PBXBuildFile; fileRef = 53674E02246C587038CD7BEE /* Properties.cpp */; };
		5F6200935A545A89212F6857 /* RadioButton.cpp in Sources */ = {isa = PBXBuildFile; fileRef = 0A430712781419B416117FAF /* RadioButton.cpp */; };
		196D3D5869114DEA1BFF5DD0 /* RadioButtonController.cpp in Sources */ = {isa = PBXBuildFile; fileRef = 2EC4004374231B5A29630FA7 /* RadioButtonController.cpp */; };
		666820260D287EE1292A6EE3 /* ResizableControl.cpp in Sources */ = {isa = PBXBuildFile; fileRef = 6E5B6C310FFB09AD76954653 /* ResizableControl.cpp */; };
		38F00F97177B2CB3351117DA /* Resizer.cpp in Sources */ = {isa = PBXBuildFile; fileRef = 472C1C64333159615D3A0BE5 /* Resizer.cpp */; };
		042449BE47836BE7494C265D /* RichLabel.cpp in Sources */ = {isa = PBXBuildFile; fileRef = 400549600D672FFE0F68220D /* RichLabel.cpp */; };
		4E811B9255087917444502A0 /* ScrollBar.cpp in Sources */ = {isa = PBXBuildFile; fileRef = 709D69F24069558E6CB10306 /* ScrollBar.cpp */; };
		66FE319C2E1F6EF2671475C7 /* ScrollBarBar.cpp in Sources */ = {isa = PBXBuildFile; fileRef = 560D25B9388B1B897D5E5FE2 /* ScrollBarBar.cpp */; };
		186B6DE325632B95559D199D /* ScrollBarButton.cpp in Sources */ = {isa = PBXBuildFile; fileRef = 2F932EF24F41650009ED4A19 /* ScrollBarButton.cpp */; };
		77066F170C77710B64E85D75 /* ScrollControl.cpp in Sources */ = {isa = PBXBuildFile; fileRef = 5F850F8813FF3C080ACD5450 /* ScrollControl.cpp */; };
		245E34FD76BB0D2153C04C5F /* Slider.cpp in Sources */ = {isa = PBXBuildFile; fileRef = 0C92355A575320696C583666 /* Slider.cpp */; };
		256C0E1A204D146F498E008F /* SplitterBar.cpp in Sources */ = {isa = PBXBuildFile; fileRef = 7F4049CF543F7B87631040C4 /* SplitterBar.cpp */; };
		26EF3AA335427CA337767009 /* TabButton.cpp in Sources */ = {isa = PBXBuildFile; fileRef = 77A2209713DC65904C1E2AE5 /* TabButton.cpp */; };
		4C0770A37525220F77B27E91 /* TabControl.cpp in Sources */ = {isa = PBXBuildFile; fileRef = 775849C3672C27E656070923 /* TabControl.cpp */; };
		63152D6D6EAF0475472F00D1 /* TabStrip.cpp in Sources */ = {isa = PBXBuildFile; fileRef = 3BCC1308133E28CF6DB075C3 /* TabStrip.cpp */; };
		1CD100444FC8471175651CCC /* Text.cpp in Sources */ = {isa = PBXBuildFile; fileRef = 64AA044E0B882C5A2B943943 /* Text.cpp */; };
		21AB3A4805BE3FE7667B3382 /* TextBox.cpp in Sources */ = {isa = PBXBuildFile; fileRef = 02A0237F568016943D437DE3 /* TextBox.cpp */; };
		21672FA429C4224F439B3FE4 /* TextBoxNumeric.cpp in Sources */ = {isa = PBXBuildFile; fileRef = 0A570B8D787B1AEB071D5A71 /* TextBoxNumeric.cpp */; };
		38F375F575AD10BD759156F9 /* TreeControl.cpp in Sources */ = {isa = PBXBuildFile; fileRef = 67B022C400CA04E27A504059 /* TreeControl.cpp */; };
		4A8B4BFC3CE921D545AA3551 /* TreeNode.cpp in Sources */ = {isa = PBXBuildFile; fileRef = 2D437C52151305F65B0F18EB /* TreeNode.cpp */; };
		2410168725BF24AE40CB05AA /* VerticalScrollBar.cpp in Sources */ = {isa = PBXBuildFile; fileRef = 1C14311416EC34CF73141DEE /* VerticalScrollBar.cpp */; };
		0FA41E9C1ECC306438D04CE1 /* VerticalSlider.cpp in Sources */ = {isa = PBXBuildFile; fileRef = 7F973BA23FBD29AA6C573966 /* VerticalSlider.cpp */; };
		2A897CE74CBB4AE40026271A /* WindowControl.cpp in Sources */ = {isa = PBXBuildFile; fileRef = 19E6239C4ED76405500F78A1 /* WindowControl.cpp */; };
		1E3B5E656C4632F43BAB4232 /* DragAndDrop.cpp in Sources */ = {isa = PBXBuildFile; fileRef = 1C41043525CF658C65E95E87 /* DragAndDrop.cpp */; };
		17CB0E51646C198166C54165 /* Gwen.cpp in Sources */ = {isa = PBXBuildFile; fileRef = 67C63A016F202E436F872122 /* Gwen.cpp */; };
		197E714F04F4562C65C0763B /* Hook.cpp in Sources */ = {isa = PBXBuildFile; fileRef = 127143FB2B0005F47C3B1E6B /* Hook.cpp */; };
		02A55DD72D216316426D1AB7 /* PlatformWIN32.cpp in Sources */ = {isa = PBXBuildFile; fileRef = 6C5523D93E823EDB51041457 /* PlatformWIN32.cpp */; };
		69BE7DE356B62BEA6EF778C2 /* Skin.cpp in Sources */ = {isa = PBXBuildFile; fileRef = 011B499360EC5D9020C96822 /* Skin.cpp */; };
		24CC25DB412C7C2B2B082AD4 /* ToolTip.cpp in Sources */ = {isa = PBXBuildFile; fileRef = 51BC5631035A523410D408DA /* ToolTip.cpp */; };
		1BF34CC0393118C0671C61E5 /* Utility.cpp in Sources */ = {isa = PBXBuildFile; fileRef = 427A41D40E932EDF4591392D /* Utility.cpp */; };
		42561197386550BD42235C93 /* events.cpp in Sources */ = {isa = PBXBuildFile; fileRef = 79243107132B074873864C77 /* events.cpp */; };
		51347A18595011727D5D7B93 /* inputhandler.cpp in Sources */ = {isa = PBXBuildFile; fileRef = 278A054747D965B630952306 /* inputhandler.cpp */; };
/* End PBXBuildFile section */

/* Begin PBXFileReference section */
		4BD95C0B389673FC25692235 /* Align.h */ = {isa = PBXFileReference; lastKnownFileType = sourcecode.c.h; name = "Align.h"; path = "Align.h"; sourceTree = "<group>"; };
		04C26DBC6E9E2F767DA70F58 /* Anim.h */ = {isa = PBXFileReference; lastKnownFileType = sourcecode.c.h; name = "Anim.h"; path = "Anim.h"; sourceTree = "<group>"; };
		1A265C0D499518B40FE339A5 /* BaseRender.h */ = {isa = PBXFileReference; lastKnownFileType = sourcecode.c.h; name = "BaseRender.h"; path = "BaseRender.h"; sourceTree = "<group>"; };
		179E1067409E283470ED1FC1 /* Config.h */ = {isa = PBXFileReference; lastKnownFileType = sourcecode.c.h; name = "Config.h"; path = "Config.h"; sourceTree = "<group>"; };
		703B6D1306D711920E7C10E1 /* Base.h */ = {isa = PBXFileReference; lastKnownFileType = sourcecode.c.h; name = "Base.h"; path = "Base.h"; sourceTree = "<group>"; };
		6CF602DB06F21CCB5A953222 /* Button.h */ = {isa = PBXFileReference; lastKnownFileType = sourcecode.c.h; name = "Button.h"; path = "Button.h"; sourceTree = "<group>"; };
		0BEC63B159A839E0650B0980 /* Canvas.h */ = {isa = PBXFileReference; lastKnownFileType = sourcecode.c.h; name = "Canvas.h"; path = "Canvas.h"; sourceTree = "<group>"; };
		4DF2401B6C545BFB7ABD3542 /* CheckBox.h */ = {isa = PBXFileReference; lastKnownFileType = sourcecode.c.h; name = "CheckBox.h"; path = "CheckBox.h"; sourceTree = "<group>"; };
		618428BC10CE7A5907A33475 /* ColorControls.h */ = {isa = PBXFileReference; lastKnownFileType = sourcecode.c.h; name = "ColorControls.h"; path = "ColorControls.h"; sourceTree = "<group>"; };
		5898325540DC377C4CB042CA /* ColorPicker.h */ = {isa = PBXFileReference; lastKnownFileType = sourcecode.c.h; name = "ColorPicker.h"; path = "ColorPicker.h"; sourceTree = "<group>"; };
		1C8C0387388147C30B9936B4 /* ComboBox.h */ = {isa = PBXFileReference; lastKnownFileType = sourcecode.c.h; name = "ComboBox.h"; path = "ComboBox.h"; sourceTree = "<group>"; };
		2F417EF12F051FCC6F246E09 /* CrossSplitter.h */ = {isa = PBXFileReference; lastKnownFileType = sourcecode.c.h; name = "CrossSplitter.h"; path = "CrossSplitter.h"; sourceTree = "<group>"; };
		430F57F75066791462CB6D55 /* FileOpen.h */ = {isa = PBXFileReference; lastKnownFileType = sourcecode.c.h; name = "FileOpen.h"; path = "FileOpen.h"; sourceTree = "<group>"; };
		5DD666655F371B331A145265 /* FileSave.h */ = {isa = PBXFileReference; lastKnownFileType = sourcecode.c.h; name = "FileSave.h"; path = "FileSave.h"; sourceTree = "<group>"; };
		624B40FC0EEF6775557428B6 /* Query.h */ = {isa = PBXFileReference; lastKnownFileType = sourcecode.c.h; name = "Query.h"; path = "Query.h"; sourceTree = "<group>"; };
		0B60717D6A893C2D141B5C31 /* DockBase.h */ = {isa = PBXFileReference; lastKnownFileType = sourcecode.c.h; name = "DockBase.h"; path = "DockBase.h"; sourceTree = "<group>"; };
		3100154E426466930B626DD1 /* DockedTabControl.h */ = {isa = PBXFileReference; lastKnownFileType = sourcecode.c.h; name = "DockedTabControl.h"; path = "DockedTabControl.h"; sourceTree = "<group>"; };
		05242FB918FC321B783C00D1 /* Dragger.h */ = {isa = PBXFileReference; lastKnownFileType = sourcecode.c.h; name = "Dragger.h"; path = "Dragger.h"; sourceTree = "<group>"; };
		67D83B624619786202EB7512 /* GroupBox.h */ = {isa = PBXFileReference; lastKnownFileType = sourcecode.c.h; name = "GroupBox.h"; path = "GroupBox.h"; sourceTree = "<group>"; };
		47887AD53090716F55CC0C33 /* HSVColorPicker.h */ = {isa = PBXFileReference; lastKnownFileType = sourcecode.c.h; name = "HSVColorPicker.h"; path = "HSVColorPicker.h"; sourceTree = "<group>"; };
		7535317C02EF77302E54241C /* Highlight.h */ = {isa = PBXFileReference; lastKnownFileType = sourcecode.c.h; name = "Highlight.h"; path = "Highlight.h"; sourceTree = "<group>"; };
		2C55656959A620781B974CEA /* HorizontalScrollBar.h */ = {isa = PBXFileReference; lastKnownFileType = sourcecode.c.h; name = "HorizontalScrollBar.h"; path = "HorizontalScrollBar.h"; sourceTree = "<group>"; };
		5C935FA0298E56F35FEC3975 /* HorizontalSlider.h */ = {isa = PBXFileReference; lastKnownFileType = sourcecode.c.h; name = "HorizontalSlider.h"; path = "HorizontalSlider.h"; sourceTree = "<group>"; };
		17AD23FC13DC28C6139410F6 /* ImagePanel.h */ = {isa = PBXFileReference; lastKnownFileType = sourcecode.c.h; name = "ImagePanel.h"; path = "ImagePanel.h"; sourceTree = "<group>"; };
		701C5AB918E361D444674D6D /* Label.h */ = {isa = PBXFileReference; lastKnownFileType = sourcecode.c.h; name = "Label.h"; path = "Label.h"; sourceTree = "<group>"; };
		254C754A2D2E41DD72ED65D4 /* LabelClickable.h */ = {isa = PBXFileReference; lastKnownFileType = sourcecode.c.h; name = "LabelClickable.h"; path = "LabelClickable.h"; sourceTree = "<group>"; };
		520315D4174A611E3A2E67C9 /* Splitter.h */ = {isa = PBXFileReference; lastKnownFileType = sourcecode.c.h; name = "Splitter.h"; path = "Splitter.h"; sourceTree = "<group>"; };
		5F4737CE71623A9B7EC10DCA /* Table.h */ = {isa = PBXFileReference; lastKnownFileType = sourcecode.c.h; name = "Table.h"; path = "Table.h"; sourceTree = "<group>"; };
		5D710AA837323AF161CB2C6A /* ListBox.h */ = {isa = PBXFileReference; lastKnownFileType = sourcecode.c.h; name = "ListBox.h"; path = "ListBox.h"; sourceTree = "<group>"; };
		4EB8623C75975A4176C50DA1 /* Menu.h */ = {isa = PBXFileReference; lastKnownFileType = sourcecode.c.h; name = "Menu.h"; path = "Menu.h"; sourceTree = "<group>"; };
		60024F720B1841370ED7146F /* MenuItem.h */ = {isa = PBXFileReference; lastKnownFileType = sourcecode.c.h; name = "MenuItem.h"; path = "MenuItem.h"; sourceTree = "<group>"; };
		3CEC499A3B5160597E6F4991 /* MenuStrip.h */ = {isa = PBXFileReference; lastKnownFileType = sourcecode.c.h; name = "MenuStrip.h"; path = "MenuStrip.h"; sourceTree = "<group>"; };
		512D33C342754AEE4C0210B9 /* Modal.h */ = {isa = PBXFileReference; lastKnownFileType = sourcecode.c.h; name = "Modal.h"; path = "Modal.h"; sourceTree = "<group>"; };
		646E56B67ED574004C955882 /* NumericUpDown.h */ = {isa = PBXFileReference; lastKnownFileType = sourcecode.c.h; name = "NumericUpDown.h"; path = "NumericUpDown.h"; sourceTree = "<group>"; };
		79E873A0246B512502D426A0 /* PanelListPanel.h */ = {isa = PBXFileReference; lastKnownFileType = sourcecode.c.h; name = "PanelListPanel.h"; path = "PanelListPanel.h"; sourceTree = "<group>"; };
		2F641C8F52D73A111BE04EF2 /* ProgressBar.h */ = {isa = PBXFileReference; lastKnownFileType = sourcecode.c.h; name = "ProgressBar.h"; path = "ProgressBar.h"; sourceTree = "<group>"; };
		0F6F574E605C6D2331283F81 /* Properties.h */ = {isa = PBXFileReference; lastKnownFileType = sourcecode.c.h; name = "Properties.h"; path = "Properties.h"; sourceTree = "<group>"; };
		7236665B24CB03D216EA0F87 /* BaseProperty.h */ = {isa = PBXFileReference; lastKnownFileType = sourcecode.c.h; name = "BaseProperty.h"; path = "BaseProperty.h"; sourceTree = "<group>"; };
		08AE4A343CE4447D3E684F70 /* ColorSelector.h */ = {isa = PBXFileReference; lastKnownFileType = sourcecode.c.h; name = "ColorSelector.h"; path = "ColorSelector.h"; sourceTree = "<group>"; };
		4D2C79F018724A7158141FB9 /* Text.h */ = {isa = PBXFileReference; lastKnownFileType = sourcecode.c.h; name = "Text.h"; path = "Text.h"; sourceTree = "<group>"; };
		24CC38802FCC211E3C367FB0 /* PropertyTree.h */ = {isa = PBXFileReference; lastKnownFileType = sourcecode.c.h; name = "PropertyTree.h"; path = "PropertyTree.h"; sourceTree = "<group>"; };
		11313A5511A310794EE64744 /* RadioButton.h */ = {isa = PBXFileReference; lastKnownFileType = sourcecode.c.h; name = "RadioButton.h"; path = "RadioButton.h"; sourceTree = "<group>"; };
		55EB4AA332A66F8B43C02965 /* RadioButtonController.h */ = {isa = PBXFileReference; lastKnownFileType = sourcecode.c.h; name = "RadioButtonController.h"; path = "RadioButtonController.h"; sourceTree = "<group>"; };
		08D853C427E37ACF0A642009 /* ResizableControl.h */ = {isa = PBXFileReference; lastKnownFileType = sourcecode.c.h; name = "ResizableControl.h"; path = "ResizableControl.h"; sourceTree = "<group>"; };
		3997266518C627B75757470D /* Resizer.h */ = {isa = PBXFileReference; lastKnownFileType = sourcecode.c.h; name = "Resizer.h"; path = "Resizer.h"; sourceTree = "<group>"; };
		00616E727BC41C2B3515426A /* RichLabel.h */ = {isa = PBXFileReference; lastKnownFileType = sourcecode.c.h; name = "RichLabel.h"; path = "RichLabel.h"; sourceTree = "<group>"; };
		7EE1160A3D134BDC7782017E /* ScrollBar.h */ = {isa = PBXFileReference; lastKnownFileType = sourcecode.c.h; name = "ScrollBar.h"; path = "ScrollBar.h"; sourceTree = "<group>"; };
		3DF035DB510216C75FF95450 /* ScrollBarBar.h */ = {isa = PBXFileReference; lastKnownFileType = sourcecode.c.h; name = "ScrollBarBar.h"; path = "ScrollBarBar.h"; sourceTree = "<group>"; };
		69356FB97BC76B404A9D291A /* ScrollBarButton.h */ = {isa = PBXFileReference; lastKnownFileType = sourcecode.c.h; name = "ScrollBarButton.h"; path = "ScrollBarButton.h"; sourceTree = "<group>"; };
		46137B4D56E1334C6DCB3780 /* ScrollControl.h */ = {isa = PBXFileReference; lastKnownFileType = sourcecode.c.h; name = "ScrollControl.h"; path = "ScrollControl.h"; sourceTree = "<group>"; };
		757A162B606408451AB02C39 /* Slider.h */ = {isa = PBXFileReference; lastKnownFileType = sourcecode.c.h; name = "Slider.h"; path = "Slider.h"; sourceTree = "<group>"; };
		28733FB73AC518F91A77631E /* SplitterBar.h */ = {isa = PBXFileReference; lastKnownFileType = sourcecode.c.h; name = "SplitterBar.h"; path = "SplitterBar.h"; sourceTree = "<group>"; };
		7D707E9843F92DB6458D36D2 /* StatusBar.h */ = {isa = PBXFileReference; lastKnownFileType = sourcecode.c.h; name = "StatusBar.h"; path = "StatusBar.h"; sourceTree = "<group>"; };
		50D830B3611213145ADE3481 /* Symbol.h */ = {isa = PBXFileReference; lastKnownFileType = sourcecode.c.h; name = "Symbol.h"; path = "Symbol.h"; sourceTree = "<group>"; };
		754567DE57963F507B2C676C /* TabButton.h */ = {isa = PBXFileReference; lastKnownFileType = sourcecode.c.h; name = "TabButton.h"; path = "TabButton.h"; sourceTree = "<group>"; };
		186264D060450F9510C84339 /* TabControl.h */ = {isa = PBXFileReference; lastKnownFileType = sourcecode.c.h; name = "TabControl.h"; path = "TabControl.h"; sourceTree = "<group>"; };
		1F782EF3570D518F664A4544 /* TabStrip.h */ = {isa = PBXFileReference; lastKnownFileType = sourcecode.c.h; name = "TabStrip.h"; path = "TabStrip.h"; sourceTree = "<group>"; };
		130563241A5343104F29045E /* TabTitleBar.h */ = {isa = PBXFileReference; lastKnownFileType = sourcecode.c.h; name = "TabTitleBar.h"; path = "TabTitleBar.h"; sourceTree = "<group>"; };
		52F26C8D5FEA14BA1B3F63BF /* Text.h */ = {isa = PBXFileReference; lastKnownFileType = sourcecode.c.h; name = "Text.h"; path = "Text.h"; sourceTree = "<group>"; };
		5545421110411DE32A98491B /* TextBox.h */ = {isa = PBXFileReference; lastKnownFileType = sourcecode.c.h; name = "TextBox.h"; path = "TextBox.h"; sourceTree = "<group>"; };
		2F62480E28B41F31691F5F12 /* ToolBar.h */ = {isa = PBXFileReference; lastKnownFileType = sourcecode.c.h; name = "ToolBar.h"; path = "ToolBar.h"; sourceTree = "<group>"; };
		2E3369574C047EA1520C6479 /* TreeControl.h */ = {isa = PBXFileReference; lastKnownFileType = sourcecode.c.h; name = "TreeControl.h"; path = "TreeControl.h"; sourceTree = "<group>"; };
		5BD82BB5146422F569151E2E /* TreeNode.h */ = {isa = PBXFileReference; lastKnownFileType = sourcecode.c.h; name = "TreeNode.h"; path = "TreeNode.h"; sourceTree = "<group>"; };
		11A7435A7C9B4DBD6BD8046F /* VerticalScrollBar.h */ = {isa = PBXFileReference; lastKnownFileType = sourcecode.c.h; name = "VerticalScrollBar.h"; path = "VerticalScrollBar.h"; sourceTree = "<group>"; };
		2BA446025E255A7867FB05F1 /* VerticalSlider.h */ = {isa = PBXFileReference; lastKnownFileType = sourcecode.c.h; name = "VerticalSlider.h"; path = "VerticalSlider.h"; sourceTree = "<group>"; };
		2EBF69B420696E7A72E80A2A /* WindowControl.h */ = {isa = PBXFileReference; lastKnownFileType = sourcecode.c.h; name = "WindowControl.h"; path = "WindowControl.h"; sourceTree = "<group>"; };
		45700469594E38A6063C098B /* Controls.h */ = {isa = PBXFileReference; lastKnownFileType = sourcecode.c.h; name = "Controls.h"; path = "Controls.h"; sourceTree = "<group>"; };
		6E9718FE59D73112103D6D99 /* DragAndDrop.h */ = {isa = PBXFileReference; lastKnownFileType = sourcecode.c.h; name = "DragAndDrop.h"; path = "DragAndDrop.h"; sourceTree = "<group>"; };
		289C733A019C283229EE442D /* Events.h */ = {isa = PBXFileReference; lastKnownFileType = sourcecode.c.h; name = "Events.h"; path = "Events.h"; sourceTree = "<group>"; };
		574977DA4A2A32242CA6783C /* Exports.h */ = {isa = PBXFileReference; lastKnownFileType = sourcecode.c.h; name = "Exports.h"; path = "Exports.h"; sourceTree = "<group>"; };
		2CD92ED057B366251F2B07F8 /* Font.h */ = {isa = PBXFileReference; lastKnownFileType = sourcecode.c.h; name = "Font.h"; path = "Font.h"; sourceTree = "<group>"; };
		0F277D440EA1536336C0632E /* Gwen.h */ = {isa = PBXFileReference; lastKnownFileType = sourcecode.c.h; name = "Gwen.h"; path = "Gwen.h"; sourceTree = "<group>"; };
		580951F845D743A402AF0E24 /* Hook.h */ = {isa = PBXFileReference; lastKnownFileType = sourcecode.c.h; name = "Hook.h"; path = "Hook.h"; sourceTree = "<group>"; };
		26550DA408E65B0252B7346F /* SDL13.h */ = {isa = PBXFileReference; lastKnownFileType = sourcecode.c.h; name = "SDL13.h"; path = "SDL13.h"; sourceTree = "<group>"; };
		3BEF49E773457B471D1D7776 /* SFML.h */ = {isa = PBXFileReference; lastKnownFileType = sourcecode.c.h; name = "SFML.h"; path = "SFML.h"; sourceTree = "<group>"; };
		208E55D059990405421873C8 /* Windows.h */ = {isa = PBXFileReference; lastKnownFileType = sourcecode.c.h; name = "Windows.h"; path = "Windows.h"; sourceTree = "<group>"; };
		6F310EF76F516E3234F36CF6 /* InputHandler.h */ = {isa = PBXFileReference; lastKnownFileType = sourcecode.c.h; name = "InputHandler.h"; path = "InputHandler.h"; sourceTree = "<group>"; };
		5CC84FB351FB137C299D7C3C /* Macros.h */ = {isa = PBXFileReference; lastKnownFileType = sourcecode.c.h; name = "Macros.h"; path = "Macros.h"; sourceTree = "<group>"; };
		16895D9821373BE96B570DEF /* Platform.h */ = {isa = PBXFileReference; lastKnownFileType = sourcecode.c.h; name = "Platform.h"; path = "Platform.h"; sourceTree = "<group>"; };
		7AA54AAD3D7C2D4972655DF7 /* DirectX9.h */ = {isa = PBXFileReference; lastKnownFileType = sourcecode.c.h; name = "DirectX9.h"; path = "DirectX9.h"; sourceTree = "<group>"; };
		413E61602F4B560A1DFE087F /* GDIPlus.h */ = {isa = PBXFileReference; lastKnownFileType = sourcecode.c.h; name = "GDIPlus.h"; path = "GDIPlus.h"; sourceTree = "<group>"; };
		5D145179528B56870F3048CA /* OpenGL.h */ = {isa = PBXFileReference; lastKnownFileType = sourcecode.c.h; name = "OpenGL.h"; path = "OpenGL.h"; sourceTree = "<group>"; };
		1CE75AC17BD12D352DFB34C5 /* SFML.h */ = {isa = PBXFileReference; lastKnownFileType = sourcecode.c.h; name = "SFML.h"; path = "SFML.h"; sourceTree = "<group>"; };
		6D4364A9458A109B5D7B4710 /* Skin.h */ = {isa = PBXFileReference; lastKnownFileType = sourcecode.c.h; name = "Skin.h"; path = "Skin.h"; sourceTree = "<group>"; };
		3DB47EA2517B6BF227B3466E /* Simple.h */ = {isa = PBXFileReference; lastKnownFileType = sourcecode.c.h; name = "Simple.h"; path = "Simple.h"; sourceTree = "<group>"; };
		59F65F28236261B7325E5767 /* TexturedBase.h */ = {isa = PBXFileReference; lastKnownFileType = sourcecode.c.h; name = "TexturedBase.h"; path = "TexturedBase.h"; sourceTree = "<group>"; };
		357F3D0C649708540F3020CF /* Texturing.h */ = {isa = PBXFileReference; lastKnownFileType = sourcecode.c.h; name = "Texturing.h"; path = "Texturing.h"; sourceTree = "<group>"; };
		440B3200015227391B9F670D /* Structures.h */ = {isa = PBXFileReference; lastKnownFileType = sourcecode.c.h; name = "Structures.h"; path = "Structures.h"; sourceTree = "<group>"; };
		3A0E539E77E77E1300AD2EF2 /* TextObject.h */ = {isa = PBXFileReference; lastKnownFileType = sourcecode.c.h; name = "TextObject.h"; path = "TextObject.h"; sourceTree = "<group>"; };
		6195324163AD0D8D1C383748 /* Texture.h */ = {isa = PBXFileReference; lastKnownFileType = sourcecode.c.h; name = "Texture.h"; path = "Texture.h"; sourceTree = "<group>"; };
		0D14622B3D23447431044237 /* ToolTip.h */ = {isa = PBXFileReference; lastKnownFileType = sourcecode.c.h; name = "ToolTip.h"; path = "ToolTip.h"; sourceTree = "<group>"; };
		1ACE79ED3ECE41621E2D11A6 /* UnitTest.h */ = {isa = PBXFileReference; lastKnownFileType = sourcecode.c.h; name = "UnitTest.h"; path = "UnitTest.h"; sourceTree = "<group>"; };
		335D4CC76C095632609644BD /* Utility.h */ = {isa = PBXFileReference; lastKnownFileType = sourcecode.c.h; name = "Utility.h"; path = "Utility.h"; sourceTree = "<group>"; };
		2EDB3B2818141F4A056B1EAD /* Anim.cpp */ = {isa = PBXFileReference; lastKnownFileType = sourcecode.cpp.cpp; name = "Anim.cpp"; path = "Anim.cpp"; sourceTree = "<group>"; };
		60C901C42CD22E175DAC44B3 /* BaseRender.cpp */ = {isa = PBXFileReference; lastKnownFileType = sourcecode.cpp.cpp; name = "BaseRender.cpp"; path = "BaseRender.cpp"; sourceTree = "<group>"; };
		343F18437ACE435B055B67D2 /* Base.cpp */ = {isa = PBXFileReference; lastKnownFileType = sourcecode.cpp.cpp; name = "Base.cpp"; path = "Base.cpp"; sourceTree = "<group>"; };
		6B966DD4671B1831176566D5 /* Button.cpp */ = {isa = PBXFileReference; lastKnownFileType = sourcecode.cpp.cpp; name = "Button.cpp"; path = "Button.cpp"; sourceTree = "<group>"; };
		50DA3B8D691D255D37FF2769 /* Canvas.cpp */ = {isa = PBXFileReference; lastKnownFileType = sourcecode.cpp.cpp; name = "Canvas.cpp"; path = "Canvas.cpp"; sourceTree = "<group>"; };
		159219CB70F12F021D763E95 /* CheckBox.cpp */ = {isa = PBXFileReference; lastKnownFileType = sourcecode.cpp.cpp; name = "CheckBox.cpp"; path = "CheckBox.cpp"; sourceTree = "<group>"; };
		70AE01B0795952400814646C /* ColorControls.cpp */ = {isa = PBXFileReference; lastKnownFileType = sourcecode.cpp.cpp; name = "ColorControls.cpp"; path = "ColorControls.cpp"; sourceTree = "<group>"; };
		2B0017B458210428755C4A5B /* ColorPicker.cpp */ = {isa = PBXFileReference; lastKnownFileType = sourcecode.cpp.cpp; name = "ColorPicker.cpp"; path = "ColorPicker.cpp"; sourceTree = "<group>"; };
		33FA5D6E58B731E26F821CAD /* ComboBox.cpp */ = {isa = PBXFileReference; lastKnownFileType = sourcecode.cpp.cpp; name = "ComboBox.cpp"; path = "ComboBox.cpp"; sourceTree = "<group>"; };
		3AAE569F7D046E1C352D7B62 /* CrossSplitter.cpp */ = {isa = PBXFileReference; lastKnownFileType = sourcecode.cpp.cpp; name = "CrossSplitter.cpp"; path = "CrossSplitter.cpp"; sourceTree = "<group>"; };
		5BC752665B9B0F3203784377 /* FileOpen.cpp */ = {isa = PBXFileReference; lastKnownFileType = sourcecode.cpp.cpp; name = "FileOpen.cpp"; path = "FileOpen.cpp"; sourceTree = "<group>"; };
		625378E9035B68D61BA24474 /* FileSave.cpp */ = {isa = PBXFileReference; lastKnownFileType = sourcecode.cpp.cpp; name = "FileSave.cpp"; path = "FileSave.cpp"; sourceTree = "<group>"; };
		19140596784230136FCE7703 /* Query.cpp */ = {isa = PBXFileReference; lastKnownFileType = sourcecode.cpp.cpp; name = "Query.cpp"; path = "Query.cpp"; sourceTree = "<group>"; };
		2D2370911394541401AF287D /* DockBase.cpp */ = {isa = PBXFileReference; lastKnownFileType = sourcecode.cpp.cpp; name = "DockBase.cpp"; path = "DockBase.cpp"; sourceTree = "<group>"; };
		775877C5024259F05E281DA7 /* DockedTabControl.cpp */ = {isa = PBXFileReference; lastKnownFileType = sourcecode.cpp.cpp; name = "DockedTabControl.cpp"; path = "DockedTabControl.cpp"; sourceTree = "<group>"; };
		2B64018C4CEA34BD452C0B19 /* Dragger.cpp */ = {isa = PBXFileReference; lastKnownFileType = sourcecode.cpp.cpp; name = "Dragger.cpp"; path = "Dragger.cpp"; sourceTree = "<group>"; };
		652F649F30152CD623D816ED /* GroupBox.cpp */ = {isa = PBXFileReference; lastKnownFileType = sourcecode.cpp.cpp; name = "GroupBox.cpp"; path = "GroupBox.cpp"; sourceTree = "<group>"; };
		3074413F40AB626B3CCE4FAB /* HSVColorPicker.cpp */ = {isa = PBXFileReference; lastKnownFileType = sourcecode.cpp.cpp; name = "HSVColorPicker.cpp"; path = "HSVColorPicker.cpp"; sourceTree = "<group>"; };
		669A57A418BA374A1AD44474 /* HorizontalScrollBar.cpp */ = {isa = PBXFileReference; lastKnownFileType = sourcecode.cpp.cpp; name = "HorizontalScrollBar.cpp"; path = "HorizontalScrollBar.cpp"; sourceTree = "<group>"; };
		7ED407A508672BED29AC2A6E /* HorizontalSlider.cpp */ = {isa = PBXFileReference; lastKnownFileType = sourcecode.cpp.cpp; name = "HorizontalSlider.cpp"; path = "HorizontalSlider.cpp"; sourceTree = "<group>"; };
		2C7B65A907347BC311353B6F /* ImagePanel.cpp */ = {isa = PBXFileReference; lastKnownFileType = sourcecode.cpp.cpp; name = "ImagePanel.cpp"; path = "ImagePanel.cpp"; sourceTree = "<group>"; };
		67AA10CD617304C22EC239EC /* Label.cpp */ = {isa = PBXFileReference; lastKnownFileType = sourcecode.cpp.cpp; name = "Label.cpp"; path = "Label.cpp"; sourceTree = "<group>"; };
		3C1A36565E0A462C48BA4622 /* LabelClickable.cpp */ = {isa = PBXFileReference; lastKnownFileType = sourcecode.cpp.cpp; name = "LabelClickable.cpp"; path = "LabelClickable.cpp"; sourceTree = "<group>"; };
		56E56656450943CA712B3D88 /* Splitter.h */ = {isa = PBXFileReference; lastKnownFileType = sourcecode.c.h; name = "Splitter.h"; path = "Splitter.h"; sourceTree = "<group>"; };
		26A45DA70AC651640644356A /* Table.h */ = {isa = PBXFileReference; lastKnownFileType = sourcecode.c.h; name = "Table.h"; path = "Table.h"; sourceTree = "<group>"; };
		46D95D53034038553BB34437 /* ListBox.cpp */ = {isa = PBXFileReference; lastKnownFileType = sourcecode.cpp.cpp; name = "ListBox.cpp"; path = "ListBox.cpp"; sourceTree = "<group>"; };
		260C1C272D42139C77BB1944 /* Menu.cpp */ = {isa = PBXFileReference; lastKnownFileType = sourcecode.cpp.cpp; name = "Menu.cpp"; path = "Menu.cpp"; sourceTree = "<group>"; };
		35DD51A11DCD4FD057640442 /* MenuItem.cpp */ = {isa = PBXFileReference; lastKnownFileType = sourcecode.cpp.cpp; name = "MenuItem.cpp"; path = "MenuItem.cpp"; sourceTree = "<group>"; };
		717C102151F419292BB05117 /* MenuStrip.cpp */ = {isa = PBXFileReference; lastKnownFileType = sourcecode.cpp.cpp; name = "MenuStrip.cpp"; path = "MenuStrip.cpp"; sourceTree = "<group>"; };
		33E74BA11EF61C57294271CC /* NumericUpDown.cpp */ = {isa = PBXFileReference; lastKnownFileType = sourcecode.cpp.cpp; name = "NumericUpDown.cpp"; path = "NumericUpDown.cpp"; sourceTree = "<group>"; };
		4E2007035A607E2B31591390 /* PanelListPanel.cpp */ = {isa = PBXFileReference; lastKnownFileType = sourcecode.cpp.cpp; name = "PanelListPanel.cpp"; path = "PanelListPanel.cpp"; sourceTree = "<group>"; };
		09B33C9D506168805B0F730C /* ProgressBar.cpp */ = {isa = PBXFileReference; lastKnownFileType = sourcecode.cpp.cpp; name = "ProgressBar.cpp"; path = "ProgressBar.cpp"; sourceTree = "<group>"; };
		53674E02246C587038CD7BEE /* Properties.cpp */ = {isa = PBXFileReference; lastKnownFileType = sourcecode.cpp.cpp; name = "Properties.cpp"; path = "Properties.cpp"; sourceTree = "<group>"; };
		0A430712781419B416117FAF /* RadioButton.cpp */ = {isa = PBXFileReference; lastKnownFileType = sourcecode.cpp.cpp; name = "RadioButton.cpp"; path = "RadioButton.cpp"; sourceTree = "<group>"; };
		2EC4004374231B5A29630FA7 /* RadioButtonController.cpp */ = {isa = PBXFileReference; lastKnownFileType = sourcecode.cpp.cpp; name = "RadioButtonController.cpp"; path = "RadioButtonController.cpp"; sourceTree = "<group>"; };
		6E5B6C310FFB09AD76954653 /* ResizableControl.cpp */ = {isa = PBXFileReference; lastKnownFileType = sourcecode.cpp.cpp; name = "ResizableControl.cpp"; path = "ResizableControl.cpp"; sourceTree = "<group>"; };
		472C1C64333159615D3A0BE5 /* Resizer.cpp */ = {isa = PBXFileReference; lastKnownFileType = sourcecode.cpp.cpp; name = "Resizer.cpp"; path = "Resizer.cpp"; sourceTree = "<group>"; };
		400549600D672FFE0F68220D /* RichLabel.cpp */ = {isa = PBXFileReference; lastKnownFileType = sourcecode.cpp.cpp; name = "RichLabel.cpp"; path = "RichLabel.cpp"; sourceTree = "<group>"; };
		709D69F24069558E6CB10306 /* ScrollBar.cpp */ = {isa = PBXFileReference; lastKnownFileType = sourcecode.cpp.cpp; name = "ScrollBar.cpp"; path = "ScrollBar.cpp"; sourceTree = "<group>"; };
		560D25B9388B1B897D5E5FE2 /* ScrollBarBar.cpp */ = {isa = PBXFileReference; lastKnownFileType = sourcecode.cpp.cpp; name = "ScrollBarBar.cpp"; path = "ScrollBarBar.cpp"; sourceTree = "<group>"; };
		2F932EF24F41650009ED4A19 /* ScrollBarButton.cpp */ = {isa = PBXFileReference; lastKnownFileType = sourcecode.cpp.cpp; name = "ScrollBarButton.cpp"; path = "ScrollBarButton.cpp"; sourceTree = "<group>"; };
		5F850F8813FF3C080ACD5450 /* ScrollControl.cpp */ = {isa = PBXFileReference; lastKnownFileType = sourcecode.cpp.cpp; name = "ScrollControl.cpp"; path = "ScrollControl.cpp"; sourceTree = "<group>"; };
		0C92355A575320696C583666 /* Slider.cpp */ = {isa = PBXFileReference; lastKnownFileType = sourcecode.cpp.cpp; name = "Slider.cpp"; path = "Slider.cpp"; sourceTree = "<group>"; };
		7F4049CF543F7B87631040C4 /* SplitterBar.cpp */ = {isa = PBXFileReference; lastKnownFileType = sourcecode.cpp.cpp; name = "SplitterBar.cpp"; path = "SplitterBar.cpp"; sourceTree = "<group>"; };
		77A2209713DC65904C1E2AE5 /* TabButton.cpp */ = {isa = PBXFileReference; lastKnownFileType = sourcecode.cpp.cpp; name = "TabButton.cpp"; path = "TabButton.cpp"; sourceTree = "<group>"; };
		775849C3672C27E656070923 /* TabControl.cpp */ = {isa = PBXFileReference; lastKnownFileType = sourcecode.cpp.cpp; name = "TabControl.cpp"; path = "TabControl.cpp"; sourceTree = "<group>"; };
		3BCC1308133E28CF6DB075C3 /* TabStrip.cpp */ = {isa = PBXFileReference; lastKnownFileType = sourcecode.cpp.cpp; name = "TabStrip.cpp"; path = "TabStrip.cpp"; sourceTree = "<group>"; };
		64AA044E0B882C5A2B943943 /* Text.cpp */ = {isa = PBXFileReference; lastKnownFileType = sourcecode.cpp.cpp; name = "Text.cpp"; path = "Text.cpp"; sourceTree = "<group>"; };
		02A0237F568016943D437DE3 /* TextBox.cpp */ = {isa = PBXFileReference; lastKnownFileType = sourcecode.cpp.cpp; name = "TextBox.cpp"; path = "TextBox.cpp"; sourceTree = "<group>"; };
		0A570B8D787B1AEB071D5A71 /* TextBoxNumeric.cpp */ = {isa = PBXFileReference; lastKnownFileType = sourcecode.cpp.cpp; name = "TextBoxNumeric.cpp"; path = "TextBoxNumeric.cpp"; sourceTree = "<group>"; };
		67B022C400CA04E27A504059 /* TreeControl.cpp */ = {isa = PBXFileReference; lastKnownFileType = sourcecode.cpp.cpp; name = "TreeControl.cpp"; path = "TreeControl.cpp"; sourceTree = "<group>"; };
		2D437C52151305F65B0F18EB /* TreeNode.cpp */ = {isa = PBXFileReference; lastKnownFileType = sourcecode.cpp.cpp; name = "TreeNode.cpp"; path = "TreeNode.cpp"; sourceTree = "<group>"; };
		1C14311416EC34CF73141DEE /* VerticalScrollBar.cpp */ = {isa = PBXFileReference; lastKnownFileType = sourcecode.cpp.cpp; name = "VerticalScrollBar.cpp"; path = "VerticalScrollBar.cpp"; sourceTree = "<group>"; };
		7F973BA23FBD29AA6C573966 /* VerticalSlider.cpp */ = {isa = PBXFileReference; lastKnownFileType = sourcecode.cpp.cpp; name = "VerticalSlider.cpp"; path = "VerticalSlider.cpp"; sourceTree = "<group>"; };
		19E6239C4ED76405500F78A1 /* WindowControl.cpp */ = {isa = PBXFileReference; lastKnownFileType = sourcecode.cpp.cpp; name = "WindowControl.cpp"; path = "WindowControl.cpp"; sourceTree = "<group>"; };
		1C41043525CF658C65E95E87 /* DragAndDrop.cpp */ = {isa = PBXFileReference; lastKnownFileType = sourcecode.cpp.cpp; name = "DragAndDrop.cpp"; path = "DragAndDrop.cpp"; sourceTree = "<group>"; };
		67C63A016F202E436F872122 /* Gwen.cpp */ = {isa = PBXFileReference; lastKnownFileType = sourcecode.cpp.cpp; name = "Gwen.cpp"; path = "Gwen.cpp"; sourceTree = "<group>"; };
		127143FB2B0005F47C3B1E6B /* Hook.cpp */ = {isa = PBXFileReference; lastKnownFileType = sourcecode.cpp.cpp; name = "Hook.cpp"; path = "Hook.cpp"; sourceTree = "<group>"; };
		6C5523D93E823EDB51041457 /* PlatformWIN32.cpp */ = {isa = PBXFileReference; lastKnownFileType = sourcecode.cpp.cpp; name = "PlatformWIN32.cpp"; path = "PlatformWIN32.cpp"; sourceTree = "<group>"; };
		011B499360EC5D9020C96822 /* Skin.cpp */ = {isa = PBXFileReference; lastKnownFileType = sourcecode.cpp.cpp; name = "Skin.cpp"; path = "Skin.cpp"; sourceTree = "<group>"; };
		51BC5631035A523410D408DA /* ToolTip.cpp */ = {isa = PBXFileReference; lastKnownFileType = sourcecode.cpp.cpp; name = "ToolTip.cpp"; path = "ToolTip.cpp"; sourceTree = "<group>"; };
		427A41D40E932EDF4591392D /* Utility.cpp */ = {isa = PBXFileReference; lastKnownFileType = sourcecode.cpp.cpp; name = "Utility.cpp"; path = "Utility.cpp"; sourceTree = "<group>"; };
		79243107132B074873864C77 /* events.cpp */ = {isa = PBXFileReference; lastKnownFileType = sourcecode.cpp.cpp; name = "events.cpp"; path = "events.cpp"; sourceTree = "<group>"; };
		278A054747D965B630952306 /* inputhandler.cpp */ = {isa = PBXFileReference; lastKnownFileType = sourcecode.cpp.cpp; name = "inputhandler.cpp"; path = "inputhandler.cpp"; sourceTree = "<group>"; };
		76707CA7495C6E9B20781B05 /* libgwen_static.a */ = {isa = PBXFileReference; explicitFileType = archive.ar; includeInIndex = 0; name = "libgwen_static.a"; path = "libgwen_static.a"; sourceTree = BUILT_PRODUCTS_DIR; };
/* End PBXFileReference section */

/* Begin PBXFrameworksBuildPhase section */
		4AB907F10270586E322D4D3A /* Frameworks */ = {
			isa = PBXFrameworksBuildPhase;
			buildActionMask = 2147483647;
			files = (
			);
			runOnlyForDeploymentPostprocessing = 0;
		};
/* End PBXFrameworksBuildPhase section */

/* Begin PBXGroup section */
		5CB9165A17BA2DBC6E7F704F /* GWEN Static */ = {
			isa = PBXGroup;
			children = (
				794A630547FA621C6A65786F /* include */,
				347D5E104E916E5050796640 /* src */,
				7E3D74CF72190125017171AF /* Products */,
			);
			name = "GWEN Static";
			sourceTree = "<group>";
		};
		794A630547FA621C6A65786F /* include */ = {
			isa = PBXGroup;
			children = (
				18D05AA264FA6C7C60862A21 /* Gwen */,
			);
			name = "include";
			path = ../../include;
			sourceTree = "<group>";
		};
		18D05AA264FA6C7C60862A21 /* Gwen */ = {
			isa = PBXGroup;
			children = (
				4BD95C0B389673FC25692235 /* Align.h */,
				04C26DBC6E9E2F767DA70F58 /* Anim.h */,
				1A265C0D499518B40FE339A5 /* BaseRender.h */,
				179E1067409E283470ED1FC1 /* Config.h */,
				21FA3224345A700D26A673B1 /* Controls */,
				45700469594E38A6063C098B /* Controls.h */,
				6E9718FE59D73112103D6D99 /* DragAndDrop.h */,
				289C733A019C283229EE442D /* Events.h */,
				574977DA4A2A32242CA6783C /* Exports.h */,
				2CD92ED057B366251F2B07F8 /* Font.h */,
				0F277D440EA1536336C0632E /* Gwen.h */,
				580951F845D743A402AF0E24 /* Hook.h */,
				7C3702193BD2397C592F246F /* Input */,
				6F310EF76F516E3234F36CF6 /* InputHandler.h */,
				5CC84FB351FB137C299D7C3C /* Macros.h */,
				16895D9821373BE96B570DEF /* Platform.h */,
				45346D294B29320133A62220 /* Renderers */,
				6D4364A9458A109B5D7B4710 /* Skin.h */,
				4A642E216FF200D432DC77AC /* Skins */,
				440B3200015227391B9F670D /* Structures.h */,
				3A0E539E77E77E1300AD2EF2 /* TextObject.h */,
				6195324163AD0D8D1C383748 /* Texture.h */,
				0D14622B3D23447431044237 /* ToolTip.h */,
				2EAA5B1C4A907F4973954C3D /* UnitTest */,
				335D4CC76C095632609644BD /* Utility.h */,
			);
			name = "Gwen";
			path = Gwen;
			sourceTree = "<group>";
		};
		21FA3224345A700D26A673B1 /* Controls */ = {
			isa = PBXGroup;
			children = (
				703B6D1306D711920E7C10E1 /* Base.h */,
				6CF602DB06F21CCB5A953222 /* Button.h */,
				0BEC63B159A839E0650B0980 /* Canvas.h */,
				4DF2401B6C545BFB7ABD3542 /* CheckBox.h */,
				618428BC10CE7A5907A33475 /* ColorControls.h */,
				5898325540DC377C4CB042CA /* ColorPicker.h */,
				1C8C0387388147C30B9936B4 /* ComboBox.h */,
				2F417EF12F051FCC6F246E09 /* CrossSplitter.h */,
				74C337C804CF486776C95494 /* Dialogs */,
				0B60717D6A893C2D141B5C31 /* DockBase.h */,
				3100154E426466930B626DD1 /* DockedTabControl.h */,
				05242FB918FC321B783C00D1 /* Dragger.h */,
				67D83B624619786202EB7512 /* GroupBox.h */,
				47887AD53090716F55CC0C33 /* HSVColorPicker.h */,
				7535317C02EF77302E54241C /* Highlight.h */,
				2C55656959A620781B974CEA /* HorizontalScrollBar.h */,
				5C935FA0298E56F35FEC3975 /* HorizontalSlider.h */,
				17AD23FC13DC28C6139410F6 /* ImagePanel.h */,
				701C5AB918E361D444674D6D /* Label.h */,
				254C754A2D2E41DD72ED65D4 /* LabelClickable.h */,
				408C05082CDC3BFB077C544F /* Layout */,
				5D710AA837323AF161CB2C6A /* ListBox.h */,
				4EB8623C75975A4176C50DA1 /* Menu.h */,
				60024F720B1841370ED7146F /* MenuItem.h */,
				3CEC499A3B5160597E6F4991 /* MenuStrip.h */,
				512D33C342754AEE4C0210B9 /* Modal.h */,
				646E56B67ED574004C955882 /* NumericUpDown.h */,
				79E873A0246B512502D426A0 /* PanelListPanel.h */,
				2F641C8F52D73A111BE04EF2 /* ProgressBar.h */,
				0F6F574E605C6D2331283F81 /* Properties.h */,
				78EA04424CB2406918DE649D /* Property */,
				24CC38802FCC211E3C367FB0 /* PropertyTree.h */,
				11313A5511A310794EE64744 /* RadioButton.h */,
				55EB4AA332A66F8B43C02965 /* RadioButtonController.h */,
				08D853C427E37ACF0A642009 /* ResizableControl.h */,
				3997266518C627B75757470D /* Resizer.h */,
				00616E727BC41C2B3515426A /* RichLabel.h */,
				7EE1160A3D134BDC7782017E /* ScrollBar.h */,
				3DF035DB510216C75FF95450 /* ScrollBarBar.h */,
				69356FB97BC76B404A9D291A /* ScrollBarButton.h */,
				46137B4D56E1334C6DCB3780 /* ScrollControl.h */,
				757A162B606408451AB02C39 /* Slider.h */,
				28733FB73AC518F91A77631E /* SplitterBar.h */,
				7D707E9843F92DB6458D36D2 /* StatusBar.h */,
				50D830B3611213145ADE3481 /* Symbol.h */,
				754567DE57963F507B2C676C /* TabButton.h */,
				186264D060450F9510C84339 /* TabControl.h */,
				1F782EF3570D518F664A4544 /* TabStrip.h */,
				130563241A5343104F29045E /* TabTitleBar.h */,
				52F26C8D5FEA14BA1B3F63BF /* Text.h */,
				5545421110411DE32A98491B /* TextBox.h */,
				2F62480E28B41F31691F5F12 /* ToolBar.h */,
				2E3369574C047EA1520C6479 /* TreeControl.h */,
				5BD82BB5146422F569151E2E /* TreeNode.h */,
				11A7435A7C9B4DBD6BD8046F /* VerticalScrollBar.h */,
				2BA446025E255A7867FB05F1 /* VerticalSlider.h */,
				2EBF69B420696E7A72E80A2A /* WindowControl.h */,
			);
			name = "Controls";
			path = Controls;
			sourceTree = "<group>";
		};
		74C337C804CF486776C95494 /* Dialogs */ = {
			isa = PBXGroup;
			children = (
				430F57F75066791462CB6D55 /* FileOpen.h */,
				5DD666655F371B331A145265 /* FileSave.h */,
				624B40FC0EEF6775557428B6 /* Query.h */,
			);
			name = "Dialogs";
			path = Dialogs;
			sourceTree = "<group>";
		};
		408C05082CDC3BFB077C544F /* Layout */ = {
			isa = PBXGroup;
			children = (
				520315D4174A611E3A2E67C9 /* Splitter.h */,
				5F4737CE71623A9B7EC10DCA /* Table.h */,
			);
			name = "Layout";
			path = Layout;
			sourceTree = "<group>";
		};
		78EA04424CB2406918DE649D /* Property */ = {
			isa = PBXGroup;
			children = (
				7236665B24CB03D216EA0F87 /* BaseProperty.h */,
				08AE4A343CE4447D3E684F70 /* ColorSelector.h */,
				4D2C79F018724A7158141FB9 /* Text.h */,
			);
			name = "Property";
			path = Property;
			sourceTree = "<group>";
		};
		7C3702193BD2397C592F246F /* Input */ = {
			isa = PBXGroup;
			children = (
				26550DA408E65B0252B7346F /* SDL13.h */,
				3BEF49E773457B471D1D7776 /* SFML.h */,
				208E55D059990405421873C8 /* Windows.h */,
			);
			name = "Input";
			path = Input;
			sourceTree = "<group>";
		};
		45346D294B29320133A62220 /* Renderers */ = {
			isa = PBXGroup;
			children = (
				7AA54AAD3D7C2D4972655DF7 /* DirectX9.h */,
				413E61602F4B560A1DFE087F /* GDIPlus.h */,
				5D145179528B56870F3048CA /* OpenGL.h */,
				1CE75AC17BD12D352DFB34C5 /* SFML.h */,
			);
			name = "Renderers";
			path = Renderers;
			sourceTree = "<group>";
		};
		4A642E216FF200D432DC77AC /* Skins */ = {
			isa = PBXGroup;
			children = (
				3DB47EA2517B6BF227B3466E /* Simple.h */,
				59F65F28236261B7325E5767 /* TexturedBase.h */,
				357F3D0C649708540F3020CF /* Texturing.h */,
			);
			name = "Skins";
			path = Skins;
			sourceTree = "<group>";
		};
		2EAA5B1C4A907F4973954C3D /* UnitTest */ = {
			isa = PBXGroup;
			children = (
				1ACE79ED3ECE41621E2D11A6 /* UnitTest.h */,
			);
			name = "UnitTest";
			path = UnitTest;
			sourceTree = "<group>";
		};
		347D5E104E916E5050796640 /* src */ = {
			isa = PBXGroup;
			children = (
				2EDB3B2818141F4A056B1EAD /* Anim.cpp */,
				60C901C42CD22E175DAC44B3 /* BaseRender.cpp */,
				0CDB08E9170B0B3522B75121 /* Controls */,
				1C41043525CF658C65E95E87 /* DragAndDrop.cpp */,
				67C63A016F202E436F872122 /* Gwen.cpp */,
				127143FB2B0005F47C3B1E6B /* Hook.cpp */,
				6C5523D93E823EDB51041457 /* PlatformWIN32.cpp */,
				011B499360EC5D9020C96822 /* Skin.cpp */,
				51BC5631035A523410D408DA /* ToolTip.cpp */,
				427A41D40E932EDF4591392D /* Utility.cpp */,
				79243107132B074873864C77 /* events.cpp */,
				278A054747D965B630952306 /* inputhandler.cpp */,
			);
			name = "src";
			path = ../../src;
			sourceTree = "<group>";
		};
		0CDB08E9170B0B3522B75121 /* Controls */ = {
			isa = PBXGroup;
			children = (
				343F18437ACE435B055B67D2 /* Base.cpp */,
				6B966DD4671B1831176566D5 /* Button.cpp */,
				50DA3B8D691D255D37FF2769 /* Canvas.cpp */,
				159219CB70F12F021D763E95 /* CheckBox.cpp */,
				70AE01B0795952400814646C /* ColorControls.cpp */,
				2B0017B458210428755C4A5B /* ColorPicker.cpp */,
				33FA5D6E58B731E26F821CAD /* ComboBox.cpp */,
				3AAE569F7D046E1C352D7B62 /* CrossSplitter.cpp */,
				07026D7F009057B5356F7631 /* Dialog */,
				2D2370911394541401AF287D /* DockBase.cpp */,
				775877C5024259F05E281DA7 /* DockedTabControl.cpp */,
				2B64018C4CEA34BD452C0B19 /* Dragger.cpp */,
				652F649F30152CD623D816ED /* GroupBox.cpp */,
				3074413F40AB626B3CCE4FAB /* HSVColorPicker.cpp */,
				669A57A418BA374A1AD44474 /* HorizontalScrollBar.cpp */,
				7ED407A508672BED29AC2A6E /* HorizontalSlider.cpp */,
				2C7B65A907347BC311353B6F /* ImagePanel.cpp */,
				67AA10CD617304C22EC239EC /* Label.cpp */,
				3C1A36565E0A462C48BA4622 /* LabelClickable.cpp */,
				7A406E58586802A058707086 /* Layout */,
				46D95D53034038553BB34437 /* ListBox.cpp */,
				260C1C272D42139C77BB1944 /* Menu.cpp */,
				35DD51A11DCD4FD057640442 /* MenuItem.cpp */,
				717C102151F419292BB05117 /* MenuStrip.cpp */,
				33E74BA11EF61C57294271CC /* NumericUpDown.cpp */,
				4E2007035A607E2B31591390 /* PanelListPanel.cpp */,
				09B33C9D506168805B0F730C /* ProgressBar.cpp */,
				53674E02246C587038CD7BEE /* Properties.cpp */,
				0A430712781419B416117FAF /* RadioButton.cpp */,
				2EC4004374231B5A29630FA7 /* RadioButtonController.cpp */,
				6E5B6C310FFB09AD76954653 /* ResizableControl.cpp */,
				472C1C64333159615D3A0BE5 /* Resizer.cpp */,
				400549600D672FFE0F68220D /* RichLabel.cpp */,
				709D69F24069558E6CB10306 /* ScrollBar.cpp */,
				560D25B9388B1B897D5E5FE2 /* ScrollBarBar.cpp */,
				2F932EF24F41650009ED4A19 /* ScrollBarButton.cpp */,
				5F850F8813FF3C080ACD5450 /* ScrollControl.cpp */,
				0C92355A575320696C583666 /* Slider.cpp */,
				7F4049CF543F7B87631040C4 /* SplitterBar.cpp */,
				77A2209713DC65904C1E2AE5 /* TabButton.cpp */,
				775849C3672C27E656070923 /* TabControl.cpp */,
				3BCC1308133E28CF6DB075C3 /* TabStrip.cpp */,
				64AA044E0B882C5A2B943943 /* Text.cpp */,
				02A0237F568016943D437DE3 /* TextBox.cpp */,
				0A570B8D787B1AEB071D5A71 /* TextBoxNumeric.cpp */,
				67B022C400CA04E27A504059 /* TreeControl.cpp */,
				2D437C52151305F65B0F18EB /* TreeNode.cpp */,
				1C14311416EC34CF73141DEE /* VerticalScrollBar.cpp */,
				7F973BA23FBD29AA6C573966 /* VerticalSlider.cpp */,
				19E6239C4ED76405500F78A1 /* WindowControl.cpp */,
			);
			name = "Controls";
			path = Controls;
			sourceTree = "<group>";
		};
		07026D7F009057B5356F7631 /* Dialog */ = {
			isa = PBXGroup;
			children = (
				5BC752665B9B0F3203784377 /* FileOpen.cpp */,
				625378E9035B68D61BA24474 /* FileSave.cpp */,
				19140596784230136FCE7703 /* Query.cpp */,
			);
			name = "Dialog";
			path = Dialog;
			sourceTree = "<group>";
		};
		7A406E58586802A058707086 /* Layout */ = {
			isa = PBXGroup;
			children = (
				56E56656450943CA712B3D88 /* Splitter.h */,
				26A45DA70AC651640644356A /* Table.h */,
			);
			name = "Layout";
			path = Layout;
			sourceTree = "<group>";
		};
		7E3D74CF72190125017171AF /* Products */ = {
			isa = PBXGroup;
			children = (
				76707CA7495C6E9B20781B05 /* libgwen_static.a */,
			);
			name = "Products";
			sourceTree = "<group>";
		};
/* End PBXGroup section */

/* Begin PBXNativeTarget section */
		5C1B23151A2650E619007B16 /* GWEN Static */ = {
			isa = PBXNativeTarget;
			buildConfigurationList = 214156975BA549B902721F5C /* Build configuration list for PBXNativeTarget "GWEN Static" */;
			buildPhases = (
				438B35A8150520BC5F5E2097 /* Resources */,
				3E42773234BD287B57D03B12 /* Sources */,
				4AB907F10270586E322D4D3A /* Frameworks */,
			);
			buildRules = (
			);
			dependencies = (
			);
			name = "GWEN Static";
			productName = "GWEN Static";
			productReference = 76707CA7495C6E9B20781B05 /* libgwen_static.a */;
			productType = "com.apple.product-type.library.static";
		};
/* End PBXNativeTarget section */

/* Begin PBXProject section */
		08FB7793FE84155DC02AAC07 /* Project object */ = {
			isa = PBXProject;
			buildConfigurationList = 1DEB928908733DD80010E9CD /* Build configuration list for PBXProject "GWEN Static" */;
			compatibilityVersion = "Xcode 3.1";
			hasScannedForEncodings = 1;
			mainGroup = 5CB9165A17BA2DBC6E7F704F /* GWEN Static */;
			projectDirPath = "";
			projectRoot = "";
			targets = (
				5C1B23151A2650E619007B16 /* libgwen_static.a */,
			);
		};
/* End PBXProject section */

/* Begin PBXResourcesBuildPhase section */
		438B35A8150520BC5F5E2097 /* Resources */ = {
			isa = PBXResourcesBuildPhase;
			buildActionMask = 2147483647;
			files = (
			);
			runOnlyForDeploymentPostprocessing = 0;
		};
/* End PBXResourcesBuildPhase section */

/* Begin PBXSourcesBuildPhase section */
		3E42773234BD287B57D03B12 /* Sources */ = {
			isa = PBXSourcesBuildPhase;
			buildActionMask = 2147483647;
			files = (
				73234B815DD83E6F580A1289 /* Anim.cpp in Sources */,
				3E7C53F81CAB321042950155 /* BaseRender.cpp in Sources */,
				14B868191AE60A1E3A4E3225 /* Base.cpp in Sources */,
				440D71BA60E612370B701B32 /* Button.cpp in Sources */,
				2AEF13FC0328671F55776FA9 /* Canvas.cpp in Sources */,
				22763B0916DB7C33657312CB /* CheckBox.cpp in Sources */,
				579620736DFF1F6545C548E2 /* ColorControls.cpp in Sources */,
				784033D90D61073D43FE15AE /* ColorPicker.cpp in Sources */,
				5EB908DB12D6102F68F8440D /* ComboBox.cpp in Sources */,
				5739764007B6351F3F3502EE /* CrossSplitter.cpp in Sources */,
				0F32224B79D525A91C0457DB /* FileOpen.cpp in Sources */,
				058B520E35E2043F69CA4CB1 /* FileSave.cpp in Sources */,
				5A6520AE2A332F7155813068 /* Query.cpp in Sources */,
				6E61523A18D0769C70C30F1B /* DockBase.cpp in Sources */,
				70E41F7342A415684D4525A0 /* DockedTabControl.cpp in Sources */,
				26D35198441F0DF81E4F6D10 /* Dragger.cpp in Sources */,
				158F3175780E705512797D90 /* GroupBox.cpp in Sources */,
				4E3315AE7CB93B1861A75465 /* HSVColorPicker.cpp in Sources */,
				550C1C47373E41564B474937 /* HorizontalScrollBar.cpp in Sources */,
				61595B77712C41D000C83EA3 /* HorizontalSlider.cpp in Sources */,
				714415AE6C631B5B385D5A07 /* ImagePanel.cpp in Sources */,
				6E1F3CE3092A4A8C63F24E89 /* Label.cpp in Sources */,
				5CE251235A911CA8486E0769 /* LabelClickable.cpp in Sources */,
				438448FD04A22AF133FA4DF1 /* ListBox.cpp in Sources */,
				50A9056D09793CC031590235 /* Menu.cpp in Sources */,
				1D88720753C31053770768B5 /* MenuItem.cpp in Sources */,
				499C66CC7834518503A33F03 /* MenuStrip.cpp in Sources */,
				0F0244D465304016372447AE /* NumericUpDown.cpp in Sources */,
				335513BC3A8E18714870596D /* PanelListPanel.cpp in Sources */,
				3ACB585575917FBF31400B8E /* ProgressBar.cpp in Sources */,
				3990108B2D233F312C332B9D /* Properties.cpp in Sources */,
				5F6200935A545A89212F6857 /* RadioButton.cpp in Sources */,
				196D3D5869114DEA1BFF5DD0 /* RadioButtonController.cpp in Sources */,
				666820260D287EE1292A6EE3 /* ResizableControl.cpp in Sources */,
				38F00F97177B2CB3351117DA /* Resizer.cpp in Sources */,
				042449BE47836BE7494C265D /* RichLabel.cpp in Sources */,
				4E811B9255087917444502A0 /* ScrollBar.cpp in Sources */,
				66FE319C2E1F6EF2671475C7 /* ScrollBarBar.cpp in Sources */,
				186B6DE325632B95559D199D /* ScrollBarButton.cpp in Sources */,
				77066F170C77710B64E85D75 /* ScrollControl.cpp in Sources */,
				245E34FD76BB0D2153C04C5F /* Slider.cpp in Sources */,
				256C0E1A204D146F498E008F /* SplitterBar.cpp in Sources */,
				26EF3AA335427CA337767009 /* TabButton.cpp in Sources */,
				4C0770A37525220F77B27E91 /* TabControl.cpp in Sources */,
				63152D6D6EAF0475472F00D1 /* TabStrip.cpp in Sources */,
				1CD100444FC8471175651CCC /* Text.cpp in Sources */,
				21AB3A4805BE3FE7667B3382 /* TextBox.cpp in Sources */,
				21672FA429C4224F439B3FE4 /* TextBoxNumeric.cpp in Sources */,
				38F375F575AD10BD759156F9 /* TreeControl.cpp in Sources */,
				4A8B4BFC3CE921D545AA3551 /* TreeNode.cpp in Sources */,
				2410168725BF24AE40CB05AA /* VerticalScrollBar.cpp in Sources */,
				0FA41E9C1ECC306438D04CE1 /* VerticalSlider.cpp in Sources */,
				2A897CE74CBB4AE40026271A /* WindowControl.cpp in Sources */,
				1E3B5E656C4632F43BAB4232 /* DragAndDrop.cpp in Sources */,
				17CB0E51646C198166C54165 /* Gwen.cpp in Sources */,
				197E714F04F4562C65C0763B /* Hook.cpp in Sources */,
				02A55DD72D216316426D1AB7 /* PlatformWIN32.cpp in Sources */,
				69BE7DE356B62BEA6EF778C2 /* Skin.cpp in Sources */,
				24CC25DB412C7C2B2B082AD4 /* ToolTip.cpp in Sources */,
				1BF34CC0393118C0671C61E5 /* Utility.cpp in Sources */,
				42561197386550BD42235C93 /* events.cpp in Sources */,
				51347A18595011727D5D7B93 /* inputhandler.cpp in Sources */,
			);
			runOnlyForDeploymentPostprocessing = 0;
		};
/* End PBXSourcesBuildPhase section */

/* Begin PBXVariantGroup section */
/* End PBXVariantGroup section */

/* Begin XCBuildConfiguration section */
		340367C4622944F12DDF69AE /* Release */ = {
			isa = XCBuildConfiguration;
			buildSettings = {
				ALWAYS_SEARCH_USER_PATHS = NO;
				CONFIGURATION_BUILD_DIR = ../../lib/xcode3;
				GCC_DYNAMIC_NO_PIC = NO;
				GCC_MODEL_TUNING = G5;
				INSTALL_PATH = /usr/local/lib;
				PRODUCT_NAME = "gwen_static";
			};
			name = "Release";
		};
		32B3454F7874420B1062677F /* Debug */ = {
			isa = XCBuildConfiguration;
			buildSettings = {
				ALWAYS_SEARCH_USER_PATHS = NO;
				CONFIGURATION_BUILD_DIR = ../../lib/xcode3;
				GCC_DYNAMIC_NO_PIC = NO;
				GCC_MODEL_TUNING = G5;
				INSTALL_PATH = /usr/local/lib;
				PRODUCT_NAME = "gwend_static";
			};
			name = "Debug";
		};
		132A7DF14E18199E7ACC64EF /* Release */ = {
			isa = XCBuildConfiguration;
			buildSettings = {
				ARCHS = "$(NATIVE_ARCH_ACTUAL)";
				CONFIGURATION_BUILD_DIR = "$(SYMROOT)";
				CONFIGURATION_TEMP_DIR = "$(OBJROOT)";
				COPY_PHASE_STRIP = NO;
				GCC_C_LANGUAGE_STANDARD = gnu99;
				GCC_OPTIMIZATION_LEVEL = s;
				GCC_PREPROCESSOR_DEFINITIONS = (
					"NDEBUG",
					"GWEN_COMPILE_STATIC",
				);
				GCC_SYMBOLS_PRIVATE_EXTERN = NO;
				GCC_WARN_ABOUT_RETURN_TYPE = YES;
				GCC_WARN_UNUSED_VARIABLE = YES;
				HEADER_SEARCH_PATHS = (
					"../../include",
				);
				LIBRARY_SEARCH_PATHS = (
					"../../lib",
					"../../lib/xcode3",
				);
				OBJROOT = "obj/Release/GWEN Static";
				ONLY_ACTIVE_ARCH = NO;
				OTHER_CFLAGS = (
					"-ffast-math",
				);
				PREBINDING = NO;
				SYMROOT = "../../lib/xcode3";
			};
			name = "Release";
		};
		117364A61B0F3E3A3E350BC6 /* Debug */ = {
			isa = XCBuildConfiguration;
			buildSettings = {
				ARCHS = "$(NATIVE_ARCH_ACTUAL)";
				CONFIGURATION_BUILD_DIR = "$(SYMROOT)";
				CONFIGURATION_TEMP_DIR = "$(OBJROOT)";
				COPY_PHASE_STRIP = NO;
				GCC_C_LANGUAGE_STANDARD = gnu99;
				GCC_OPTIMIZATION_LEVEL = 0;
				GCC_PREPROCESSOR_DEFINITIONS = (
					"_DEBUG",
					"GWEN_COMPILE_STATIC",
				);
				GCC_SYMBOLS_PRIVATE_EXTERN = NO;
				GCC_WARN_ABOUT_RETURN_TYPE = YES;
				GCC_WARN_UNUSED_VARIABLE = YES;
				HEADER_SEARCH_PATHS = (
					"../../include",
				);
				LIBRARY_SEARCH_PATHS = (
					"../../lib",
					"../../lib/xcode3",
				);
				OBJROOT = "obj/Debug/GWEN Static";
				ONLY_ACTIVE_ARCH = YES;
				PREBINDING = NO;
				SYMROOT = "../../lib/xcode3";
			};
			name = "Debug";
		};
/* End XCBuildConfiguration section */

/* Begin XCConfigurationList section */
		214156975BA549B902721F5C /* Build configuration list for PBXNativeTarget "libgwen_static.a" */ = {
			isa = XCConfigurationList;
			buildConfigurations = (
				340367C4622944F12DDF69AE /* Release */,
				32B3454F7874420B1062677F /* Debug */,
			);
			defaultConfigurationIsVisible = 0;
			defaultConfigurationName = "Release";
		};
		1DEB928908733DD80010E9CD /* Build configuration list for PBXProject "GWEN Static" */ = {
			isa = XCConfigurationList;
			buildConfigurations = (
				132A7DF14E18199E7ACC64EF /* Release */,
				117364A61B0F3E3A3E350BC6 /* Debug */,
			);
			defaultConfigurationIsVisible = 0;
			defaultConfigurationName = "Release";
		};
/* End XCConfigurationList section */

	};
	rootObject = 08FB7793FE84155DC02AAC07 /* Project object */;
}
