// !$*UTF8*$!
{
	archiveVersion = 1;
	classes = {
	};
	objectVersion = 45;
	objects = {

/* Begin PBXBuildFile section */
		22B71294228310D0758C5AA1 /* Button.cpp in Sources */ = {isa = PBXBuildFile; fileRef = 595338DE6B6534897A5F3ACA /* Button.cpp */; };
		74AD493A1BB565906F055CC5 /* Checkbox.cpp in Sources */ = {isa = PBXBuildFile; fileRef = 4AFB4ED0699477AF7E9530F0 /* Checkbox.cpp */; };
		1D5967666F637BAA260B4579 /* CollapsibleList.cpp in Sources */ = {isa = PBXBuildFile; fileRef = 779D3381707F65B646EB5071 /* CollapsibleList.cpp */; };
		102D146C628713606C48286E /* ComboBox.cpp in Sources */ = {isa = PBXBuildFile; fileRef = 26EF30FD7E722E6B03E407F8 /* ComboBox.cpp */; };
		11652A4D330A4F2405CF7719 /* CrossSplitter.cpp in Sources */ = {isa = PBXBuildFile; fileRef = 43D054DB40170B7C096E18EC /* CrossSplitter.cpp */; };
		68AC4DB83FD16B7B7189576F /* GroupBox.cpp in Sources */ = {isa = PBXBuildFile; fileRef = 00D03297396A75AB1F2C568E /* GroupBox.cpp */; };
		79095643400849103AE05EE1 /* ImagePanel.cpp in Sources */ = {isa = PBXBuildFile; fileRef = 440050326FDC56515C074355 /* ImagePanel.cpp */; };
		6A0E02E915AC251740AD6D9A /* Label.cpp in Sources */ = {isa = PBXBuildFile; fileRef = 65FB190701C5711658F6288D /* Label.cpp */; };
		4E4436C7075E1BE41D5F25F7 /* ListBox.cpp in Sources */ = {isa = PBXBuildFile; fileRef = 103572F0570F01EE470D042E /* ListBox.cpp */; };
		72D03A136D6651CB1C6D3C47 /* MenuStrip.cpp in Sources */ = {isa = PBXBuildFile; fileRef = 4682519957204B5634C368F9 /* MenuStrip.cpp */; };
		446A3B5C1E065E3968FD1AC4 /* Numeric.cpp in Sources */ = {isa = PBXBuildFile; fileRef = 67E96423500710D00E882CD9 /* Numeric.cpp */; };
		757F0D082500551361D515D0 /* ProgressBar.cpp in Sources */ = {isa = PBXBuildFile; fileRef = 32A938FC7AEA399C26870178 /* ProgressBar.cpp */; };
		51A45B0912690A4E3E812C74 /* Properties.cpp in Sources */ = {isa = PBXBuildFile; fileRef = 178C73FD49AF17B74FB7531F /* Properties.cpp */; };
		6A3E54E16CAF6BCF71C51115 /* RadioButton.cpp in Sources */ = {isa = PBXBuildFile; fileRef = 686B72C569E90F18582709D2 /* RadioButton.cpp */; };
		30F450EA25B460843F000776 /* ScrollControl.cpp in Sources */ = {isa = PBXBuildFile; fileRef = 086F07D911E80D8475447678 /* ScrollControl.cpp */; };
		02214B217A9A70EF5326228E /* Slider.cpp in Sources */ = {isa = PBXBuildFile; fileRef = 1043657D145D43C36A715CF7 /* Slider.cpp */; };
		0E264B494E38379801613CF6 /* StatusBar.cpp in Sources */ = {isa = PBXBuildFile; fileRef = 411B325B5E5667E23CB65C04 /* StatusBar.cpp */; };
		08352C0374164F94776710BB /* TabControl.cpp in Sources */ = {isa = PBXBuildFile; fileRef = 7F5858FB2927231630E323DF /* TabControl.cpp */; };
		381707210B3556952C0D0988 /* TextBox.cpp in Sources */ = {isa = PBXBuildFile; fileRef = 134B5D21137A5B900DD93393 /* TextBox.cpp */; };
		777E6DBC45B345EB4457458A /* TreeControl.cpp in Sources */ = {isa = PBXBuildFile; fileRef = 095D6B4162DF1FD54A767F36 /* TreeControl.cpp */; };
		6A8F6E9545C00BBD37BD5886 /* UnitTest.cpp in Sources */ = {isa = PBXBuildFile; fileRef = 1F7A40433C902C5D6CC20261 /* UnitTest.cpp */; };
		3FAF06B03BC060883FBA2D37 /* Window.cpp in Sources */ = {isa = PBXBuildFile; fileRef = 6BC265776189676F065B7AEC /* Window.cpp */; };
/* End PBXBuildFile section */

/* Begin PBXFileReference section */
		595338DE6B6534897A5F3ACA /* Button.cpp */ = {isa = PBXFileReference; lastKnownFileType = sourcecode.cpp.cpp; name = "Button.cpp"; path = "Button.cpp"; sourceTree = "<group>"; };
		4AFB4ED0699477AF7E9530F0 /* Checkbox.cpp */ = {isa = PBXFileReference; lastKnownFileType = sourcecode.cpp.cpp; name = "Checkbox.cpp"; path = "Checkbox.cpp"; sourceTree = "<group>"; };
		779D3381707F65B646EB5071 /* CollapsibleList.cpp */ = {isa = PBXFileReference; lastKnownFileType = sourcecode.cpp.cpp; name = "CollapsibleList.cpp"; path = "CollapsibleList.cpp"; sourceTree = "<group>"; };
		26EF30FD7E722E6B03E407F8 /* ComboBox.cpp */ = {isa = PBXFileReference; lastKnownFileType = sourcecode.cpp.cpp; name = "ComboBox.cpp"; path = "ComboBox.cpp"; sourceTree = "<group>"; };
		43D054DB40170B7C096E18EC /* CrossSplitter.cpp */ = {isa = PBXFileReference; lastKnownFileType = sourcecode.cpp.cpp; name = "CrossSplitter.cpp"; path = "CrossSplitter.cpp"; sourceTree = "<group>"; };
		00D03297396A75AB1F2C568E /* GroupBox.cpp */ = {isa = PBXFileReference; lastKnownFileType = sourcecode.cpp.cpp; name = "GroupBox.cpp"; path = "GroupBox.cpp"; sourceTree = "<group>"; };
		440050326FDC56515C074355 /* ImagePanel.cpp */ = {isa = PBXFileReference; lastKnownFileType = sourcecode.cpp.cpp; name = "ImagePanel.cpp"; path = "ImagePanel.cpp"; sourceTree = "<group>"; };
		65FB190701C5711658F6288D /* Label.cpp */ = {isa = PBXFileReference; lastKnownFileType = sourcecode.cpp.cpp; name = "Label.cpp"; path = "Label.cpp"; sourceTree = "<group>"; };
		103572F0570F01EE470D042E /* ListBox.cpp */ = {isa = PBXFileReference; lastKnownFileType = sourcecode.cpp.cpp; name = "ListBox.cpp"; path = "ListBox.cpp"; sourceTree = "<group>"; };
		4682519957204B5634C368F9 /* MenuStrip.cpp */ = {isa = PBXFileReference; lastKnownFileType = sourcecode.cpp.cpp; name = "MenuStrip.cpp"; path = "MenuStrip.cpp"; sourceTree = "<group>"; };
		67E96423500710D00E882CD9 /* Numeric.cpp */ = {isa = PBXFileReference; lastKnownFileType = sourcecode.cpp.cpp; name = "Numeric.cpp"; path = "Numeric.cpp"; sourceTree = "<group>"; };
		32A938FC7AEA399C26870178 /* ProgressBar.cpp */ = {isa = PBXFileReference; lastKnownFileType = sourcecode.cpp.cpp; name = "ProgressBar.cpp"; path = "ProgressBar.cpp"; sourceTree = "<group>"; };
		178C73FD49AF17B74FB7531F /* Properties.cpp */ = {isa = PBXFileReference; lastKnownFileType = sourcecode.cpp.cpp; name = "Properties.cpp"; path = "Properties.cpp"; sourceTree = "<group>"; };
		686B72C569E90F18582709D2 /* RadioButton.cpp */ = {isa = PBXFileReference; lastKnownFileType = sourcecode.cpp.cpp; name = "RadioButton.cpp"; path = "RadioButton.cpp"; sourceTree = "<group>"; };
		2E017B54290419296E8A08AB /* ReadMe.txt */ = {isa = PBXFileReference; lastKnownFileType = text; name = "ReadMe.txt"; path = "ReadMe.txt"; sourceTree = "<group>"; };
		086F07D911E80D8475447678 /* ScrollControl.cpp */ = {isa = PBXFileReference; lastKnownFileType = sourcecode.cpp.cpp; name = "ScrollControl.cpp"; path = "ScrollControl.cpp"; sourceTree = "<group>"; };
		1043657D145D43C36A715CF7 /* Slider.cpp */ = {isa = PBXFileReference; lastKnownFileType = sourcecode.cpp.cpp; name = "Slider.cpp"; path = "Slider.cpp"; sourceTree = "<group>"; };
		411B325B5E5667E23CB65C04 /* StatusBar.cpp */ = {isa = PBXFileReference; lastKnownFileType = sourcecode.cpp.cpp; name = "StatusBar.cpp"; path = "StatusBar.cpp"; sourceTree = "<group>"; };
		7F5858FB2927231630E323DF /* TabControl.cpp */ = {isa = PBXFileReference; lastKnownFileType = sourcecode.cpp.cpp; name = "TabControl.cpp"; path = "TabControl.cpp"; sourceTree = "<group>"; };
		134B5D21137A5B900DD93393 /* TextBox.cpp */ = {isa = PBXFileReference; lastKnownFileType = sourcecode.cpp.cpp; name = "TextBox.cpp"; path = "TextBox.cpp"; sourceTree = "<group>"; };
		095D6B4162DF1FD54A767F36 /* TreeControl.cpp */ = {isa = PBXFileReference; lastKnownFileType = sourcecode.cpp.cpp; name = "TreeControl.cpp"; path = "TreeControl.cpp"; sourceTree = "<group>"; };
		1F7A40433C902C5D6CC20261 /* UnitTest.cpp */ = {isa = PBXFileReference; lastKnownFileType = sourcecode.cpp.cpp; name = "UnitTest.cpp"; path = "UnitTest.cpp"; sourceTree = "<group>"; };
		6BC265776189676F065B7AEC /* Window.cpp */ = {isa = PBXFileReference; lastKnownFileType = sourcecode.cpp.cpp; name = "Window.cpp"; path = "Window.cpp"; sourceTree = "<group>"; };
		5DE71CCF2F8A4932061F735B /* libunittest.a */ = {isa = PBXFileReference; explicitFileType = archive.ar; includeInIndex = 0; name = "libunittest.a"; path = "libunittest.a"; sourceTree = BUILT_PRODUCTS_DIR; };
/* End PBXFileReference section */

/* Begin PBXFrameworksBuildPhase section */
		7CD4608875C369C154A8597F /* Frameworks */ = {
			isa = PBXFrameworksBuildPhase;
			buildActionMask = 2147483647;
			files = (
			);
			runOnlyForDeploymentPostprocessing = 0;
		};
/* End PBXFrameworksBuildPhase section */

/* Begin PBXGroup section */
		54CA370D525D41555C26153A /* UnitTest */ = {
			isa = PBXGroup;
			children = (
				4B594B1852F61DBE6F311AA4 /* unittest */,
				28727CDB39C76F3C7A1D47EE /* Products */,
			);
			name = "UnitTest";
			sourceTree = "<group>";
		};
		4B594B1852F61DBE6F311AA4 /* unittest */ = {
			isa = PBXGroup;
			children = (
				595338DE6B6534897A5F3ACA /* Button.cpp */,
				4AFB4ED0699477AF7E9530F0 /* Checkbox.cpp */,
				779D3381707F65B646EB5071 /* CollapsibleList.cpp */,
				26EF30FD7E722E6B03E407F8 /* ComboBox.cpp */,
				43D054DB40170B7C096E18EC /* CrossSplitter.cpp */,
				00D03297396A75AB1F2C568E /* GroupBox.cpp */,
				440050326FDC56515C074355 /* ImagePanel.cpp */,
				65FB190701C5711658F6288D /* Label.cpp */,
				103572F0570F01EE470D042E /* ListBox.cpp */,
				4682519957204B5634C368F9 /* MenuStrip.cpp */,
				67E96423500710D00E882CD9 /* Numeric.cpp */,
				32A938FC7AEA399C26870178 /* ProgressBar.cpp */,
				178C73FD49AF17B74FB7531F /* Properties.cpp */,
				686B72C569E90F18582709D2 /* RadioButton.cpp */,
				2E017B54290419296E8A08AB /* ReadMe.txt */,
				086F07D911E80D8475447678 /* ScrollControl.cpp */,
				1043657D145D43C36A715CF7 /* Slider.cpp */,
				411B325B5E5667E23CB65C04 /* StatusBar.cpp */,
				7F5858FB2927231630E323DF /* TabControl.cpp */,
				134B5D21137A5B900DD93393 /* TextBox.cpp */,
				095D6B4162DF1FD54A767F36 /* TreeControl.cpp */,
				1F7A40433C902C5D6CC20261 /* UnitTest.cpp */,
				6BC265776189676F065B7AEC /* Window.cpp */,
			);
			name = "unittest";
			path = ../../unittest;
			sourceTree = "<group>";
		};
		28727CDB39C76F3C7A1D47EE /* Products */ = {
			isa = PBXGroup;
			children = (
				5DE71CCF2F8A4932061F735B /* libunittest.a */,
			);
			name = "Products";
			sourceTree = "<group>";
		};
/* End PBXGroup section */

/* Begin PBXNativeTarget section */
		3A91075F0C11055A694D5C3C /* UnitTest */ = {
			isa = PBXNativeTarget;
			buildConfigurationList = 028D582E31C014D75E9A20ED /* Build configuration list for PBXNativeTarget "UnitTest" */;
			buildPhases = (
				510F198B3ADF1639771628F4 /* Resources */,
				4E6F436B301E534309843562 /* Sources */,
				7CD4608875C369C154A8597F /* Frameworks */,
			);
			buildRules = (
			);
			dependencies = (
			);
			name = "UnitTest";
			productName = "UnitTest";
			productReference = 5DE71CCF2F8A4932061F735B /* libunittest.a */;
			productType = "com.apple.product-type.library.static";
		};
/* End PBXNativeTarget section */

/* Begin PBXProject section */
		08FB7793FE84155DC02AAC07 /* Project object */ = {
			isa = PBXProject;
			buildConfigurationList = 1DEB928908733DD80010E9CD /* Build configuration list for PBXProject "UnitTest" */;
			compatibilityVersion = "Xcode 3.1";
			hasScannedForEncodings = 1;
			mainGroup = 54CA370D525D41555C26153A /* UnitTest */;
			projectDirPath = "";
			projectRoot = "";
			targets = (
				3A91075F0C11055A694D5C3C /* libunittest.a */,
			);
		};
/* End PBXProject section */

/* Begin PBXResourcesBuildPhase section */
		510F198B3ADF1639771628F4 /* Resources */ = {
			isa = PBXResourcesBuildPhase;
			buildActionMask = 2147483647;
			files = (
			);
			runOnlyForDeploymentPostprocessing = 0;
		};
/* End PBXResourcesBuildPhase section */

/* Begin PBXSourcesBuildPhase section */
		4E6F436B301E534309843562 /* Sources */ = {
			isa = PBXSourcesBuildPhase;
			buildActionMask = 2147483647;
			files = (
				22B71294228310D0758C5AA1 /* Button.cpp in Sources */,
				74AD493A1BB565906F055CC5 /* Checkbox.cpp in Sources */,
				1D5967666F637BAA260B4579 /* CollapsibleList.cpp in Sources */,
				102D146C628713606C48286E /* ComboBox.cpp in Sources */,
				11652A4D330A4F2405CF7719 /* CrossSplitter.cpp in Sources */,
				68AC4DB83FD16B7B7189576F /* GroupBox.cpp in Sources */,
				79095643400849103AE05EE1 /* ImagePanel.cpp in Sources */,
				6A0E02E915AC251740AD6D9A /* Label.cpp in Sources */,
				4E4436C7075E1BE41D5F25F7 /* ListBox.cpp in Sources */,
				72D03A136D6651CB1C6D3C47 /* MenuStrip.cpp in Sources */,
				446A3B5C1E065E3968FD1AC4 /* Numeric.cpp in Sources */,
				757F0D082500551361D515D0 /* ProgressBar.cpp in Sources */,
				51A45B0912690A4E3E812C74 /* Properties.cpp in Sources */,
				6A3E54E16CAF6BCF71C51115 /* RadioButton.cpp in Sources */,
				30F450EA25B460843F000776 /* ScrollControl.cpp in Sources */,
				02214B217A9A70EF5326228E /* Slider.cpp in Sources */,
				0E264B494E38379801613CF6 /* StatusBar.cpp in Sources */,
				08352C0374164F94776710BB /* TabControl.cpp in Sources */,
				381707210B3556952C0D0988 /* TextBox.cpp in Sources */,
				777E6DBC45B345EB4457458A /* TreeControl.cpp in Sources */,
				6A8F6E9545C00BBD37BD5886 /* UnitTest.cpp in Sources */,
				3FAF06B03BC060883FBA2D37 /* Window.cpp in Sources */,
			);
			runOnlyForDeploymentPostprocessing = 0;
		};
/* End PBXSourcesBuildPhase section */

/* Begin PBXVariantGroup section */
/* End PBXVariantGroup section */

/* Begin XCBuildConfiguration section */
		03E75D9445AC2B3D697448C1 /* Release */ = {
			isa = XCBuildConfiguration;
			buildSettings = {
				ALWAYS_SEARCH_USER_PATHS = NO;
				CONFIGURATION_BUILD_DIR = ../../lib/xcode4;
				GCC_DYNAMIC_NO_PIC = NO;
				GCC_MODEL_TUNING = G5;
				INSTALL_PATH = /usr/local/lib;
				PRODUCT_NAME = "unittest";
			};
			name = "Release";
		};
		2F541C516B2F27477A5A26BE /* Debug */ = {
			isa = XCBuildConfiguration;
			buildSettings = {
				ALWAYS_SEARCH_USER_PATHS = NO;
				CONFIGURATION_BUILD_DIR = ../../lib/xcode4;
				GCC_DYNAMIC_NO_PIC = NO;
				GCC_MODEL_TUNING = G5;
				INSTALL_PATH = /usr/local/lib;
				PRODUCT_NAME = "unittestd";
			};
			name = "Debug";
		};
		68F26A422C1712FC200F1EC2 /* Release */ = {
			isa = XCBuildConfiguration;
			buildSettings = {
				ARCHS = "$(NATIVE_ARCH_ACTUAL)";
				CONFIGURATION_BUILD_DIR = "$(SYMROOT)";
				CONFIGURATION_TEMP_DIR = "$(OBJROOT)";
				COPY_PHASE_STRIP = NO;
				GCC_C_LANGUAGE_STANDARD = gnu99;
				GCC_ENABLE_CPP_RTTI = NO;
				GCC_OPTIMIZATION_LEVEL = s;
				GCC_PREPROCESSOR_DEFINITIONS = (
					"NDEBUG",
				);
				GCC_SYMBOLS_PRIVATE_EXTERN = NO;
				GCC_WARN_ABOUT_RETURN_TYPE = YES;
				GCC_WARN_UNUSED_VARIABLE = YES;
				HEADER_SEARCH_PATHS = (
					"../../include",
				);
				LIBRARY_SEARCH_PATHS = (
					"../../lib",
					"../../lib/xcode4",
				);
				OBJROOT = "obj/Release/UnitTest";
				ONLY_ACTIVE_ARCH = NO;
				OTHER_CFLAGS = (
					"-ffast-math",
				);
				PREBINDING = NO;
				SYMROOT = "../../lib/xcode4";
			};
			name = "Release";
		};
		3DA73DE062CE65E81EDA2573 /* Debug */ = {
			isa = XCBuildConfiguration;
			buildSettings = {
				ARCHS = "$(NATIVE_ARCH_ACTUAL)";
				CONFIGURATION_BUILD_DIR = "$(SYMROOT)";
				CONFIGURATION_TEMP_DIR = "$(OBJROOT)";
				COPY_PHASE_STRIP = NO;
				GCC_C_LANGUAGE_STANDARD = gnu99;
				GCC_ENABLE_CPP_RTTI = NO;
				GCC_OPTIMIZATION_LEVEL = 0;
				GCC_PREPROCESSOR_DEFINITIONS = (
					"_DEBUG",
				);
				GCC_SYMBOLS_PRIVATE_EXTERN = NO;
				GCC_WARN_ABOUT_RETURN_TYPE = YES;
				GCC_WARN_UNUSED_VARIABLE = YES;
				HEADER_SEARCH_PATHS = (
					"../../include",
				);
				LIBRARY_SEARCH_PATHS = (
					"../../lib",
					"../../lib/xcode4",
				);
				OBJROOT = "obj/Debug/UnitTest";
				ONLY_ACTIVE_ARCH = YES;
				PREBINDING = NO;
				SYMROOT = "../../lib/xcode4";
			};
			name = "Debug";
		};
/* End XCBuildConfiguration section */

/* Begin XCConfigurationList section */
		028D582E31C014D75E9A20ED /* Build configuration list for PBXNativeTarget "libunittest.a" */ = {
			isa = XCConfigurationList;
			buildConfigurations = (
				03E75D9445AC2B3D697448C1 /* Release */,
				2F541C516B2F27477A5A26BE /* Debug */,
			);
			defaultConfigurationIsVisible = 0;
			defaultConfigurationName = "Release";
		};
		1DEB928908733DD80010E9CD /* Build configuration list for PBXProject "UnitTest" */ = {
			isa = XCConfigurationList;
			buildConfigurations = (
				68F26A422C1712FC200F1EC2 /* Release */,
				3DA73DE062CE65E81EDA2573 /* Debug */,
			);
			defaultConfigurationIsVisible = 0;
			defaultConfigurationName = "Release";
		};
/* End XCConfigurationList section */

	};
	rootObject = 08FB7793FE84155DC02AAC07 /* Project object */;
}
