// !$*UTF8*$!
{
	archiveVersion = 1;
	classes = {
	};
	objectVersion = 45;
	objects = {

/* Begin PBXBuildFile section */
		736F2CF13B6B257013B63DD3 /* SFML.cpp in Sources */ = {isa = PBXBuildFile; fileRef = 48E42064723A07AA2AB24B07 /* SFML.cpp */; };
		225352022EE03B7037757CB7 /* libGWEN-Renderer-SFML.a in Frameworks */ = {isa = PBXBuildFile; fileRef = 6924034A0976618520533AE9 /* libGWEN-Renderer-SFML.a */; };
		6CB525F420E7066D336931B9 /* libgwen_static.a in Frameworks */ = {isa = PBXBuildFile; fileRef = 6A1C325872901F116A440DF4 /* libgwen_static.a */; };
		2B3D330747C92F0F4ACB7C58 /* libunittest.a in Frameworks */ = {isa = PBXBuildFile; fileRef = 6B9326F43ED37CA048AD531B /* libunittest.a */; };
/* End PBXBuildFile section */

/* Begin PBXContainerItemProxy section */
		1FE66F203C8070245B1B3D00 /* PBXContainerItemProxy */ = {
			isa = PBXContainerItemProxy;
			containerPortal = 02E305F30A6D59F402AE7804 /* Renderer-SFML.xcodeproj */;
			proxyType = 2;
			remoteGlobalIDString = 50373EE268C35FE558D95CE0;
			remoteInfo = "libGWEN-Renderer-SFML.a";
		};
		51A43CA938FB23563FFD29D2 /* PBXContainerItemProxy */ = {
			isa = PBXContainerItemProxy;
			containerPortal = 02E305F30A6D59F402AE7804 /* Renderer-SFML.xcodeproj */;
			proxyType = 1;
			remoteGlobalIDString = 265322D55672651F0DC06253;
			remoteInfo = "libGWEN-Renderer-SFML.a";
		};
		4B6F43D34401265639EB65E2 /* PBXContainerItemProxy */ = {
			isa = PBXContainerItemProxy;
			containerPortal = 65AF12835F01220A3B15766F /* GWEN Static.xcodeproj */;
			proxyType = 2;
			remoteGlobalIDString = 76707CA7495C6E9B20781B05;
			remoteInfo = "libgwen_static.a";
		};
		2A874CEA76FA5E926A206566 /* PBXContainerItemProxy */ = {
			isa = PBXContainerItemProxy;
			containerPortal = 65AF12835F01220A3B15766F /* GWEN Static.xcodeproj */;
			proxyType = 1;
			remoteGlobalIDString = 5C1B23151A2650E619007B16;
			remoteInfo = "libgwen_static.a";
		};
		550546A27861004D3E3D3BC3 /* PBXContainerItemProxy */ = {
			isa = PBXContainerItemProxy;
			containerPortal = 0D2E0510165470BC0C1A7AAE /* UnitTest.xcodeproj */;
			proxyType = 2;
			remoteGlobalIDString = 675566026EEC17CA1B107D8B;
			remoteInfo = "libunittest.a";
		};
		33E0756C7F4851A438722155 /* PBXContainerItemProxy */ = {
			isa = PBXContainerItemProxy;
			containerPortal = 0D2E0510165470BC0C1A7AAE /* UnitTest.xcodeproj */;
			proxyType = 1;
			remoteGlobalIDString = 1F61737C4A050EC964943F5C;
			remoteInfo = "libunittest.a";
		};
/* End PBXContainerItemProxy section */

/* Begin PBXFileReference section */
		48E42064723A07AA2AB24B07 /* SFML.cpp */ = {isa = PBXFileReference; lastKnownFileType = sourcecode.cpp.cpp; name = "SFML.cpp"; path = "SFML.cpp"; sourceTree = "<group>"; };
		37A9159D3C5560E259CE6940 /* SFMLSample.app */ = {isa = PBXFileReference; explicitFileType = wrapper.application; includeInIndex = 0; name = "SFMLSample.app"; path = "SFMLSample.app"; sourceTree = BUILT_PRODUCTS_DIR; };
		02E305F30A6D59F402AE7804 /* Renderer-SFML.xcodeproj */ = {isa = PBXFileReference; lastKnownFileType = "wrapper.pb-project"; name = "Renderer-SFML.xcodeproj"; path = "Renderer-SFML.xcodeproj"; sourceTree = SOURCE_ROOT; };
		65AF12835F01220A3B15766F /* GWEN Static.xcodeproj */ = {isa = PBXFileReference; lastKnownFileType = "wrapper.pb-project"; name = "GWEN Static.xcodeproj"; path = "GWEN Static.xcodeproj"; sourceTree = SOURCE_ROOT; };
		0D2E0510165470BC0C1A7AAE /* UnitTest.xcodeproj */ = {isa = PBXFileReference; lastKnownFileType = "wrapper.pb-project"; name = "UnitTest.xcodeproj"; path = "UnitTest.xcodeproj"; sourceTree = SOURCE_ROOT; };
/* End PBXFileReference section */

/* Begin PBXFrameworksBuildPhase section */
		20F91B68656237925CDB54E6 /* Frameworks */ = {
			isa = PBXFrameworksBuildPhase;
			buildActionMask = 2147483647;
			files = (
				225352022EE03B7037757CB7 /* libGWEN-Renderer-SFML.a in Frameworks */,
				6CB525F420E7066D336931B9 /* libgwen_static.a in Frameworks */,
				2B3D330747C92F0F4ACB7C58 /* libunittest.a in Frameworks */,
			);
			runOnlyForDeploymentPostprocessing = 0;
		};
/* End PBXFrameworksBuildPhase section */

/* Begin PBXGroup section */
		3E7F12AE4DEE593413045A9F /* Sample-SFML */ = {
			isa = PBXGroup;
			children = (
				4CD9627B46592F636D8861BE /* Samples */,
				32E042FE28834B446A4533E4 /* Products */,
				6DD01BA55F894B29441340E7 /* Projects */,
			);
			name = "Sample-SFML";
			sourceTree = "<group>";
		};
		4CD9627B46592F636D8861BE /* Samples */ = {
			isa = PBXGroup;
			children = (
				69DD1127528246376B764393 /* SFML */,
			);
			name = "Samples";
			path = ../../Samples;
			sourceTree = "<group>";
		};
		69DD1127528246376B764393 /* SFML */ = {
			isa = PBXGroup;
			children = (
				48E42064723A07AA2AB24B07 /* SFML.cpp */,
			);
			name = "SFML";
			path = SFML;
			sourceTree = "<group>";
		};
		32E042FE28834B446A4533E4 /* Products */ = {
			isa = PBXGroup;
			children = (
				37A9159D3C5560E259CE6940 /* SFMLSample.app */,
			);
			name = "Products";
			sourceTree = "<group>";
		};
		6DD01BA55F894B29441340E7 /* Projects */ = {
			isa = PBXGroup;
			children = (
				02E305F30A6D59F402AE7804 /* Renderer-SFML.xcodeproj */,
				65AF12835F01220A3B15766F /* GWEN Static.xcodeproj */,
				0D2E0510165470BC0C1A7AAE /* UnitTest.xcodeproj */,
			);
			name = "Projects";
			sourceTree = "<group>";
		};
		00345DAA6626288A52823320 /* Products */ = {
			isa = PBXGroup;
			children = (
				6924034A0976618520533AE9 /* libGWEN-Renderer-SFML.a */,
			);
			name = Products;
			sourceTree = "<group>";
		};
		0EFF1C3121596C1A1BDE406A /* Products */ = {
			isa = PBXGroup;
			children = (
				6A1C325872901F116A440DF4 /* libgwen_static.a */,
			);
			name = Products;
			sourceTree = "<group>";
		};
		679F751E35AD7B480D53048C /* Products */ = {
			isa = PBXGroup;
			children = (
				6B9326F43ED37CA048AD531B /* libunittest.a */,
			);
			name = Products;
			sourceTree = "<group>";
		};
/* End PBXGroup section */

/* Begin PBXNativeTarget section */
		02747DAF1F2A0A210035497F /* Sample-SFML */ = {
			isa = PBXNativeTarget;
			buildConfigurationList = 2D1E0F797B986A1900AA66AC /* Build configuration list for PBXNativeTarget "Sample-SFML" */;
			buildPhases = (
				07B47AE570276ED036BB35B6 /* Resources */,
				0D3B3F3F1DAD0A643BEF512F /* Sources */,
				20F91B68656237925CDB54E6 /* Frameworks */,
			);
			buildRules = (
			);
			dependencies = (
				742B680814663559668D443C /* PBXTargetDependency */,
				2AED40C066C32E391B8C77E2 /* PBXTargetDependency */,
				29F534AC1B7634381CC03C2E /* PBXTargetDependency */,
			);
			name = "Sample-SFML";
			productInstallPath = "$(HOME)/Applications";
			productName = "Sample-SFML";
			productReference = 37A9159D3C5560E259CE6940 /* SFMLSample.app */;
			productType = "com.apple.product-type.application";
		};
/* End PBXNativeTarget section */

/* Begin PBXProject section */
		08FB7793FE84155DC02AAC07 /* Project object */ = {
			isa = PBXProject;
			buildConfigurationList = 1DEB928908733DD80010E9CD /* Build configuration list for PBXProject "Sample-SFML" */;
			compatibilityVersion = "Xcode 3.1";
			hasScannedForEncodings = 1;
			mainGroup = 3E7F12AE4DEE593413045A9F /* Sample-SFML */;
			projectDirPath = "";
			projectReferences = (
				{
					ProductGroup = 00345DAA6626288A52823320 /* Products */;
					ProjectRef = 02E305F30A6D59F402AE7804 /* Renderer-SFML.xcodeproj */;
				},
				{
					ProductGroup = 0EFF1C3121596C1A1BDE406A /* Products */;
					ProjectRef = 65AF12835F01220A3B15766F /* GWEN Static.xcodeproj */;
				},
				{
					ProductGroup = 679F751E35AD7B480D53048C /* Products */;
					ProjectRef = 0D2E0510165470BC0C1A7AAE /* UnitTest.xcodeproj */;
				},
			);
			projectRoot = "";
			targets = (
				02747DAF1F2A0A210035497F /* SFMLSample.app */,
			);
		};
/* End PBXProject section */

/* Begin PBXReferenceProxy section */
		6924034A0976618520533AE9 /* libGWEN-Renderer-SFML.a */ = {
			isa = PBXReferenceProxy;
			fileType = archive.ar;
			path = "../../lib/xcode3/libGWEN-Renderer-SFML.a";
			remoteRef = 1FE66F203C8070245B1B3D00 /* PBXContainerItemProxy */;
			sourceTree = BUILT_PRODUCTS_DIR;
		};
		6A1C325872901F116A440DF4 /* libgwen_static.a */ = {
			isa = PBXReferenceProxy;
			fileType = archive.ar;
			path = "../../lib/xcode3/libgwen_static.a";
			remoteRef = 4B6F43D34401265639EB65E2 /* PBXContainerItemProxy */;
			sourceTree = BUILT_PRODUCTS_DIR;
		};
		6B9326F43ED37CA048AD531B /* libunittest.a */ = {
			isa = PBXReferenceProxy;
			fileType = archive.ar;
			path = "../../lib/xcode3/libunittest.a";
			remoteRef = 550546A27861004D3E3D3BC3 /* PBXContainerItemProxy */;
			sourceTree = BUILT_PRODUCTS_DIR;
		};
/* End PBXReferenceProxy section */

/* Begin PBXResourcesBuildPhase section */
		07B47AE570276ED036BB35B6 /* Resources */ = {
			isa = PBXResourcesBuildPhase;
			buildActionMask = 2147483647;
			files = (
			);
			runOnlyForDeploymentPostprocessing = 0;
		};
/* End PBXResourcesBuildPhase section */

/* Begin PBXSourcesBuildPhase section */
		0D3B3F3F1DAD0A643BEF512F /* Sources */ = {
			isa = PBXSourcesBuildPhase;
			buildActionMask = 2147483647;
			files = (
				736F2CF13B6B257013B63DD3 /* SFML.cpp in Sources */,
			);
			runOnlyForDeploymentPostprocessing = 0;
		};
/* End PBXSourcesBuildPhase section */

/* Begin PBXVariantGroup section */
/* End PBXVariantGroup section */

/* Begin PBXTargetDependency section */
		742B680814663559668D443C /* PBXTargetDependency */ = {
			isa = PBXTargetDependency;
			name = "libGWEN-Renderer-SFML.a";
			targetProxy = 51A43CA938FB23563FFD29D2 /* PBXContainerItemProxy */;
		};
		2AED40C066C32E391B8C77E2 /* PBXTargetDependency */ = {
			isa = PBXTargetDependency;
			name = "libgwen_static.a";
			targetProxy = 2A874CEA76FA5E926A206566 /* PBXContainerItemProxy */;
		};
		29F534AC1B7634381CC03C2E /* PBXTargetDependency */ = {
			isa = PBXTargetDependency;
			name = "libunittest.a";
			targetProxy = 33E0756C7F4851A438722155 /* PBXContainerItemProxy */;
		};
/* End PBXTargetDependency section */

/* Begin XCBuildConfiguration section */
		6AB673A07C4F546D20410028 /* Release */ = {
			isa = XCBuildConfiguration;
			buildSettings = {
				ALWAYS_SEARCH_USER_PATHS = NO;
				CONFIGURATION_BUILD_DIR = ../../bin;
				GCC_DYNAMIC_NO_PIC = NO;
				GCC_MODEL_TUNING = G5;
				INSTALL_PATH = "$(HOME)/Applications";
				PRODUCT_NAME = "SFMLSample";
			};
			name = "Release";
		};
		02AE78C767727DFD52670DF7 /* Debug */ = {
			isa = XCBuildConfiguration;
			buildSettings = {
				ALWAYS_SEARCH_USER_PATHS = NO;
				CONFIGURATION_BUILD_DIR = ../../bin;
				GCC_DYNAMIC_NO_PIC = NO;
				GCC_MODEL_TUNING = G5;
				INSTALL_PATH = "$(HOME)/Applications";
				PRODUCT_NAME = "SFMLSample_D";
			};
			name = "Debug";
		};
		167E70D00B8B793505D97177 /* Release */ = {
			isa = XCBuildConfiguration;
			buildSettings = {
				ARCHS = "$(NATIVE_ARCH_ACTUAL)";
				CONFIGURATION_BUILD_DIR = "$(SYMROOT)";
				CONFIGURATION_TEMP_DIR = "$(OBJROOT)";
				COPY_PHASE_STRIP = NO;
				GCC_C_LANGUAGE_STANDARD = gnu99;
				GCC_OPTIMIZATION_LEVEL = s;
				GCC_PREPROCESSOR_DEFINITIONS = (
					"NDEBUG",
				);
				GCC_SYMBOLS_PRIVATE_EXTERN = NO;
				GCC_WARN_ABOUT_RETURN_TYPE = YES;
				GCC_WARN_UNUSED_VARIABLE = YES;
				HEADER_SEARCH_PATHS = (
					"../../include",
				);
				LIBRARY_SEARCH_PATHS = (
					"../../lib",
					"../../lib/xcode3",
				);
				OBJROOT = "obj/Release/Sample-SFML";
				ONLY_ACTIVE_ARCH = NO;
				OTHER_CFLAGS = (
					"-ffast-math",
				);
				PREBINDING = NO;
				SYMROOT = "../../bin";
			};
			name = "Release";
		};
		6E0E1DE244CA78DB3E7C738B /* Debug */ = {
			isa = XCBuildConfiguration;
			buildSettings = {
				ARCHS = "$(NATIVE_ARCH_ACTUAL)";
				CONFIGURATION_BUILD_DIR = "$(SYMROOT)";
				CONFIGURATION_TEMP_DIR = "$(OBJROOT)";
				COPY_PHASE_STRIP = NO;
				GCC_C_LANGUAGE_STANDARD = gnu99;
				GCC_OPTIMIZATION_LEVEL = 0;
				GCC_PREPROCESSOR_DEFINITIONS = (
					"_DEBUG",
				);
				GCC_SYMBOLS_PRIVATE_EXTERN = NO;
				GCC_WARN_ABOUT_RETURN_TYPE = YES;
				GCC_WARN_UNUSED_VARIABLE = YES;
				HEADER_SEARCH_PATHS = (
					"../../include",
				);
				LIBRARY_SEARCH_PATHS = (
					"../../lib",
					"../../lib/xcode3",
				);
				OBJROOT = "obj/Debug/Sample-SFML";
				ONLY_ACTIVE_ARCH = YES;
				PREBINDING = NO;
				SYMROOT = "../../bin";
			};
			name = "Debug";
		};
/* End XCBuildConfiguration section */

/* Begin XCConfigurationList section */
		2D1E0F797B986A1900AA66AC /* Build configuration list for PBXNativeTarget "SFMLSample.app" */ = {
			isa = XCConfigurationList;
			buildConfigurations = (
				6AB673A07C4F546D20410028 /* Release */,
				02AE78C767727DFD52670DF7 /* Debug */,
			);
			defaultConfigurationIsVisible = 0;
			defaultConfigurationName = "Release";
		};
		1DEB928908733DD80010E9CD /* Build configuration list for PBXProject "Sample-SFML" */ = {
			isa = XCConfigurationList;
			buildConfigurations = (
				167E70D00B8B793505D97177 /* Release */,
				6E0E1DE244CA78DB3E7C738B /* Debug */,
			);
			defaultConfigurationIsVisible = 0;
			defaultConfigurationName = "Release";
		};
/* End XCConfigurationList section */

	};
	rootObject = 08FB7793FE84155DC02AAC07 /* Project object */;
}
