// !$*UTF8*$!
{
	archiveVersion = 1;
	classes = {
	};
	objectVersion = 45;
	objects = {

/* Begin PBXBuildFile section */
		3573526844DA668257BF7DDC /* SFML.cpp in Sources */ = {isa = PBXBuildFile; fileRef = 3E697DC843996CC82E026DF3 /* SFML.cpp */; };
		12D1041F2F1F12D4554B3212 /* libGWEN-Renderer-SFML.a in Frameworks */ = {isa = PBXBuildFile; fileRef = 2BC86C464C286F5C086713C7 /* libGWEN-Renderer-SFML.a */; };
		002A12434C51060936680D2B /* libgwen_static.a in Frameworks */ = {isa = PBXBuildFile; fileRef = 50FC11E122D17F925B4F500C /* libgwen_static.a */; };
		577234C02EF6366278A33846 /* libunittest.a in Frameworks */ = {isa = PBXBuildFile; fileRef = 013065102602076978B41DC3 /* libunittest.a */; };
/* End PBXBuildFile section */

/* Begin PBXContainerItemProxy section */
		1FDD69847BDC4E59740A3E6E /* PBXContainerItemProxy */ = {
			isa = PBXContainerItemProxy;
			containerPortal = 2C22579344D156D95A2A0FE9 /* Renderer-SFML.xcodeproj */;
			proxyType = 2;
			remoteGlobalIDString = 4EF8570944C3393E7485437E;
			remoteInfo = "libGWEN-Renderer-SFML.a";
		};
		340B7F4B59F212BA545E38EC /* PBXContainerItemProxy */ = {
			isa = PBXContainerItemProxy;
			containerPortal = 2C22579344D156D95A2A0FE9 /* Renderer-SFML.xcodeproj */;
			proxyType = 1;
			remoteGlobalIDString = 33586FE96E8A0B9907C87E9B;
			remoteInfo = "libGWEN-Renderer-SFML.a";
		};
		79E669D10F3918FA417B1B9C /* PBXContainerItemProxy */ = {
			isa = PBXContainerItemProxy;
			containerPortal = 286773D948E21B9F060F5639 /* GWEN Static.xcodeproj */;
			proxyType = 2;
			remoteGlobalIDString = 1F61591A4632798F533A7FE8;
			remoteInfo = "libgwen_static.a";
		};
		638155677DA13B2110471755 /* PBXContainerItemProxy */ = {
			isa = PBXContainerItemProxy;
			containerPortal = 286773D948E21B9F060F5639 /* GWEN Static.xcodeproj */;
			proxyType = 1;
			remoteGlobalIDString = 4E0123BA6D3550C0465F2430;
			remoteInfo = "libgwen_static.a";
		};
		5B6A0D531C091E077B5D3058 /* PBXContainerItemProxy */ = {
			isa = PBXContainerItemProxy;
			containerPortal = 0FF076602B0378B422842B5B /* UnitTest.xcodeproj */;
			proxyType = 2;
			remoteGlobalIDString = 306635B41725113330922FCB;
			remoteInfo = "libunittest.a";
		};
		05A1578B212C281C42091977 /* PBXContainerItemProxy */ = {
			isa = PBXContainerItemProxy;
			containerPortal = 0FF076602B0378B422842B5B /* UnitTest.xcodeproj */;
			proxyType = 1;
			remoteGlobalIDString = 484F71A93C9D67A7600872D8;
			remoteInfo = "libunittest.a";
		};
/* End PBXContainerItemProxy section */

/* Begin PBXFileReference section */
		3E697DC843996CC82E026DF3 /* SFML.cpp */ = {isa = PBXFileReference; lastKnownFileType = sourcecode.cpp.cpp; name = "SFML.cpp"; path = "SFML.cpp"; sourceTree = "<group>"; };
		0B7B7C2D121434DA09C9532E /* SFMLSample.app */ = {isa = PBXFileReference; explicitFileType = wrapper.application; includeInIndex = 0; name = "SFMLSample.app"; path = "SFMLSample.app"; sourceTree = BUILT_PRODUCTS_DIR; };
		2C22579344D156D95A2A0FE9 /* Renderer-SFML.xcodeproj */ = {isa = PBXFileReference; lastKnownFileType = "wrapper.pb-project"; name = "Renderer-SFML.xcodeproj"; path = "Renderer-SFML.xcodeproj"; sourceTree = SOURCE_ROOT; };
		286773D948E21B9F060F5639 /* GWEN Static.xcodeproj */ = {isa = PBXFileReference; lastKnownFileType = "wrapper.pb-project"; name = "GWEN Static.xcodeproj"; path = "GWEN Static.xcodeproj"; sourceTree = SOURCE_ROOT; };
		0FF076602B0378B422842B5B /* UnitTest.xcodeproj */ = {isa = PBXFileReference; lastKnownFileType = "wrapper.pb-project"; name = "UnitTest.xcodeproj"; path = "UnitTest.xcodeproj"; sourceTree = SOURCE_ROOT; };
/* End PBXFileReference section */

/* Begin PBXFrameworksBuildPhase section */
		63646C0F1F1F2D2C21FB6896 /* Frameworks */ = {
			isa = PBXFrameworksBuildPhase;
			buildActionMask = 2147483647;
			files = (
				12D1041F2F1F12D4554B3212 /* libGWEN-Renderer-SFML.a in Frameworks */,
				002A12434C51060936680D2B /* libgwen_static.a in Frameworks */,
				577234C02EF6366278A33846 /* libunittest.a in Frameworks */,
			);
			runOnlyForDeploymentPostprocessing = 0;
		};
/* End PBXFrameworksBuildPhase section */

/* Begin PBXGroup section */
		0BAE2D9E5E034D2875ED7372 /* Sample-SFML */ = {
			isa = PBXGroup;
			children = (
				44162481426948A97DB61017 /* Samples */,
				68BC706620B9193D34EC2D21 /* Products */,
				11EB2DBF245C282A53FE2036 /* Projects */,
			);
			name = "Sample-SFML";
			sourceTree = "<group>";
		};
		44162481426948A97DB61017 /* Samples */ = {
			isa = PBXGroup;
			children = (
				698C7BCF37CB7F7D79AD0ABA /* SFML */,
			);
			name = "Samples";
			path = ../../Samples;
			sourceTree = "<group>";
		};
		698C7BCF37CB7F7D79AD0ABA /* SFML */ = {
			isa = PBXGroup;
			children = (
				3E697DC843996CC82E026DF3 /* SFML.cpp */,
			);
			name = "SFML";
			path = SFML;
			sourceTree = "<group>";
		};
		68BC706620B9193D34EC2D21 /* Products */ = {
			isa = PBXGroup;
			children = (
				0B7B7C2D121434DA09C9532E /* SFMLSample.app */,
			);
			name = "Products";
			sourceTree = "<group>";
		};
		11EB2DBF245C282A53FE2036 /* Projects */ = {
			isa = PBXGroup;
			children = (
				2C22579344D156D95A2A0FE9 /* Renderer-SFML.xcodeproj */,
				286773D948E21B9F060F5639 /* GWEN Static.xcodeproj */,
				0FF076602B0378B422842B5B /* UnitTest.xcodeproj */,
			);
			name = "Projects";
			sourceTree = "<group>";
		};
		5B5A75E80CBC21B56F9C53DF /* Products */ = {
			isa = PBXGroup;
			children = (
				2BC86C464C286F5C086713C7 /* libGWEN-Renderer-SFML.a */,
			);
			name = Products;
			sourceTree = "<group>";
		};
		1E356425291E74C465556F89 /* Products */ = {
			isa = PBXGroup;
			children = (
				50FC11E122D17F925B4F500C /* libgwen_static.a */,
			);
			name = Products;
			sourceTree = "<group>";
		};
		03C042937C235E4D78736086 /* Products */ = {
			isa = PBXGroup;
			children = (
				013065102602076978B41DC3 /* libunittest.a */,
			);
			name = Products;
			sourceTree = "<group>";
		};
/* End PBXGroup section */

/* Begin PBXNativeTarget section */
		5E97050179835FA8316D01F8 /* Sample-SFML */ = {
			isa = PBXNativeTarget;
			buildConfigurationList = 7659549A021D2BB237C85B73 /* Build configuration list for PBXNativeTarget "Sample-SFML" */;
			buildPhases = (
				315762EE12935BD6472A00C0 /* Resources */,
				2E796E4E0A863EAA74065A0B /* Sources */,
				63646C0F1F1F2D2C21FB6896 /* Frameworks */,
			);
			buildRules = (
			);
			dependencies = (
				068204EC095C1D755BA155A4 /* PBXTargetDependency */,
				205B55AF03B0122356155249 /* PBXTargetDependency */,
				4F3736C86ED51EE358C914D4 /* PBXTargetDependency */,
			);
			name = "Sample-SFML";
			productInstallPath = "$(HOME)/Applications";
			productName = "Sample-SFML";
			productReference = 0B7B7C2D121434DA09C9532E /* SFMLSample.app */;
			productType = "com.apple.product-type.application";
		};
/* End PBXNativeTarget section */

/* Begin PBXProject section */
		08FB7793FE84155DC02AAC07 /* Project object */ = {
			isa = PBXProject;
			buildConfigurationList = 1DEB928908733DD80010E9CD /* Build configuration list for PBXProject "Sample-SFML" */;
			compatibilityVersion = "Xcode 3.1";
			hasScannedForEncodings = 1;
			mainGroup = 0BAE2D9E5E034D2875ED7372 /* Sample-SFML */;
			projectDirPath = "";
			projectReferences = (
				{
					ProductGroup = 5B5A75E80CBC21B56F9C53DF /* Products */;
					ProjectRef = 2C22579344D156D95A2A0FE9 /* Renderer-SFML.xcodeproj */;
				},
				{
					ProductGroup = 1E356425291E74C465556F89 /* Products */;
					ProjectRef = 286773D948E21B9F060F5639 /* GWEN Static.xcodeproj */;
				},
				{
					ProductGroup = 03C042937C235E4D78736086 /* Products */;
					ProjectRef = 0FF076602B0378B422842B5B /* UnitTest.xcodeproj */;
				},
			);
			projectRoot = "";
			targets = (
				5E97050179835FA8316D01F8 /* SFMLSample.app */,
			);
		};
/* End PBXProject section */

/* Begin PBXReferenceProxy section */
		2BC86C464C286F5C086713C7 /* libGWEN-Renderer-SFML.a */ = {
			isa = PBXReferenceProxy;
			fileType = archive.ar;
			path = "../../lib/xcode4/libGWEN-Renderer-SFML.a";
			remoteRef = 1FDD69847BDC4E59740A3E6E /* PBXContainerItemProxy */;
			sourceTree = BUILT_PRODUCTS_DIR;
		};
		50FC11E122D17F925B4F500C /* libgwen_static.a */ = {
			isa = PBXReferenceProxy;
			fileType = archive.ar;
			path = "../../lib/xcode4/libgwen_static.a";
			remoteRef = 79E669D10F3918FA417B1B9C /* PBXContainerItemProxy */;
			sourceTree = BUILT_PRODUCTS_DIR;
		};
		013065102602076978B41DC3 /* libunittest.a */ = {
			isa = PBXReferenceProxy;
			fileType = archive.ar;
			path = "../../lib/xcode4/libunittest.a";
			remoteRef = 5B6A0D531C091E077B5D3058 /* PBXContainerItemProxy */;
			sourceTree = BUILT_PRODUCTS_DIR;
		};
/* End PBXReferenceProxy section */

/* Begin PBXResourcesBuildPhase section */
		315762EE12935BD6472A00C0 /* Resources */ = {
			isa = PBXResourcesBuildPhase;
			buildActionMask = 2147483647;
			files = (
			);
			runOnlyForDeploymentPostprocessing = 0;
		};
/* End PBXResourcesBuildPhase section */

/* Begin PBXSourcesBuildPhase section */
		2E796E4E0A863EAA74065A0B /* Sources */ = {
			isa = PBXSourcesBuildPhase;
			buildActionMask = 2147483647;
			files = (
				3573526844DA668257BF7DDC /* SFML.cpp in Sources */,
			);
			runOnlyForDeploymentPostprocessing = 0;
		};
/* End PBXSourcesBuildPhase section */

/* Begin PBXVariantGroup section */
/* End PBXVariantGroup section */

/* Begin PBXTargetDependency section */
		068204EC095C1D755BA155A4 /* PBXTargetDependency */ = {
			isa = PBXTargetDependency;
			name = "libGWEN-Renderer-SFML.a";
			targetProxy = 340B7F4B59F212BA545E38EC /* PBXContainerItemProxy */;
		};
		205B55AF03B0122356155249 /* PBXTargetDependency */ = {
			isa = PBXTargetDependency;
			name = "libgwen_static.a";
			targetProxy = 638155677DA13B2110471755 /* PBXContainerItemProxy */;
		};
		4F3736C86ED51EE358C914D4 /* PBXTargetDependency */ = {
			isa = PBXTargetDependency;
			name = "libunittest.a";
			targetProxy = 05A1578B212C281C42091977 /* PBXContainerItemProxy */;
		};
/* End PBXTargetDependency section */

/* Begin XCBuildConfiguration section */
		1FC43EA2752A131C43D76461 /* Release */ = {
			isa = XCBuildConfiguration;
			buildSettings = {
				ALWAYS_SEARCH_USER_PATHS = NO;
				CONFIGURATION_BUILD_DIR = ../../bin;
				GCC_DYNAMIC_NO_PIC = NO;
				GCC_MODEL_TUNING = G5;
				INSTALL_PATH = "$(HOME)/Applications";
				PRODUCT_NAME = "SFMLSample";
			};
			name = "Release";
		};
		781F7F14330748A80F880F0D /* Debug */ = {
			isa = XCBuildConfiguration;
			buildSettings = {
				ALWAYS_SEARCH_USER_PATHS = NO;
				CONFIGURATION_BUILD_DIR = ../../bin;
				GCC_DYNAMIC_NO_PIC = NO;
				GCC_MODEL_TUNING = G5;
				INSTALL_PATH = "$(HOME)/Applications";
				PRODUCT_NAME = "SFMLSample_D";
			};
			name = "Debug";
		};
		33431B0B74994AAD1FEC5AAD /* Release */ = {
			isa = XCBuildConfiguration;
			buildSettings = {
				ARCHS = "$(NATIVE_ARCH_ACTUAL)";
				CONFIGURATION_BUILD_DIR = "$(SYMROOT)";
				CONFIGURATION_TEMP_DIR = "$(OBJROOT)";
				COPY_PHASE_STRIP = NO;
				GCC_C_LANGUAGE_STANDARD = gnu99;
				GCC_ENABLE_CPP_RTTI = NO;
				GCC_OPTIMIZATION_LEVEL = s;
				GCC_PREPROCESSOR_DEFINITIONS = (
					"NDEBUG",
				);
				GCC_SYMBOLS_PRIVATE_EXTERN = NO;
				GCC_WARN_ABOUT_RETURN_TYPE = YES;
				GCC_WARN_UNUSED_VARIABLE = YES;
				HEADER_SEARCH_PATHS = (
					"../../include",
				);
				LIBRARY_SEARCH_PATHS = (
					"../../lib",
					"../../lib/xcode4",
				);
				OBJROOT = "obj/Release/Sample-SFML";
				ONLY_ACTIVE_ARCH = NO;
				OTHER_CFLAGS = (
					"-ffast-math",
				);
				OTHER_LDFLAGS = (
					"-lsfml-main",
					"-lsfml-window-s",
					"-lsfml-graphics-s",
					"-lsfml-system-s",
				);
				PREBINDING = NO;
				SYMROOT = "../../bin";
			};
			name = "Release";
		};
		11C24CC33D8D043929CA3E4B /* Debug */ = {
			isa = XCBuildConfiguration;
			buildSettings = {
				ARCHS = "$(NATIVE_ARCH_ACTUAL)";
				CONFIGURATION_BUILD_DIR = "$(SYMROOT)";
				CONFIGURATION_TEMP_DIR = "$(OBJROOT)";
				COPY_PHASE_STRIP = NO;
				GCC_C_LANGUAGE_STANDARD = gnu99;
				GCC_ENABLE_CPP_RTTI = NO;
				GCC_OPTIMIZATION_LEVEL = 0;
				GCC_PREPROCESSOR_DEFINITIONS = (
					"_DEBUG",
				);
				GCC_SYMBOLS_PRIVATE_EXTERN = NO;
				GCC_WARN_ABOUT_RETURN_TYPE = YES;
				GCC_WARN_UNUSED_VARIABLE = YES;
				HEADER_SEARCH_PATHS = (
					"../../include",
				);
				LIBRARY_SEARCH_PATHS = (
					"../../lib",
					"../../lib/xcode4",
				);
				OBJROOT = "obj/Debug/Sample-SFML";
				ONLY_ACTIVE_ARCH = YES;
				OTHER_LDFLAGS = (
					"-lsfml-main-d",
					"-lsfml-window-s-d",
					"-lsfml-graphics-s-d",
					"-lsfml-system-s-d",
				);
				PREBINDING = NO;
				SYMROOT = "../../bin";
			};
			name = "Debug";
		};
/* End XCBuildConfiguration section */

/* Begin XCConfigurationList section */
		7659549A021D2BB237C85B73 /* Build configuration list for PBXNativeTarget "SFMLSample.app" */ = {
			isa = XCConfigurationList;
			buildConfigurations = (
				1FC43EA2752A131C43D76461 /* Release */,
				781F7F14330748A80F880F0D /* Debug */,
			);
			defaultConfigurationIsVisible = 0;
			defaultConfigurationName = "Release";
		};
		1DEB928908733DD80010E9CD /* Build configuration list for PBXProject "Sample-SFML" */ = {
			isa = XCConfigurationList;
			buildConfigurations = (
				33431B0B74994AAD1FEC5AAD /* Release */,
				11C24CC33D8D043929CA3E4B /* Debug */,
			);
			defaultConfigurationIsVisible = 0;
			defaultConfigurationName = "Release";
		};
/* End XCConfigurationList section */

	};
	rootObject = 08FB7793FE84155DC02AAC07 /* Project object */;
}
